
Microsoft Visual Studio Solution File, Format Version 12.00
# Visual Studio 15
VisualStudioVersion = 15.0.28307.329
MinimumVisualStudioVersion = 10.0.40219.1
Project("{8BC9CEB8-8B4A-11D0-8D11-00A0C91BC942}") = "DeviceTest", "DeviceTest\DeviceTest.vcxproj", "{E25B30EF-B5D5-4291-88C7-AD97D811DD7F}"
	ProjectSection(ProjectDependencies) = postProject
		{4D10CAF1-DDEB-4D8D-8E7A-3947B1F836F5} = {4D10CAF1-DDEB-4D8D-8E7A-3947B1F836F5}
		{CA28EBFA-5E65-4458-AD84-6C60FAD9C80E} = {CA28EBFA-5E65-4458-AD84-6C60FAD9C80E}
	EndProjectSection
EndProject
Project("{8BC9CEB8-8B4A-11D0-8D11-00A0C91BC942}") = "OTrPTamBrokerLib", "TamLib\TamLib.vcxproj", "{E90DE5A7-4AE1-4CBA-9136-0DA7FD85DCDF}"
EndProject
Project("{8BC9CEB8-8B4A-11D0-8D11-00A0C91BC942}") = "OTrPAgentTA", "DeviceTA\DeviceTA.vcxproj", "{7CFC3AC5-A1CE-4D38-900A-453B64462033}"
	ProjectSection(ProjectDependencies) = postProject
		{0BA01906-2DAE-48E9-8044-4A631267B4BA} = {0BA01906-2DAE-48E9-8044-4A631267B4BA}
		{C922651A-4EDA-4E91-B783-AD8DA5924DF3} = {C922651A-4EDA-4E91-B783-AD8DA5924DF3}
		{DA064898-E24B-44B9-8297-B5BE1089779F} = {DA064898-E24B-44B9-8297-B5BE1089779F}
		{A4FDD39F-06AC-4F96-8AD7-65364532692F} = {A4FDD39F-06AC-4F96-8AD7-65364532692F}
	EndProjectSection
EndProject
Project("{8BC9CEB8-8B4A-11D0-8D11-00A0C91BC942}") = "TamTest", "TamTest\TamTest.vcxproj", "{CC5242FE-D212-4665-85B5-2D2D518F846D}"
	ProjectSection(ProjectDependencies) = postProject
		{E90DE5A7-4AE1-4CBA-9136-0DA7FD85DCDF} = {E90DE5A7-4AE1-4CBA-9136-0DA7FD85DCDF}
		{4D10CAF1-DDEB-4D8D-8E7A-3947B1F836F5} = {4D10CAF1-DDEB-4D8D-8E7A-3947B1F836F5}
	EndProjectSection
EndProject
Project("{8BC9CEB8-8B4A-11D0-8D11-00A0C91BC942}") = "OTrPAgentBrokerLib", "DeviceLib\OTrPDeviceLib.vcxproj", "{CA28EBFA-5E65-4458-AD84-6C60FAD9C80E}"
EndProject
Project("{8BC9CEB8-8B4A-11D0-8D11-00A0C91BC942}") = "OTrPTamTA", "TamTA\OTrPTamTA.vcxproj", "{36FD17E5-97A9-4DA2-8352-A7507290037E}"
	ProjectSection(ProjectDependencies) = postProject
		{0BA01906-2DAE-48E9-8044-4A631267B4BA} = {0BA01906-2DAE-48E9-8044-4A631267B4BA}
		{C922651A-4EDA-4E91-B783-AD8DA5924DF3} = {C922651A-4EDA-4E91-B783-AD8DA5924DF3}
		{DA064898-E24B-44B9-8297-B5BE1089779F} = {DA064898-E24B-44B9-8297-B5BE1089779F}
		{A4FDD39F-06AC-4F96-8AD7-65364532692F} = {A4FDD39F-06AC-4F96-8AD7-65364532692F}
	EndProjectSection
EndProject
Project("{8BC9CEB8-8B4A-11D0-8D11-00A0C91BC942}") = "jansson", "jansson\jansson.vcxproj", "{0BA01906-2DAE-48E9-8044-4A631267B4BA}"
EndProject
Project("{8BC9CEB8-8B4A-11D0-8D11-00A0C91BC942}") = "jose", "jose\jose.vcxproj", "{DA064898-E24B-44B9-8297-B5BE1089779F}"
	ProjectSection(ProjectDependencies) = postProject
		{275FAC8B-B49C-4C91-B708-5ABFB9E24215} = {275FAC8B-B49C-4C91-B708-5ABFB9E24215}
	EndProjectSection
EndProject
Project("{8BC9CEB8-8B4A-11D0-8D11-00A0C91BC942}") = "LibEay32", "libeay32\LibEay32_t.vcxproj", "{275FAC8B-B49C-4C91-B708-5ABFB9E24215}"
EndProject
Project("{8BC9CEB8-8B4A-11D0-8D11-00A0C91BC942}") = "UntrustedTimeTALib", "UntrustedTime\enc\UntrustedTimeTALib.vcxproj", "{A4FDD39F-06AC-4F96-8AD7-65364532692F}"
EndProject
Project("{8BC9CEB8-8B4A-11D0-8D11-00A0C91BC942}") = "jose_openssl", "jose_openssl\jose_openssl.vcxproj", "{2A4E62EE-C5BB-4B0D-9798-3D76F2E4481B}"
EndProject
Project("{8BC9CEB8-8B4A-11D0-8D11-00A0C91BC942}") = "UntrustedTimeLib", "UntrustedTime\host\UntrustedTimeLib.vcxproj", "{4D10CAF1-DDEB-4D8D-8E7A-3947B1F836F5}"
EndProject
Project("{8BC9CEB8-8B4A-11D0-8D11-00A0C91BC942}") = "OTrPCommonTALib", "OTrPTALib\OTrPTALib.vcxproj", "{C922651A-4EDA-4E91-B783-AD8DA5924DF3}"
EndProject
Project("{2150E333-8FDC-42A3-9474-1A3956D46DE8}") = "UntrustedTime", "UntrustedTime", "{781D37C2-932A-4D1B-BA0B-E7F5A9B390CA}"
EndProject
Project("{2150E333-8FDC-42A3-9474-1A3956D46DE8}") = "OTrP", "OTrP", "{4FEAE9F3-57BD-40A5-9916-1413D4329250}"
EndProject
Project("{2150E333-8FDC-42A3-9474-1A3956D46DE8}") = "Sample", "Sample", "{9AB9A967-99F0-450E-A270-E0622C6C9027}"
EndProject
Project("{2150E333-8FDC-42A3-9474-1A3956D46DE8}") = "External", "External", "{164BB17A-D879-4FFC-A1E8-A1546E09FB61}"
EndProject
Global
	GlobalSection(SolutionConfigurationPlatforms) = preSolution
		Debug|ARM = Debug|ARM
		Debug|x64 = Debug|x64
		Debug|x86 = Debug|x86
		DebugMockOptee|ARM = DebugMockOptee|ARM
		DebugMockOptee|x64 = DebugMockOptee|x64
		DebugMockOptee|x86 = DebugMockOptee|x86
		Prerelease|ARM = Prerelease|ARM
		Prerelease|x64 = Prerelease|x64
		Prerelease|x86 = Prerelease|x86
		Release|ARM = Release|ARM
		Release|x64 = Release|x64
		Release|x86 = Release|x86
		Simulation|ARM = Simulation|ARM
		Simulation|x64 = Simulation|x64
		Simulation|x86 = Simulation|x86
	EndGlobalSection
	GlobalSection(ProjectConfigurationPlatforms) = postSolution
		{E25B30EF-B5D5-4291-88C7-AD97D811DD7F}.Debug|ARM.ActiveCfg = Debug|Win32
		{E25B30EF-B5D5-4291-88C7-AD97D811DD7F}.Debug|x64.ActiveCfg = Debug|x64
		{E25B30EF-B5D5-4291-88C7-AD97D811DD7F}.Debug|x64.Build.0 = Debug|x64
		{E25B30EF-B5D5-4291-88C7-AD97D811DD7F}.Debug|x86.ActiveCfg = Debug|Win32
		{E25B30EF-B5D5-4291-88C7-AD97D811DD7F}.Debug|x86.Build.0 = Debug|Win32
		{E25B30EF-B5D5-4291-88C7-AD97D811DD7F}.DebugMockOptee|ARM.ActiveCfg = Release|Win32
		{E25B30EF-B5D5-4291-88C7-AD97D811DD7F}.DebugMockOptee|ARM.Build.0 = Release|Win32
		{E25B30EF-B5D5-4291-88C7-AD97D811DD7F}.DebugMockOptee|x64.ActiveCfg = Debug|x64
		{E25B30EF-B5D5-4291-88C7-AD97D811DD7F}.DebugMockOptee|x64.Build.0 = Debug|x64
		{E25B30EF-B5D5-4291-88C7-AD97D811DD7F}.DebugMockOptee|x86.ActiveCfg = Debug|Win32
		{E25B30EF-B5D5-4291-88C7-AD97D811DD7F}.DebugMockOptee|x86.Build.0 = Debug|Win32
		{E25B30EF-B5D5-4291-88C7-AD97D811DD7F}.Prerelease|ARM.ActiveCfg = Release|Win32
		{E25B30EF-B5D5-4291-88C7-AD97D811DD7F}.Prerelease|ARM.Build.0 = Release|Win32
		{E25B30EF-B5D5-4291-88C7-AD97D811DD7F}.Prerelease|x64.ActiveCfg = Release|x64
		{E25B30EF-B5D5-4291-88C7-AD97D811DD7F}.Prerelease|x64.Build.0 = Release|x64
		{E25B30EF-B5D5-4291-88C7-AD97D811DD7F}.Prerelease|x86.ActiveCfg = Release|Win32
		{E25B30EF-B5D5-4291-88C7-AD97D811DD7F}.Prerelease|x86.Build.0 = Release|Win32
		{E25B30EF-B5D5-4291-88C7-AD97D811DD7F}.Release|ARM.ActiveCfg = Release|Win32
		{E25B30EF-B5D5-4291-88C7-AD97D811DD7F}.Release|x64.ActiveCfg = Release|x64
		{E25B30EF-B5D5-4291-88C7-AD97D811DD7F}.Release|x64.Build.0 = Release|x64
		{E25B30EF-B5D5-4291-88C7-AD97D811DD7F}.Release|x86.ActiveCfg = Release|Win32
		{E25B30EF-B5D5-4291-88C7-AD97D811DD7F}.Release|x86.Build.0 = Release|Win32
		{E25B30EF-B5D5-4291-88C7-AD97D811DD7F}.Simulation|ARM.ActiveCfg = Release|Win32
		{E25B30EF-B5D5-4291-88C7-AD97D811DD7F}.Simulation|ARM.Build.0 = Release|Win32
		{E25B30EF-B5D5-4291-88C7-AD97D811DD7F}.Simulation|x64.ActiveCfg = Release|x64
		{E25B30EF-B5D5-4291-88C7-AD97D811DD7F}.Simulation|x64.Build.0 = Release|x64
		{E25B30EF-B5D5-4291-88C7-AD97D811DD7F}.Simulation|x86.ActiveCfg = Release|Win32
		{E25B30EF-B5D5-4291-88C7-AD97D811DD7F}.Simulation|x86.Build.0 = Release|Win32
		{E90DE5A7-4AE1-4CBA-9136-0DA7FD85DCDF}.Debug|ARM.ActiveCfg = Debug|Win32
		{E90DE5A7-4AE1-4CBA-9136-0DA7FD85DCDF}.Debug|x64.ActiveCfg = Debug|x64
		{E90DE5A7-4AE1-4CBA-9136-0DA7FD85DCDF}.Debug|x64.Build.0 = Debug|x64
		{E90DE5A7-4AE1-4CBA-9136-0DA7FD85DCDF}.Debug|x86.ActiveCfg = Debug|Win32
		{E90DE5A7-4AE1-4CBA-9136-0DA7FD85DCDF}.Debug|x86.Build.0 = Debug|Win32
		{E90DE5A7-4AE1-4CBA-9136-0DA7FD85DCDF}.DebugMockOptee|ARM.ActiveCfg = Prerelease|Win32
		{E90DE5A7-4AE1-4CBA-9136-0DA7FD85DCDF}.DebugMockOptee|ARM.Build.0 = Prerelease|Win32
		{E90DE5A7-4AE1-4CBA-9136-0DA7FD85DCDF}.DebugMockOptee|x64.ActiveCfg = Debug|x64
		{E90DE5A7-4AE1-4CBA-9136-0DA7FD85DCDF}.DebugMockOptee|x64.Build.0 = Debug|x64
		{E90DE5A7-4AE1-4CBA-9136-0DA7FD85DCDF}.DebugMockOptee|x86.ActiveCfg = Debug|Win32
		{E90DE5A7-4AE1-4CBA-9136-0DA7FD85DCDF}.DebugMockOptee|x86.Build.0 = Debug|Win32
		{E90DE5A7-4AE1-4CBA-9136-0DA7FD85DCDF}.Prerelease|ARM.ActiveCfg = Prerelease|Win32
		{E90DE5A7-4AE1-4CBA-9136-0DA7FD85DCDF}.Prerelease|x64.ActiveCfg = Release|x64
		{E90DE5A7-4AE1-4CBA-9136-0DA7FD85DCDF}.Prerelease|x64.Build.0 = Release|x64
		{E90DE5A7-4AE1-4CBA-9136-0DA7FD85DCDF}.Prerelease|x86.ActiveCfg = Release|Win32
		{E90DE5A7-4AE1-4CBA-9136-0DA7FD85DCDF}.Prerelease|x86.Build.0 = Release|Win32
		{E90DE5A7-4AE1-4CBA-9136-0DA7FD85DCDF}.Release|ARM.ActiveCfg = Release|Win32
		{E90DE5A7-4AE1-4CBA-9136-0DA7FD85DCDF}.Release|x64.ActiveCfg = Release|x64
		{E90DE5A7-4AE1-4CBA-9136-0DA7FD85DCDF}.Release|x64.Build.0 = Release|x64
		{E90DE5A7-4AE1-4CBA-9136-0DA7FD85DCDF}.Release|x86.ActiveCfg = Release|Win32
		{E90DE5A7-4AE1-4CBA-9136-0DA7FD85DCDF}.Release|x86.Build.0 = Release|Win32
		{E90DE5A7-4AE1-4CBA-9136-0DA7FD85DCDF}.Simulation|ARM.ActiveCfg = Simulation|Win32
		{E90DE5A7-4AE1-4CBA-9136-0DA7FD85DCDF}.Simulation|x64.ActiveCfg = Release|x64
		{E90DE5A7-4AE1-4CBA-9136-0DA7FD85DCDF}.Simulation|x64.Build.0 = Release|x64
		{E90DE5A7-4AE1-4CBA-9136-0DA7FD85DCDF}.Simulation|x86.ActiveCfg = Release|Win32
		{E90DE5A7-4AE1-4CBA-9136-0DA7FD85DCDF}.Simulation|x86.Build.0 = Release|Win32
		{7CFC3AC5-A1CE-4D38-900A-453B64462033}.Debug|ARM.ActiveCfg = Debug|Win32
		{7CFC3AC5-A1CE-4D38-900A-453B64462033}.Debug|x64.ActiveCfg = Debug|x64
		{7CFC3AC5-A1CE-4D38-900A-453B64462033}.Debug|x64.Build.0 = Debug|x64
		{7CFC3AC5-A1CE-4D38-900A-453B64462033}.Debug|x86.ActiveCfg = Debug|Win32
		{7CFC3AC5-A1CE-4D38-900A-453B64462033}.Debug|x86.Build.0 = Debug|Win32
		{7CFC3AC5-A1CE-4D38-900A-453B64462033}.DebugMockOptee|ARM.ActiveCfg = Simulation|Win32
		{7CFC3AC5-A1CE-4D38-900A-453B64462033}.DebugMockOptee|ARM.Build.0 = Simulation|Win32
		{7CFC3AC5-A1CE-4D38-900A-453B64462033}.DebugMockOptee|x64.ActiveCfg = Debug|x64
		{7CFC3AC5-A1CE-4D38-900A-453B64462033}.DebugMockOptee|x64.Build.0 = Debug|x64
		{7CFC3AC5-A1CE-4D38-900A-453B64462033}.DebugMockOptee|x86.ActiveCfg = Debug|Win32
		{7CFC3AC5-A1CE-4D38-900A-453B64462033}.DebugMockOptee|x86.Build.0 = Debug|Win32
		{7CFC3AC5-A1CE-4D38-900A-453B64462033}.Prerelease|ARM.ActiveCfg = Prerelease|Win32
		{7CFC3AC5-A1CE-4D38-900A-453B64462033}.Prerelease|x64.ActiveCfg = Prerelease|x64
		{7CFC3AC5-A1CE-4D38-900A-453B64462033}.Prerelease|x64.Build.0 = Prerelease|x64
		{7CFC3AC5-A1CE-4D38-900A-453B64462033}.Prerelease|x86.ActiveCfg = Prerelease|Win32
		{7CFC3AC5-A1CE-4D38-900A-453B64462033}.Prerelease|x86.Build.0 = Prerelease|Win32
		{7CFC3AC5-A1CE-4D38-900A-453B64462033}.Release|ARM.ActiveCfg = Release|Win32
		{7CFC3AC5-A1CE-4D38-900A-453B64462033}.Release|x64.ActiveCfg = Release|x64
		{7CFC3AC5-A1CE-4D38-900A-453B64462033}.Release|x64.Build.0 = Release|x64
		{7CFC3AC5-A1CE-4D38-900A-453B64462033}.Release|x86.ActiveCfg = Release|Win32
		{7CFC3AC5-A1CE-4D38-900A-453B64462033}.Release|x86.Build.0 = Release|Win32
		{7CFC3AC5-A1CE-4D38-900A-453B64462033}.Simulation|ARM.ActiveCfg = Simulation|Win32
		{7CFC3AC5-A1CE-4D38-900A-453B64462033}.Simulation|x64.ActiveCfg = Simulation|x64
		{7CFC3AC5-A1CE-4D38-900A-453B64462033}.Simulation|x64.Build.0 = Simulation|x64
		{7CFC3AC5-A1CE-4D38-900A-453B64462033}.Simulation|x86.ActiveCfg = Simulation|Win32
		{7CFC3AC5-A1CE-4D38-900A-453B64462033}.Simulation|x86.Build.0 = Simulation|Win32
		{CC5242FE-D212-4665-85B5-2D2D518F846D}.Debug|ARM.ActiveCfg = Debug|Win32
		{CC5242FE-D212-4665-85B5-2D2D518F846D}.Debug|x64.ActiveCfg = Debug|x64
		{CC5242FE-D212-4665-85B5-2D2D518F846D}.Debug|x64.Build.0 = Debug|x64
		{CC5242FE-D212-4665-85B5-2D2D518F846D}.Debug|x86.ActiveCfg = Debug|Win32
		{CC5242FE-D212-4665-85B5-2D2D518F846D}.Debug|x86.Build.0 = Debug|Win32
		{CC5242FE-D212-4665-85B5-2D2D518F846D}.DebugMockOptee|ARM.ActiveCfg = Release|Win32
		{CC5242FE-D212-4665-85B5-2D2D518F846D}.DebugMockOptee|ARM.Build.0 = Release|Win32
		{CC5242FE-D212-4665-85B5-2D2D518F846D}.DebugMockOptee|x64.ActiveCfg = Debug|x64
		{CC5242FE-D212-4665-85B5-2D2D518F846D}.DebugMockOptee|x64.Build.0 = Debug|x64
		{CC5242FE-D212-4665-85B5-2D2D518F846D}.DebugMockOptee|x86.ActiveCfg = Debug|Win32
		{CC5242FE-D212-4665-85B5-2D2D518F846D}.DebugMockOptee|x86.Build.0 = Debug|Win32
		{CC5242FE-D212-4665-85B5-2D2D518F846D}.Prerelease|ARM.ActiveCfg = Release|Win32
		{CC5242FE-D212-4665-85B5-2D2D518F846D}.Prerelease|ARM.Build.0 = Release|Win32
		{CC5242FE-D212-4665-85B5-2D2D518F846D}.Prerelease|x64.ActiveCfg = Release|x64
		{CC5242FE-D212-4665-85B5-2D2D518F846D}.Prerelease|x64.Build.0 = Release|x64
		{CC5242FE-D212-4665-85B5-2D2D518F846D}.Prerelease|x86.ActiveCfg = Release|Win32
		{CC5242FE-D212-4665-85B5-2D2D518F846D}.Prerelease|x86.Build.0 = Release|Win32
		{CC5242FE-D212-4665-85B5-2D2D518F846D}.Release|ARM.ActiveCfg = Release|Win32
		{CC5242FE-D212-4665-85B5-2D2D518F846D}.Release|x64.ActiveCfg = Release|x64
		{CC5242FE-D212-4665-85B5-2D2D518F846D}.Release|x64.Build.0 = Release|x64
		{CC5242FE-D212-4665-85B5-2D2D518F846D}.Release|x86.ActiveCfg = Release|Win32
		{CC5242FE-D212-4665-85B5-2D2D518F846D}.Release|x86.Build.0 = Release|Win32
		{CC5242FE-D212-4665-85B5-2D2D518F846D}.Simulation|ARM.ActiveCfg = Release|Win32
		{CC5242FE-D212-4665-85B5-2D2D518F846D}.Simulation|ARM.Build.0 = Release|Win32
		{CC5242FE-D212-4665-85B5-2D2D518F846D}.Simulation|x64.ActiveCfg = Release|x64
		{CC5242FE-D212-4665-85B5-2D2D518F846D}.Simulation|x64.Build.0 = Release|x64
		{CC5242FE-D212-4665-85B5-2D2D518F846D}.Simulation|x86.ActiveCfg = Release|Win32
		{CC5242FE-D212-4665-85B5-2D2D518F846D}.Simulation|x86.Build.0 = Release|Win32
		{CA28EBFA-5E65-4458-AD84-6C60FAD9C80E}.Debug|ARM.ActiveCfg = Debug|Win32
		{CA28EBFA-5E65-4458-AD84-6C60FAD9C80E}.Debug|x64.ActiveCfg = Debug|x64
		{CA28EBFA-5E65-4458-AD84-6C60FAD9C80E}.Debug|x64.Build.0 = Debug|x64
		{CA28EBFA-5E65-4458-AD84-6C60FAD9C80E}.Debug|x86.ActiveCfg = Debug|Win32
		{CA28EBFA-5E65-4458-AD84-6C60FAD9C80E}.Debug|x86.Build.0 = Debug|Win32
		{CA28EBFA-5E65-4458-AD84-6C60FAD9C80E}.DebugMockOptee|ARM.ActiveCfg = Simulation|Win32
		{CA28EBFA-5E65-4458-AD84-6C60FAD9C80E}.DebugMockOptee|ARM.Build.0 = Simulation|Win32
		{CA28EBFA-5E65-4458-AD84-6C60FAD9C80E}.DebugMockOptee|x64.ActiveCfg = Debug|x64
		{CA28EBFA-5E65-4458-AD84-6C60FAD9C80E}.DebugMockOptee|x64.Build.0 = Debug|x64
		{CA28EBFA-5E65-4458-AD84-6C60FAD9C80E}.DebugMockOptee|x86.ActiveCfg = Debug|Win32
		{CA28EBFA-5E65-4458-AD84-6C60FAD9C80E}.DebugMockOptee|x86.Build.0 = Debug|Win32
		{CA28EBFA-5E65-4458-AD84-6C60FAD9C80E}.Prerelease|ARM.ActiveCfg = Prerelease|Win32
		{CA28EBFA-5E65-4458-AD84-6C60FAD9C80E}.Prerelease|x64.ActiveCfg = Prerelease|x64
		{CA28EBFA-5E65-4458-AD84-6C60FAD9C80E}.Prerelease|x64.Build.0 = Prerelease|x64
		{CA28EBFA-5E65-4458-AD84-6C60FAD9C80E}.Prerelease|x86.ActiveCfg = Prerelease|Win32
		{CA28EBFA-5E65-4458-AD84-6C60FAD9C80E}.Prerelease|x86.Build.0 = Prerelease|Win32
		{CA28EBFA-5E65-4458-AD84-6C60FAD9C80E}.Release|ARM.ActiveCfg = Release|Win32
		{CA28EBFA-5E65-4458-AD84-6C60FAD9C80E}.Release|x64.ActiveCfg = Release|x64
		{CA28EBFA-5E65-4458-AD84-6C60FAD9C80E}.Release|x64.Build.0 = Release|x64
		{CA28EBFA-5E65-4458-AD84-6C60FAD9C80E}.Release|x86.ActiveCfg = Release|Win32
		{CA28EBFA-5E65-4458-AD84-6C60FAD9C80E}.Release|x86.Build.0 = Release|Win32
		{CA28EBFA-5E65-4458-AD84-6C60FAD9C80E}.Simulation|ARM.ActiveCfg = Simulation|Win32
		{CA28EBFA-5E65-4458-AD84-6C60FAD9C80E}.Simulation|x64.ActiveCfg = Simulation|x64
		{CA28EBFA-5E65-4458-AD84-6C60FAD9C80E}.Simulation|x64.Build.0 = Simulation|x64
		{CA28EBFA-5E65-4458-AD84-6C60FAD9C80E}.Simulation|x86.ActiveCfg = Simulation|Win32
		{CA28EBFA-5E65-4458-AD84-6C60FAD9C80E}.Simulation|x86.Build.0 = Simulation|Win32
		{36FD17E5-97A9-4DA2-8352-A7507290037E}.Debug|ARM.ActiveCfg = Debug|Win32
		{36FD17E5-97A9-4DA2-8352-A7507290037E}.Debug|x64.ActiveCfg = Debug|x64
		{36FD17E5-97A9-4DA2-8352-A7507290037E}.Debug|x64.Build.0 = Debug|x64
		{36FD17E5-97A9-4DA2-8352-A7507290037E}.Debug|x86.ActiveCfg = Debug|Win32
		{36FD17E5-97A9-4DA2-8352-A7507290037E}.Debug|x86.Build.0 = Debug|Win32
		{36FD17E5-97A9-4DA2-8352-A7507290037E}.DebugMockOptee|ARM.ActiveCfg = Simulation|Win32
		{36FD17E5-97A9-4DA2-8352-A7507290037E}.DebugMockOptee|ARM.Build.0 = Simulation|Win32
		{36FD17E5-97A9-4DA2-8352-A7507290037E}.DebugMockOptee|x64.ActiveCfg = Debug|x64
		{36FD17E5-97A9-4DA2-8352-A7507290037E}.DebugMockOptee|x64.Build.0 = Debug|x64
		{36FD17E5-97A9-4DA2-8352-A7507290037E}.DebugMockOptee|x86.ActiveCfg = Debug|Win32
		{36FD17E5-97A9-4DA2-8352-A7507290037E}.DebugMockOptee|x86.Build.0 = Debug|Win32
		{36FD17E5-97A9-4DA2-8352-A7507290037E}.Prerelease|ARM.ActiveCfg = Prerelease|Win32
		{36FD17E5-97A9-4DA2-8352-A7507290037E}.Prerelease|x64.ActiveCfg = Prerelease|x64
		{36FD17E5-97A9-4DA2-8352-A7507290037E}.Prerelease|x64.Build.0 = Prerelease|x64
		{36FD17E5-97A9-4DA2-8352-A7507290037E}.Prerelease|x86.ActiveCfg = Prerelease|Win32
		{36FD17E5-97A9-4DA2-8352-A7507290037E}.Prerelease|x86.Build.0 = Prerelease|Win32
		{36FD17E5-97A9-4DA2-8352-A7507290037E}.Release|ARM.ActiveCfg = Release|Win32
		{36FD17E5-97A9-4DA2-8352-A7507290037E}.Release|x64.ActiveCfg = Release|x64
		{36FD17E5-97A9-4DA2-8352-A7507290037E}.Release|x64.Build.0 = Release|x64
		{36FD17E5-97A9-4DA2-8352-A7507290037E}.Release|x86.ActiveCfg = Release|Win32
		{36FD17E5-97A9-4DA2-8352-A7507290037E}.Release|x86.Build.0 = Release|Win32
		{36FD17E5-97A9-4DA2-8352-A7507290037E}.Simulation|ARM.ActiveCfg = Simulation|Win32
		{36FD17E5-97A9-4DA2-8352-A7507290037E}.Simulation|x64.ActiveCfg = Simulation|x64
		{36FD17E5-97A9-4DA2-8352-A7507290037E}.Simulation|x64.Build.0 = Simulation|x64
		{36FD17E5-97A9-4DA2-8352-A7507290037E}.Simulation|x86.ActiveCfg = Simulation|Win32
		{36FD17E5-97A9-4DA2-8352-A7507290037E}.Simulation|x86.Build.0 = Simulation|Win32
		{0BA01906-2DAE-48E9-8044-4A631267B4BA}.Debug|ARM.ActiveCfg = Debug|Win32
		{0BA01906-2DAE-48E9-8044-4A631267B4BA}.Debug|x64.ActiveCfg = Debug|x64
		{0BA01906-2DAE-48E9-8044-4A631267B4BA}.Debug|x64.Build.0 = Debug|x64
		{0BA01906-2DAE-48E9-8044-4A631267B4BA}.Debug|x86.ActiveCfg = Debug|Win32
		{0BA01906-2DAE-48E9-8044-4A631267B4BA}.Debug|x86.Build.0 = Debug|Win32
		{0BA01906-2DAE-48E9-8044-4A631267B4BA}.DebugMockOptee|ARM.ActiveCfg = Simulation|Win32
		{0BA01906-2DAE-48E9-8044-4A631267B4BA}.DebugMockOptee|ARM.Build.0 = Simulation|Win32
		{0BA01906-2DAE-48E9-8044-4A631267B4BA}.DebugMockOptee|x64.ActiveCfg = Debug|x64
		{0BA01906-2DAE-48E9-8044-4A631267B4BA}.DebugMockOptee|x64.Build.0 = Debug|x64
		{0BA01906-2DAE-48E9-8044-4A631267B4BA}.DebugMockOptee|x86.ActiveCfg = Debug|Win32
		{0BA01906-2DAE-48E9-8044-4A631267B4BA}.DebugMockOptee|x86.Build.0 = Debug|Win32
		{0BA01906-2DAE-48E9-8044-4A631267B4BA}.Prerelease|ARM.ActiveCfg = Prerelease|Win32
		{0BA01906-2DAE-48E9-8044-4A631267B4BA}.Prerelease|x64.ActiveCfg = Prerelease|x64
		{0BA01906-2DAE-48E9-8044-4A631267B4BA}.Prerelease|x64.Build.0 = Prerelease|x64
		{0BA01906-2DAE-48E9-8044-4A631267B4BA}.Prerelease|x86.ActiveCfg = Prerelease|Win32
		{0BA01906-2DAE-48E9-8044-4A631267B4BA}.Prerelease|x86.Build.0 = Prerelease|Win32
		{0BA01906-2DAE-48E9-8044-4A631267B4BA}.Release|ARM.ActiveCfg = Release|Win32
		{0BA01906-2DAE-48E9-8044-4A631267B4BA}.Release|x64.ActiveCfg = Release|x64
		{0BA01906-2DAE-48E9-8044-4A631267B4BA}.Release|x64.Build.0 = Release|x64
		{0BA01906-2DAE-48E9-8044-4A631267B4BA}.Release|x86.ActiveCfg = Release|Win32
		{0BA01906-2DAE-48E9-8044-4A631267B4BA}.Release|x86.Build.0 = Release|Win32
		{0BA01906-2DAE-48E9-8044-4A631267B4BA}.Simulation|ARM.ActiveCfg = Simulation|Win32
		{0BA01906-2DAE-48E9-8044-4A631267B4BA}.Simulation|x64.ActiveCfg = Simulation|x64
		{0BA01906-2DAE-48E9-8044-4A631267B4BA}.Simulation|x64.Build.0 = Simulation|x64
		{0BA01906-2DAE-48E9-8044-4A631267B4BA}.Simulation|x86.ActiveCfg = Simulation|Win32
		{0BA01906-2DAE-48E9-8044-4A631267B4BA}.Simulation|x86.Build.0 = Simulation|Win32
		{DA064898-E24B-44B9-8297-B5BE1089779F}.Debug|ARM.ActiveCfg = Debug|Win32
		{DA064898-E24B-44B9-8297-B5BE1089779F}.Debug|x64.ActiveCfg = Debug|x64
		{DA064898-E24B-44B9-8297-B5BE1089779F}.Debug|x64.Build.0 = Debug|x64
		{DA064898-E24B-44B9-8297-B5BE1089779F}.Debug|x86.ActiveCfg = Debug|Win32
		{DA064898-E24B-44B9-8297-B5BE1089779F}.Debug|x86.Build.0 = Debug|Win32
		{DA064898-E24B-44B9-8297-B5BE1089779F}.DebugMockOptee|ARM.ActiveCfg = Simulation|Win32
		{DA064898-E24B-44B9-8297-B5BE1089779F}.DebugMockOptee|ARM.Build.0 = Simulation|Win32
		{DA064898-E24B-44B9-8297-B5BE1089779F}.DebugMockOptee|x64.ActiveCfg = Debug|x64
		{DA064898-E24B-44B9-8297-B5BE1089779F}.DebugMockOptee|x64.Build.0 = Debug|x64
		{DA064898-E24B-44B9-8297-B5BE1089779F}.DebugMockOptee|x86.ActiveCfg = Debug|Win32
		{DA064898-E24B-44B9-8297-B5BE1089779F}.DebugMockOptee|x86.Build.0 = Debug|Win32
		{DA064898-E24B-44B9-8297-B5BE1089779F}.Prerelease|ARM.ActiveCfg = Prerelease|Win32
		{DA064898-E24B-44B9-8297-B5BE1089779F}.Prerelease|x64.ActiveCfg = Prerelease|x64
		{DA064898-E24B-44B9-8297-B5BE1089779F}.Prerelease|x64.Build.0 = Prerelease|x64
		{DA064898-E24B-44B9-8297-B5BE1089779F}.Prerelease|x86.ActiveCfg = Prerelease|Win32
		{DA064898-E24B-44B9-8297-B5BE1089779F}.Prerelease|x86.Build.0 = Prerelease|Win32
		{DA064898-E24B-44B9-8297-B5BE1089779F}.Release|ARM.ActiveCfg = Release|Win32
		{DA064898-E24B-44B9-8297-B5BE1089779F}.Release|x64.ActiveCfg = Release|x64
		{DA064898-E24B-44B9-8297-B5BE1089779F}.Release|x64.Build.0 = Release|x64
		{DA064898-E24B-44B9-8297-B5BE1089779F}.Release|x86.ActiveCfg = Release|Win32
		{DA064898-E24B-44B9-8297-B5BE1089779F}.Release|x86.Build.0 = Release|Win32
		{DA064898-E24B-44B9-8297-B5BE1089779F}.Simulation|ARM.ActiveCfg = Simulation|Win32
		{DA064898-E24B-44B9-8297-B5BE1089779F}.Simulation|x64.ActiveCfg = Simulation|x64
		{DA064898-E24B-44B9-8297-B5BE1089779F}.Simulation|x64.Build.0 = Simulation|x64
		{DA064898-E24B-44B9-8297-B5BE1089779F}.Simulation|x86.ActiveCfg = Simulation|Win32
		{DA064898-E24B-44B9-8297-B5BE1089779F}.Simulation|x86.Build.0 = Simulation|Win32
		{275FAC8B-B49C-4C91-B708-5ABFB9E24215}.Debug|ARM.ActiveCfg = Debug|ARM
		{275FAC8B-B49C-4C91-B708-5ABFB9E24215}.Debug|ARM.Build.0 = Debug|ARM
		{275FAC8B-B49C-4C91-B708-5ABFB9E24215}.Debug|x64.ActiveCfg = Debug|x64
		{275FAC8B-B49C-4C91-B708-5ABFB9E24215}.Debug|x64.Build.0 = Debug|x64
		{275FAC8B-B49C-4C91-B708-5ABFB9E24215}.Debug|x86.ActiveCfg = Debug|Win32
		{275FAC8B-B49C-4C91-B708-5ABFB9E24215}.Debug|x86.Build.0 = Debug|Win32
		{275FAC8B-B49C-4C91-B708-5ABFB9E24215}.DebugMockOptee|ARM.ActiveCfg = DebugMockOptee|ARM
		{275FAC8B-B49C-4C91-B708-5ABFB9E24215}.DebugMockOptee|ARM.Build.0 = DebugMockOptee|ARM
		{275FAC8B-B49C-4C91-B708-5ABFB9E24215}.DebugMockOptee|x64.ActiveCfg = DebugMockOptee|x64
		{275FAC8B-B49C-4C91-B708-5ABFB9E24215}.DebugMockOptee|x64.Build.0 = DebugMockOptee|x64
		{275FAC8B-B49C-4C91-B708-5ABFB9E24215}.DebugMockOptee|x86.ActiveCfg = DebugMockOptee|Win32
		{275FAC8B-B49C-4C91-B708-5ABFB9E24215}.DebugMockOptee|x86.Build.0 = DebugMockOptee|Win32
		{275FAC8B-B49C-4C91-B708-5ABFB9E24215}.Prerelease|ARM.ActiveCfg = DebugMockOptee|ARM
		{275FAC8B-B49C-4C91-B708-5ABFB9E24215}.Prerelease|ARM.Build.0 = DebugMockOptee|ARM
		{275FAC8B-B49C-4C91-B708-5ABFB9E24215}.Prerelease|x64.ActiveCfg = DebugMockOptee|x64
		{275FAC8B-B49C-4C91-B708-5ABFB9E24215}.Prerelease|x64.Build.0 = DebugMockOptee|x64
		{275FAC8B-B49C-4C91-B708-5ABFB9E24215}.Prerelease|x86.ActiveCfg = DebugMockOptee|Win32
		{275FAC8B-B49C-4C91-B708-5ABFB9E24215}.Prerelease|x86.Build.0 = DebugMockOptee|Win32
		{275FAC8B-B49C-4C91-B708-5ABFB9E24215}.Release|ARM.ActiveCfg = Release|ARM
		{275FAC8B-B49C-4C91-B708-5ABFB9E24215}.Release|ARM.Build.0 = Release|ARM
		{275FAC8B-B49C-4C91-B708-5ABFB9E24215}.Release|x64.ActiveCfg = Release|x64
		{275FAC8B-B49C-4C91-B708-5ABFB9E24215}.Release|x64.Build.0 = Release|x64
		{275FAC8B-B49C-4C91-B708-5ABFB9E24215}.Release|x86.ActiveCfg = Release|Win32
		{275FAC8B-B49C-4C91-B708-5ABFB9E24215}.Release|x86.Build.0 = Release|Win32
		{275FAC8B-B49C-4C91-B708-5ABFB9E24215}.Simulation|ARM.ActiveCfg = DebugMockOptee|ARM
		{275FAC8B-B49C-4C91-B708-5ABFB9E24215}.Simulation|ARM.Build.0 = DebugMockOptee|ARM
		{275FAC8B-B49C-4C91-B708-5ABFB9E24215}.Simulation|x64.ActiveCfg = DebugMockOptee|x64
		{275FAC8B-B49C-4C91-B708-5ABFB9E24215}.Simulation|x64.Build.0 = DebugMockOptee|x64
		{275FAC8B-B49C-4C91-B708-5ABFB9E24215}.Simulation|x86.ActiveCfg = DebugMockOptee|Win32
		{275FAC8B-B49C-4C91-B708-5ABFB9E24215}.Simulation|x86.Build.0 = DebugMockOptee|Win32
		{A4FDD39F-06AC-4F96-8AD7-65364532692F}.Debug|ARM.ActiveCfg = Debug|Win32
		{A4FDD39F-06AC-4F96-8AD7-65364532692F}.Debug|x64.ActiveCfg = Debug|x64
		{A4FDD39F-06AC-4F96-8AD7-65364532692F}.Debug|x64.Build.0 = Debug|x64
		{A4FDD39F-06AC-4F96-8AD7-65364532692F}.Debug|x86.ActiveCfg = Debug|Win32
		{A4FDD39F-06AC-4F96-8AD7-65364532692F}.Debug|x86.Build.0 = Debug|Win32
		{A4FDD39F-06AC-4F96-8AD7-65364532692F}.DebugMockOptee|ARM.ActiveCfg = Release|x64
		{A4FDD39F-06AC-4F96-8AD7-65364532692F}.DebugMockOptee|ARM.Build.0 = Release|x64
		{A4FDD39F-06AC-4F96-8AD7-65364532692F}.DebugMockOptee|x64.ActiveCfg = Debug|x64
		{A4FDD39F-06AC-4F96-8AD7-65364532692F}.DebugMockOptee|x64.Build.0 = Debug|x64
		{A4FDD39F-06AC-4F96-8AD7-65364532692F}.DebugMockOptee|x86.ActiveCfg = Debug|Win32
		{A4FDD39F-06AC-4F96-8AD7-65364532692F}.DebugMockOptee|x86.Build.0 = Debug|Win32
		{A4FDD39F-06AC-4F96-8AD7-65364532692F}.Prerelease|ARM.ActiveCfg = Prerelease|Win32
		{A4FDD39F-06AC-4F96-8AD7-65364532692F}.Prerelease|x64.ActiveCfg = Prerelease|x64
		{A4FDD39F-06AC-4F96-8AD7-65364532692F}.Prerelease|x64.Build.0 = Prerelease|x64
		{A4FDD39F-06AC-4F96-8AD7-65364532692F}.Prerelease|x86.ActiveCfg = Prerelease|Win32
		{A4FDD39F-06AC-4F96-8AD7-65364532692F}.Prerelease|x86.Build.0 = Prerelease|Win32
		{A4FDD39F-06AC-4F96-8AD7-65364532692F}.Release|ARM.ActiveCfg = Release|Win32
		{A4FDD39F-06AC-4F96-8AD7-65364532692F}.Release|x64.ActiveCfg = Release|x64
		{A4FDD39F-06AC-4F96-8AD7-65364532692F}.Release|x64.Build.0 = Release|x64
		{A4FDD39F-06AC-4F96-8AD7-65364532692F}.Release|x86.ActiveCfg = Release|Win32
		{A4FDD39F-06AC-4F96-8AD7-65364532692F}.Release|x86.Build.0 = Release|Win32
		{A4FDD39F-06AC-4F96-8AD7-65364532692F}.Simulation|ARM.ActiveCfg = Simulation|Win32
		{A4FDD39F-06AC-4F96-8AD7-65364532692F}.Simulation|x64.ActiveCfg = Simulation|x64
		{A4FDD39F-06AC-4F96-8AD7-65364532692F}.Simulation|x64.Build.0 = Simulation|x64
		{A4FDD39F-06AC-4F96-8AD7-65364532692F}.Simulation|x86.ActiveCfg = Simulation|Win32
		{A4FDD39F-06AC-4F96-8AD7-65364532692F}.Simulation|x86.Build.0 = Simulation|Win32
		{2A4E62EE-C5BB-4B0D-9798-3D76F2E4481B}.Debug|ARM.ActiveCfg = Debug|Win32
		{2A4E62EE-C5BB-4B0D-9798-3D76F2E4481B}.Debug|x64.ActiveCfg = Debug|x64
		{2A4E62EE-C5BB-4B0D-9798-3D76F2E4481B}.Debug|x64.Build.0 = Debug|x64
		{2A4E62EE-C5BB-4B0D-9798-3D76F2E4481B}.Debug|x86.ActiveCfg = Debug|Win32
		{2A4E62EE-C5BB-4B0D-9798-3D76F2E4481B}.Debug|x86.Build.0 = Debug|Win32
		{2A4E62EE-C5BB-4B0D-9798-3D76F2E4481B}.DebugMockOptee|ARM.ActiveCfg = Release|x64
		{2A4E62EE-C5BB-4B0D-9798-3D76F2E4481B}.DebugMockOptee|ARM.Build.0 = Release|x64
		{2A4E62EE-C5BB-4B0D-9798-3D76F2E4481B}.DebugMockOptee|x64.ActiveCfg = Debug|x64
		{2A4E62EE-C5BB-4B0D-9798-3D76F2E4481B}.DebugMockOptee|x64.Build.0 = Debug|x64
		{2A4E62EE-C5BB-4B0D-9798-3D76F2E4481B}.DebugMockOptee|x86.ActiveCfg = Debug|Win32
		{2A4E62EE-C5BB-4B0D-9798-3D76F2E4481B}.DebugMockOptee|x86.Build.0 = Debug|Win32
		{2A4E62EE-C5BB-4B0D-9798-3D76F2E4481B}.Prerelease|ARM.ActiveCfg = Prerelease|Win32
		{2A4E62EE-C5BB-4B0D-9798-3D76F2E4481B}.Prerelease|x64.ActiveCfg = Prerelease|x64
		{2A4E62EE-C5BB-4B0D-9798-3D76F2E4481B}.Prerelease|x64.Build.0 = Prerelease|x64
		{2A4E62EE-C5BB-4B0D-9798-3D76F2E4481B}.Prerelease|x86.ActiveCfg = Prerelease|Win32
		{2A4E62EE-C5BB-4B0D-9798-3D76F2E4481B}.Prerelease|x86.Build.0 = Prerelease|Win32
		{2A4E62EE-C5BB-4B0D-9798-3D76F2E4481B}.Release|ARM.ActiveCfg = Release|Win32
		{2A4E62EE-C5BB-4B0D-9798-3D76F2E4481B}.Release|x64.ActiveCfg = Release|x64
		{2A4E62EE-C5BB-4B0D-9798-3D76F2E4481B}.Release|x64.Build.0 = Release|x64
		{2A4E62EE-C5BB-4B0D-9798-3D76F2E4481B}.Release|x86.ActiveCfg = Release|Win32
		{2A4E62EE-C5BB-4B0D-9798-3D76F2E4481B}.Release|x86.Build.0 = Release|Win32
		{2A4E62EE-C5BB-4B0D-9798-3D76F2E4481B}.Simulation|ARM.ActiveCfg = Simulation|Win32
		{2A4E62EE-C5BB-4B0D-9798-3D76F2E4481B}.Simulation|x64.ActiveCfg = Simulation|x64
		{2A4E62EE-C5BB-4B0D-9798-3D76F2E4481B}.Simulation|x64.Build.0 = Simulation|x64
		{2A4E62EE-C5BB-4B0D-9798-3D76F2E4481B}.Simulation|x86.ActiveCfg = Simulation|Win32
		{2A4E62EE-C5BB-4B0D-9798-3D76F2E4481B}.Simulation|x86.Build.0 = Simulation|Win32
		{4D10CAF1-DDEB-4D8D-8E7A-3947B1F836F5}.Debug|ARM.ActiveCfg = Debug|Win32
		{4D10CAF1-DDEB-4D8D-8E7A-3947B1F836F5}.Debug|x64.ActiveCfg = Debug|x64
		{4D10CAF1-DDEB-4D8D-8E7A-3947B1F836F5}.Debug|x64.Build.0 = Debug|x64
		{4D10CAF1-DDEB-4D8D-8E7A-3947B1F836F5}.Debug|x86.ActiveCfg = Debug|Win32
		{4D10CAF1-DDEB-4D8D-8E7A-3947B1F836F5}.Debug|x86.Build.0 = Debug|Win32
		{4D10CAF1-DDEB-4D8D-8E7A-3947B1F836F5}.DebugMockOptee|ARM.ActiveCfg = Release|x64
		{4D10CAF1-DDEB-4D8D-8E7A-3947B1F836F5}.DebugMockOptee|ARM.Build.0 = Release|x64
		{4D10CAF1-DDEB-4D8D-8E7A-3947B1F836F5}.DebugMockOptee|x64.ActiveCfg = Debug|x64
		{4D10CAF1-DDEB-4D8D-8E7A-3947B1F836F5}.DebugMockOptee|x64.Build.0 = Debug|x64
		{4D10CAF1-DDEB-4D8D-8E7A-3947B1F836F5}.DebugMockOptee|x86.ActiveCfg = Debug|Win32
		{4D10CAF1-DDEB-4D8D-8E7A-3947B1F836F5}.DebugMockOptee|x86.Build.0 = Debug|Win32
		{4D10CAF1-DDEB-4D8D-8E7A-3947B1F836F5}.Prerelease|ARM.ActiveCfg = Prerelease|Win32
		{4D10CAF1-DDEB-4D8D-8E7A-3947B1F836F5}.Prerelease|x64.ActiveCfg = Prerelease|x64
		{4D10CAF1-DDEB-4D8D-8E7A-3947B1F836F5}.Prerelease|x64.Build.0 = Prerelease|x64
		{4D10CAF1-DDEB-4D8D-8E7A-3947B1F836F5}.Prerelease|x86.ActiveCfg = Prerelease|Win32
		{4D10CAF1-DDEB-4D8D-8E7A-3947B1F836F5}.Prerelease|x86.Build.0 = Prerelease|Win32
		{4D10CAF1-DDEB-4D8D-8E7A-3947B1F836F5}.Release|ARM.ActiveCfg = Release|Win32
		{4D10CAF1-DDEB-4D8D-8E7A-3947B1F836F5}.Release|x64.ActiveCfg = Release|x64
		{4D10CAF1-DDEB-4D8D-8E7A-3947B1F836F5}.Release|x64.Build.0 = Release|x64
		{4D10CAF1-DDEB-4D8D-8E7A-3947B1F836F5}.Release|x86.ActiveCfg = Release|Win32
		{4D10CAF1-DDEB-4D8D-8E7A-3947B1F836F5}.Release|x86.Build.0 = Release|Win32
		{4D10CAF1-DDEB-4D8D-8E7A-3947B1F836F5}.Simulation|ARM.ActiveCfg = Simulation|Win32
		{4D10CAF1-DDEB-4D8D-8E7A-3947B1F836F5}.Simulation|x64.ActiveCfg = Simulation|x64
		{4D10CAF1-DDEB-4D8D-8E7A-3947B1F836F5}.Simulation|x64.Build.0 = Simulation|x64
		{4D10CAF1-DDEB-4D8D-8E7A-3947B1F836F5}.Simulation|x86.ActiveCfg = Simulation|Win32
		{4D10CAF1-DDEB-4D8D-8E7A-3947B1F836F5}.Simulation|x86.Build.0 = Simulation|Win32
		{C922651A-4EDA-4E91-B783-AD8DA5924DF3}.Debug|ARM.ActiveCfg = Debug|Win32
		{C922651A-4EDA-4E91-B783-AD8DA5924DF3}.Debug|x64.ActiveCfg = Debug|x64
		{C922651A-4EDA-4E91-B783-AD8DA5924DF3}.Debug|x64.Build.0 = Debug|x64
		{C922651A-4EDA-4E91-B783-AD8DA5924DF3}.Debug|x86.ActiveCfg = Debug|Win32
		{C922651A-4EDA-4E91-B783-AD8DA5924DF3}.Debug|x86.Build.0 = Debug|Win32
		{C922651A-4EDA-4E91-B783-AD8DA5924DF3}.DebugMockOptee|ARM.ActiveCfg = Release|x64
		{C922651A-4EDA-4E91-B783-AD8DA5924DF3}.DebugMockOptee|ARM.Build.0 = Release|x64
		{C922651A-4EDA-4E91-B783-AD8DA5924DF3}.DebugMockOptee|x64.ActiveCfg = Debug|x64
		{C922651A-4EDA-4E91-B783-AD8DA5924DF3}.DebugMockOptee|x64.Build.0 = Debug|x64
		{C922651A-4EDA-4E91-B783-AD8DA5924DF3}.DebugMockOptee|x86.ActiveCfg = Debug|Win32
		{C922651A-4EDA-4E91-B783-AD8DA5924DF3}.DebugMockOptee|x86.Build.0 = Debug|Win32
		{C922651A-4EDA-4E91-B783-AD8DA5924DF3}.Prerelease|ARM.ActiveCfg = Prerelease|Win32
		{C922651A-4EDA-4E91-B783-AD8DA5924DF3}.Prerelease|x64.ActiveCfg = Prerelease|x64
		{C922651A-4EDA-4E91-B783-AD8DA5924DF3}.Prerelease|x64.Build.0 = Prerelease|x64
		{C922651A-4EDA-4E91-B783-AD8DA5924DF3}.Prerelease|x86.ActiveCfg = Prerelease|Win32
		{C922651A-4EDA-4E91-B783-AD8DA5924DF3}.Prerelease|x86.Build.0 = Prerelease|Win32
		{C922651A-4EDA-4E91-B783-AD8DA5924DF3}.Release|ARM.ActiveCfg = Release|Win32
		{C922651A-4EDA-4E91-B783-AD8DA5924DF3}.Release|x64.ActiveCfg = Release|x64
		{C922651A-4EDA-4E91-B783-AD8DA5924DF3}.Release|x64.Build.0 = Release|x64
		{C922651A-4EDA-4E91-B783-AD8DA5924DF3}.Release|x86.ActiveCfg = Release|Win32
		{C922651A-4EDA-4E91-B783-AD8DA5924DF3}.Release|x86.Build.0 = Release|Win32
		{C922651A-4EDA-4E91-B783-AD8DA5924DF3}.Simulation|ARM.ActiveCfg = Simulation|Win32
		{C922651A-4EDA-4E91-B783-AD8DA5924DF3}.Simulation|x64.ActiveCfg = Simulation|x64
		{C922651A-4EDA-4E91-B783-AD8DA5924DF3}.Simulation|x64.Build.0 = Simulation|x64
		{C922651A-4EDA-4E91-B783-AD8DA5924DF3}.Simulation|x86.ActiveCfg = Simulation|Win32
		{C922651A-4EDA-4E91-B783-AD8DA5924DF3}.Simulation|x86.Build.0 = Simulation|Win32
	EndGlobalSection
	GlobalSection(SolutionProperties) = preSolution
		HideSolutionNode = FALSE
	EndGlobalSection
	GlobalSection(NestedProjects) = preSolution
		{E25B30EF-B5D5-4291-88C7-AD97D811DD7F} = {9AB9A967-99F0-450E-A270-E0622C6C9027}
		{E90DE5A7-4AE1-4CBA-9136-0DA7FD85DCDF} = {4FEAE9F3-57BD-40A5-9916-1413D4329250}
		{7CFC3AC5-A1CE-4D38-900A-453B64462033} = {4FEAE9F3-57BD-40A5-9916-1413D4329250}
		{CC5242FE-D212-4665-85B5-2D2D518F846D} = {9AB9A967-99F0-450E-A270-E0622C6C9027}
		{CA28EBFA-5E65-4458-AD84-6C60FAD9C80E} = {4FEAE9F3-57BD-40A5-9916-1413D4329250}
		{36FD17E5-97A9-4DA2-8352-A7507290037E} = {4FEAE9F3-57BD-40A5-9916-1413D4329250}
		{0BA01906-2DAE-48E9-8044-4A631267B4BA} = {164BB17A-D879-4FFC-A1E8-A1546E09FB61}
		{DA064898-E24B-44B9-8297-B5BE1089779F} = {164BB17A-D879-4FFC-A1E8-A1546E09FB61}
		{275FAC8B-B49C-4C91-B708-5ABFB9E24215} = {164BB17A-D879-4FFC-A1E8-A1546E09FB61}
		{A4FDD39F-06AC-4F96-8AD7-65364532692F} = {781D37C2-932A-4D1B-BA0B-E7F5A9B390CA}
		{2A4E62EE-C5BB-4B0D-9798-3D76F2E4481B} = {164BB17A-D879-4FFC-A1E8-A1546E09FB61}
		{4D10CAF1-DDEB-4D8D-8E7A-3947B1F836F5} = {781D37C2-932A-4D1B-BA0B-E7F5A9B390CA}
		{C922651A-4EDA-4E91-B783-AD8DA5924DF3} = {4FEAE9F3-57BD-40A5-9916-1413D4329250}
	EndGlobalSection
	GlobalSection(ExtensibilityGlobals) = postSolution
		SolutionGuid = {CE33E425-78A2-4D89-B287-7DC5F933861D}
	EndGlobalSection
EndGlobal
