
Microsoft Visual Studio Solution File, Format Version 12.00
# Visual Studio Version 16
VisualStudioVersion = 16.0.29812.224
MinimumVisualStudioVersion = 10.0.40219.1
Project("{8BC9CEB8-8B4A-11D0-8D11-00A0C91BC942}") = "jansson", "jansson\jansson.vcxproj", "{0BA01906-2DAE-48E9-8044-4A631267B4BA}"
EndProject
Project("{8BC9CEB8-8B4A-11D0-8D11-00A0C91BC942}") = "jose", "jose\jose.vcxproj", "{DA064898-E24B-44B9-8297-B5BE1089779F}"
	ProjectSection(ProjectDependencies) = postProject
		{275FAC8B-B49C-4C91-B708-5ABFB9E24215} = {275FAC8B-B49C-4C91-B708-5ABFB9E24215}
	EndProjectSection
EndProject
Project("{8BC9CEB8-8B4A-11D0-8D11-00A0C91BC942}") = "LibEay32", "libeay32\LibEay32_t.vcxproj", "{275FAC8B-B49C-4C91-B708-5ABFB9E24215}"
EndProject
Project("{8BC9CEB8-8B4A-11D0-8D11-00A0C91BC942}") = "jose_openssl", "jose_openssl\jose_openssl.vcxproj", "{2A4E62EE-C5BB-4B0D-9798-3D76F2E4481B}"
EndProject
Project("{2150E333-8FDC-42A3-9474-1A3956D46DE8}") = "Protocol", "Protocol", "{4FEAE9F3-57BD-40A5-9916-1413D4329250}"
EndProject
Project("{2150E333-8FDC-42A3-9474-1A3956D46DE8}") = "External", "External", "{164BB17A-D879-4FFC-A1E8-A1546E09FB61}"
EndProject
Project("{8BC9CEB8-8B4A-11D0-8D11-00A0C91BC942}") = "TeepAgentTA", "ta\TeepAgentTA\TeepAgentTA.vcxproj", "{548E7DAA-9A94-4826-B054-DAA20DCC9C9C}"
	ProjectSection(ProjectDependencies) = postProject
		{213B130C-306C-4AAE-93D9-45D2CA05F01B} = {213B130C-306C-4AAE-93D9-45D2CA05F01B}
	EndProjectSection
EndProject
Project("{8BC9CEB8-8B4A-11D0-8D11-00A0C91BC942}") = "TeepTamTA", "ta\TeepTamTA\TeepTamTA.vcxproj", "{94D75F35-541B-4EF0-A3F0-E8E87F29243C}"
EndProject
Project("{8BC9CEB8-8B4A-11D0-8D11-00A0C91BC942}") = "DeviceHost", "DeviceHost\DeviceHost.vcxproj", "{CE2A4144-8EAF-477C-84AF-1717677C3A06}"
	ProjectSection(ProjectDependencies) = postProject
		{F13BE200-1C95-417C-9B8B-73EA06FE5F2D} = {F13BE200-1C95-417C-9B8B-73EA06FE5F2D}
		{0BA01906-2DAE-48E9-8044-4A631267B4BA} = {0BA01906-2DAE-48E9-8044-4A631267B4BA}
		{213B130C-306C-4AAE-93D9-45D2CA05F01B} = {213B130C-306C-4AAE-93D9-45D2CA05F01B}
		{5C0CA658-2ED0-4B81-B919-651C39A2B0A0} = {5C0CA658-2ED0-4B81-B919-651C39A2B0A0}
		{275FAC8B-B49C-4C91-B708-5ABFB9E24215} = {275FAC8B-B49C-4C91-B708-5ABFB9E24215}
		{DA064898-E24B-44B9-8297-B5BE1089779F} = {DA064898-E24B-44B9-8297-B5BE1089779F}
		{0D5AC8AE-35D9-4F5C-B74C-F0FF75F03497} = {0D5AC8AE-35D9-4F5C-B74C-F0FF75F03497}
		{C381A3DA-A8FF-4D70-A8A3-37E9BDB42300} = {C381A3DA-A8FF-4D70-A8A3-37E9BDB42300}
		{2A4E62EE-C5BB-4B0D-9798-3D76F2E4481B} = {2A4E62EE-C5BB-4B0D-9798-3D76F2E4481B}
	EndProjectSection
EndProject
Project("{8BC9CEB8-8B4A-11D0-8D11-00A0C91BC942}") = "TamHost", "TamHost\TamHost.vcxproj", "{254F72E3-68F4-4490-9EEA-37DBC236810C}"
	ProjectSection(ProjectDependencies) = postProject
		{F13BE200-1C95-417C-9B8B-73EA06FE5F2D} = {F13BE200-1C95-417C-9B8B-73EA06FE5F2D}
		{0BA01906-2DAE-48E9-8044-4A631267B4BA} = {0BA01906-2DAE-48E9-8044-4A631267B4BA}
		{115C554A-7F01-4268-B77D-00C1A19E3C48} = {115C554A-7F01-4268-B77D-00C1A19E3C48}
		{5C0CA658-2ED0-4B81-B919-651C39A2B0A0} = {5C0CA658-2ED0-4B81-B919-651C39A2B0A0}
		{B1903274-432E-483E-9689-87086C80DB54} = {B1903274-432E-483E-9689-87086C80DB54}
		{275FAC8B-B49C-4C91-B708-5ABFB9E24215} = {275FAC8B-B49C-4C91-B708-5ABFB9E24215}
		{DA064898-E24B-44B9-8297-B5BE1089779F} = {DA064898-E24B-44B9-8297-B5BE1089779F}
		{C381A3DA-A8FF-4D70-A8A3-37E9BDB42300} = {C381A3DA-A8FF-4D70-A8A3-37E9BDB42300}
		{2A4E62EE-C5BB-4B0D-9798-3D76F2E4481B} = {2A4E62EE-C5BB-4B0D-9798-3D76F2E4481B}
	EndProjectSection
EndProject
Project("{8BC9CEB8-8B4A-11D0-8D11-00A0C91BC942}") = "TeepTamTABrokerLib", "ta\TeepTamTABrokerLib\TeepTamTABrokerLib.vcxproj", "{B1903274-432E-483E-9689-87086C80DB54}"
EndProject
Project("{8BC9CEB8-8B4A-11D0-8D11-00A0C91BC942}") = "TeepAgentTABrokerLib", "ta\TeepAgentTABrokerLib\TeepAgentTABrokerLib.vcxproj", "{0D5AC8AE-35D9-4F5C-B74C-F0FF75F03497}"
EndProject
Project("{8BC9CEB8-8B4A-11D0-8D11-00A0C91BC942}") = "TeepCommonTALib", "ta\TeepCommonTALib\TeepCommonTALib.vcxproj", "{213ACB9D-9134-4BC8-AA44-B01E13DF0C88}"
EndProject
Project("{8BC9CEB8-8B4A-11D0-8D11-00A0C91BC942}") = "qcbor", "qcbor\qcbor.vcxproj", "{C381A3DA-A8FF-4D70-A8A3-37E9BDB42300}"
EndProject
Project("{8BC9CEB8-8B4A-11D0-8D11-00A0C91BC942}") = "t_cose", "t_cose\t_cose.vcxproj", "{5C0CA658-2ED0-4B81-B919-651C39A2B0A0}"
EndProject
Project("{8BC9CEB8-8B4A-11D0-8D11-00A0C91BC942}") = "openssl_includes", "openssl_includes\openssl_includes.vcxproj", "{60C98602-65D4-4859-B88D-D94398DCE313}"
EndProject
Project("{8BC9CEB8-8B4A-11D0-8D11-00A0C91BC942}") = "TeepAgentLib", "protocol\TeepAgentLib\TeepAgentLib.vcxproj", "{213B130C-306C-4AAE-93D9-45D2CA05F01B}"
EndProject
Project("{2150E333-8FDC-42A3-9474-1A3956D46DE8}") = "TAs", "TAs", "{13559B20-C04D-45FE-BD9A-E9670C37A8F2}"
EndProject
Project("{2150E333-8FDC-42A3-9474-1A3956D46DE8}") = "Apps", "Apps", "{DAAEAADE-D167-49C6-96C6-9D02851139AE}"
EndProject
Project("{8BC9CEB8-8B4A-11D0-8D11-00A0C91BC942}") = "TeepCommonLib", "protocol\TeepCommonLib\TeepCommonLib.vcxproj", "{F13BE200-1C95-417C-9B8B-73EA06FE5F2D}"
EndProject
Project("{8BC9CEB8-8B4A-11D0-8D11-00A0C91BC942}") = "TeepTamLib", "protocol\TeepTamLib\TeepTamLib.vcxproj", "{115C554A-7F01-4268-B77D-00C1A19E3C48}"
EndProject
Project("{8BC9CEB8-8B4A-11D0-8D11-00A0C91BC942}") = "TeepTamBrokerLib", "protocol\TeepTamBrokerLib\TeepTamBrokerLib.vcxproj", "{9B04DAEE-7A21-4037-8C89-62A6776E0DBB}"
EndProject
Project("{8BC9CEB8-8B4A-11D0-8D11-00A0C91BC942}") = "TeepAgentBrokerLib", "protocol\TeepAgentBrokerLib\TeepAgentBrokerLib.vcxproj", "{3797BBE5-950A-4B59-B055-B5061BF230BB}"
EndProject
Project("{8BC9CEB8-8B4A-11D0-8D11-00A0C91BC942}") = "TeepUnitTest", "TeepUnitTest\TeepUnitTest.vcxproj", "{A32364BC-7E8E-46FB-907C-FC5DB0BEB103}"
	ProjectSection(ProjectDependencies) = postProject
		{0BA01906-2DAE-48E9-8044-4A631267B4BA} = {0BA01906-2DAE-48E9-8044-4A631267B4BA}
		{213B130C-306C-4AAE-93D9-45D2CA05F01B} = {213B130C-306C-4AAE-93D9-45D2CA05F01B}
		{5C0CA658-2ED0-4B81-B919-651C39A2B0A0} = {5C0CA658-2ED0-4B81-B919-651C39A2B0A0}
		{DA064898-E24B-44B9-8297-B5BE1089779F} = {DA064898-E24B-44B9-8297-B5BE1089779F}
		{C381A3DA-A8FF-4D70-A8A3-37E9BDB42300} = {C381A3DA-A8FF-4D70-A8A3-37E9BDB42300}
		{2A4E62EE-C5BB-4B0D-9798-3D76F2E4481B} = {2A4E62EE-C5BB-4B0D-9798-3D76F2E4481B}
	EndProjectSection
EndProject
Global
	GlobalSection(SolutionConfigurationPlatforms) = preSolution
		Debug|x64 = Debug|x64
		Debug|x86 = Debug|x86
		DebugStandalone|x64 = DebugStandalone|x64
		DebugStandalone|x86 = DebugStandalone|x86
		Release|x64 = Release|x64
		Release|x86 = Release|x86
	EndGlobalSection
	GlobalSection(ProjectConfigurationPlatforms) = postSolution
		{0BA01906-2DAE-48E9-8044-4A631267B4BA}.Debug|x64.ActiveCfg = Debug|x64
		{0BA01906-2DAE-48E9-8044-4A631267B4BA}.Debug|x64.Build.0 = Debug|x64
		{0BA01906-2DAE-48E9-8044-4A631267B4BA}.Debug|x86.ActiveCfg = Debug|x64
		{0BA01906-2DAE-48E9-8044-4A631267B4BA}.DebugStandalone|x64.ActiveCfg = DebugStandalone|x64
		{0BA01906-2DAE-48E9-8044-4A631267B4BA}.DebugStandalone|x64.Build.0 = DebugStandalone|x64
		{0BA01906-2DAE-48E9-8044-4A631267B4BA}.DebugStandalone|x86.ActiveCfg = DebugStandalone|x64
		{0BA01906-2DAE-48E9-8044-4A631267B4BA}.Release|x64.ActiveCfg = Release|x64
		{0BA01906-2DAE-48E9-8044-4A631267B4BA}.Release|x64.Build.0 = Release|x64
		{0BA01906-2DAE-48E9-8044-4A631267B4BA}.Release|x86.ActiveCfg = Release|x64
		{DA064898-E24B-44B9-8297-B5BE1089779F}.Debug|x64.ActiveCfg = Debug|x64
		{DA064898-E24B-44B9-8297-B5BE1089779F}.Debug|x64.Build.0 = Debug|x64
		{DA064898-E24B-44B9-8297-B5BE1089779F}.Debug|x86.ActiveCfg = Debug|x64
		{DA064898-E24B-44B9-8297-B5BE1089779F}.DebugStandalone|x64.ActiveCfg = DebugStandalone|x64
		{DA064898-E24B-44B9-8297-B5BE1089779F}.DebugStandalone|x64.Build.0 = DebugStandalone|x64
		{DA064898-E24B-44B9-8297-B5BE1089779F}.DebugStandalone|x86.ActiveCfg = DebugStandalone|x64
		{DA064898-E24B-44B9-8297-B5BE1089779F}.Release|x64.ActiveCfg = Release|x64
		{DA064898-E24B-44B9-8297-B5BE1089779F}.Release|x64.Build.0 = Release|x64
		{DA064898-E24B-44B9-8297-B5BE1089779F}.Release|x86.ActiveCfg = Release|x64
		{275FAC8B-B49C-4C91-B708-5ABFB9E24215}.Debug|x64.ActiveCfg = Debug|x64
		{275FAC8B-B49C-4C91-B708-5ABFB9E24215}.Debug|x64.Build.0 = Debug|x64
		{275FAC8B-B49C-4C91-B708-5ABFB9E24215}.Debug|x86.ActiveCfg = Debug|x64
		{275FAC8B-B49C-4C91-B708-5ABFB9E24215}.DebugStandalone|x64.ActiveCfg = DebugStandalone|x64
		{275FAC8B-B49C-4C91-B708-5ABFB9E24215}.DebugStandalone|x64.Build.0 = DebugStandalone|x64
		{275FAC8B-B49C-4C91-B708-5ABFB9E24215}.DebugStandalone|x86.ActiveCfg = DebugStandalone|x64
		{275FAC8B-B49C-4C91-B708-5ABFB9E24215}.Release|x64.ActiveCfg = Release|x64
		{275FAC8B-B49C-4C91-B708-5ABFB9E24215}.Release|x64.Build.0 = Release|x64
		{275FAC8B-B49C-4C91-B708-5ABFB9E24215}.Release|x86.ActiveCfg = Release|x64
		{2A4E62EE-C5BB-4B0D-9798-3D76F2E4481B}.Debug|x64.ActiveCfg = Debug|x64
		{2A4E62EE-C5BB-4B0D-9798-3D76F2E4481B}.Debug|x64.Build.0 = Debug|x64
		{2A4E62EE-C5BB-4B0D-9798-3D76F2E4481B}.Debug|x86.ActiveCfg = Debug|x64
		{2A4E62EE-C5BB-4B0D-9798-3D76F2E4481B}.DebugStandalone|x64.ActiveCfg = DebugStandalone|x64
		{2A4E62EE-C5BB-4B0D-9798-3D76F2E4481B}.DebugStandalone|x64.Build.0 = DebugStandalone|x64
		{2A4E62EE-C5BB-4B0D-9798-3D76F2E4481B}.DebugStandalone|x86.ActiveCfg = DebugStandalone|x64
		{2A4E62EE-C5BB-4B0D-9798-3D76F2E4481B}.Release|x64.ActiveCfg = Release|x64
		{2A4E62EE-C5BB-4B0D-9798-3D76F2E4481B}.Release|x64.Build.0 = Release|x64
		{2A4E62EE-C5BB-4B0D-9798-3D76F2E4481B}.Release|x86.ActiveCfg = Release|x64
		{548E7DAA-9A94-4826-B054-DAA20DCC9C9C}.Debug|x64.ActiveCfg = Debug|x64
		{548E7DAA-9A94-4826-B054-DAA20DCC9C9C}.Debug|x64.Build.0 = Debug|x64
		{548E7DAA-9A94-4826-B054-DAA20DCC9C9C}.Debug|x86.ActiveCfg = Debug|x64
		{548E7DAA-9A94-4826-B054-DAA20DCC9C9C}.DebugStandalone|x64.ActiveCfg = DebugStandalone|x64
		{548E7DAA-9A94-4826-B054-DAA20DCC9C9C}.DebugStandalone|x86.ActiveCfg = DebugStandalone|x64
		{548E7DAA-9A94-4826-B054-DAA20DCC9C9C}.Release|x64.ActiveCfg = Release|x64
		{548E7DAA-9A94-4826-B054-DAA20DCC9C9C}.Release|x64.Build.0 = Release|x64
		{548E7DAA-9A94-4826-B054-DAA20DCC9C9C}.Release|x86.ActiveCfg = Release|x64
		{94D75F35-541B-4EF0-A3F0-E8E87F29243C}.Debug|x64.ActiveCfg = Debug|x64
		{94D75F35-541B-4EF0-A3F0-E8E87F29243C}.Debug|x64.Build.0 = Debug|x64
		{94D75F35-541B-4EF0-A3F0-E8E87F29243C}.Debug|x86.ActiveCfg = Debug|x64
		{94D75F35-541B-4EF0-A3F0-E8E87F29243C}.DebugStandalone|x64.ActiveCfg = DebugStandalone|x64
		{94D75F35-541B-4EF0-A3F0-E8E87F29243C}.DebugStandalone|x86.ActiveCfg = DebugStandalone|x64
		{94D75F35-541B-4EF0-A3F0-E8E87F29243C}.Release|x64.ActiveCfg = Release|x64
		{94D75F35-541B-4EF0-A3F0-E8E87F29243C}.Release|x64.Build.0 = Release|x64
		{94D75F35-541B-4EF0-A3F0-E8E87F29243C}.Release|x86.ActiveCfg = Release|x64
		{CE2A4144-8EAF-477C-84AF-1717677C3A06}.Debug|x64.ActiveCfg = Debug|x64
		{CE2A4144-8EAF-477C-84AF-1717677C3A06}.Debug|x64.Build.0 = Debug|x64
		{CE2A4144-8EAF-477C-84AF-1717677C3A06}.Debug|x86.ActiveCfg = Debug|x64
		{CE2A4144-8EAF-477C-84AF-1717677C3A06}.DebugStandalone|x64.ActiveCfg = DebugStandalone|x64
		{CE2A4144-8EAF-477C-84AF-1717677C3A06}.DebugStandalone|x64.Build.0 = DebugStandalone|x64
		{CE2A4144-8EAF-477C-84AF-1717677C3A06}.DebugStandalone|x86.ActiveCfg = DebugStandalone|x64
		{CE2A4144-8EAF-477C-84AF-1717677C3A06}.Release|x64.ActiveCfg = Release|x64
		{CE2A4144-8EAF-477C-84AF-1717677C3A06}.Release|x64.Build.0 = Release|x64
		{CE2A4144-8EAF-477C-84AF-1717677C3A06}.Release|x86.ActiveCfg = Release|x64
		{254F72E3-68F4-4490-9EEA-37DBC236810C}.Debug|x64.ActiveCfg = Debug|x64
		{254F72E3-68F4-4490-9EEA-37DBC236810C}.Debug|x64.Build.0 = Debug|x64
		{254F72E3-68F4-4490-9EEA-37DBC236810C}.Debug|x86.ActiveCfg = Debug|x64
		{254F72E3-68F4-4490-9EEA-37DBC236810C}.DebugStandalone|x64.ActiveCfg = DebugStandalone|x64
		{254F72E3-68F4-4490-9EEA-37DBC236810C}.DebugStandalone|x64.Build.0 = DebugStandalone|x64
		{254F72E3-68F4-4490-9EEA-37DBC236810C}.DebugStandalone|x86.ActiveCfg = DebugStandalone|x64
		{254F72E3-68F4-4490-9EEA-37DBC236810C}.Release|x64.ActiveCfg = Release|x64
		{254F72E3-68F4-4490-9EEA-37DBC236810C}.Release|x64.Build.0 = Release|x64
		{254F72E3-68F4-4490-9EEA-37DBC236810C}.Release|x86.ActiveCfg = Release|x64
		{B1903274-432E-483E-9689-87086C80DB54}.Debug|x64.ActiveCfg = Debug|x64
		{B1903274-432E-483E-9689-87086C80DB54}.Debug|x64.Build.0 = Debug|x64
		{B1903274-432E-483E-9689-87086C80DB54}.Debug|x86.ActiveCfg = Debug|x64
		{B1903274-432E-483E-9689-87086C80DB54}.DebugStandalone|x64.ActiveCfg = DebugStandalone|x64
		{B1903274-432E-483E-9689-87086C80DB54}.DebugStandalone|x86.ActiveCfg = DebugStandalone|x64
		{B1903274-432E-483E-9689-87086C80DB54}.Release|x64.ActiveCfg = Release|x64
		{B1903274-432E-483E-9689-87086C80DB54}.Release|x64.Build.0 = Release|x64
		{B1903274-432E-483E-9689-87086C80DB54}.Release|x86.ActiveCfg = Release|x64
		{0D5AC8AE-35D9-4F5C-B74C-F0FF75F03497}.Debug|x64.ActiveCfg = Debug|x64
		{0D5AC8AE-35D9-4F5C-B74C-F0FF75F03497}.Debug|x64.Build.0 = Debug|x64
		{0D5AC8AE-35D9-4F5C-B74C-F0FF75F03497}.Debug|x86.ActiveCfg = Debug|x64
		{0D5AC8AE-35D9-4F5C-B74C-F0FF75F03497}.DebugStandalone|x64.ActiveCfg = DebugStandalone|x64
		{0D5AC8AE-35D9-4F5C-B74C-F0FF75F03497}.DebugStandalone|x86.ActiveCfg = DebugStandalone|x64
		{0D5AC8AE-35D9-4F5C-B74C-F0FF75F03497}.Release|x64.ActiveCfg = Release|x64
		{0D5AC8AE-35D9-4F5C-B74C-F0FF75F03497}.Release|x64.Build.0 = Release|x64
		{0D5AC8AE-35D9-4F5C-B74C-F0FF75F03497}.Release|x86.ActiveCfg = Release|x64
		{213ACB9D-9134-4BC8-AA44-B01E13DF0C88}.Debug|x64.ActiveCfg = Debug|x64
		{213ACB9D-9134-4BC8-AA44-B01E13DF0C88}.Debug|x64.Build.0 = Debug|x64
		{213ACB9D-9134-4BC8-AA44-B01E13DF0C88}.Debug|x86.ActiveCfg = Debug|x64
		{213ACB9D-9134-4BC8-AA44-B01E13DF0C88}.DebugStandalone|x64.ActiveCfg = DebugStandalone|x64
		{213ACB9D-9134-4BC8-AA44-B01E13DF0C88}.DebugStandalone|x86.ActiveCfg = DebugStandalone|x64
		{213ACB9D-9134-4BC8-AA44-B01E13DF0C88}.Release|x64.ActiveCfg = Release|x64
		{213ACB9D-9134-4BC8-AA44-B01E13DF0C88}.Release|x64.Build.0 = Release|x64
		{213ACB9D-9134-4BC8-AA44-B01E13DF0C88}.Release|x86.ActiveCfg = Release|x64
		{C381A3DA-A8FF-4D70-A8A3-37E9BDB42300}.Debug|x64.ActiveCfg = Debug|x64
		{C381A3DA-A8FF-4D70-A8A3-37E9BDB42300}.Debug|x64.Build.0 = Debug|x64
		{C381A3DA-A8FF-4D70-A8A3-37E9BDB42300}.Debug|x86.ActiveCfg = Debug|x64
		{C381A3DA-A8FF-4D70-A8A3-37E9BDB42300}.DebugStandalone|x64.ActiveCfg = DebugStandalone|x64
		{C381A3DA-A8FF-4D70-A8A3-37E9BDB42300}.DebugStandalone|x64.Build.0 = DebugStandalone|x64
		{C381A3DA-A8FF-4D70-A8A3-37E9BDB42300}.DebugStandalone|x86.ActiveCfg = DebugStandalone|x64
		{C381A3DA-A8FF-4D70-A8A3-37E9BDB42300}.Release|x64.ActiveCfg = Release|x64
		{C381A3DA-A8FF-4D70-A8A3-37E9BDB42300}.Release|x64.Build.0 = Release|x64
		{C381A3DA-A8FF-4D70-A8A3-37E9BDB42300}.Release|x86.ActiveCfg = Release|x64
		{5C0CA658-2ED0-4B81-B919-651C39A2B0A0}.Debug|x64.ActiveCfg = Debug|x64
		{5C0CA658-2ED0-4B81-B919-651C39A2B0A0}.Debug|x64.Build.0 = Debug|x64
		{5C0CA658-2ED0-4B81-B919-651C39A2B0A0}.Debug|x86.ActiveCfg = Debug|x64
		{5C0CA658-2ED0-4B81-B919-651C39A2B0A0}.DebugStandalone|x64.ActiveCfg = DebugStandalone|x64
		{5C0CA658-2ED0-4B81-B919-651C39A2B0A0}.DebugStandalone|x64.Build.0 = DebugStandalone|x64
		{5C0CA658-2ED0-4B81-B919-651C39A2B0A0}.DebugStandalone|x86.ActiveCfg = DebugStandalone|x64
		{5C0CA658-2ED0-4B81-B919-651C39A2B0A0}.Release|x64.ActiveCfg = Release|x64
		{5C0CA658-2ED0-4B81-B919-651C39A2B0A0}.Release|x64.Build.0 = Release|x64
		{5C0CA658-2ED0-4B81-B919-651C39A2B0A0}.Release|x86.ActiveCfg = Release|x64
		{60C98602-65D4-4859-B88D-D94398DCE313}.Debug|x64.ActiveCfg = Debug|x64
		{60C98602-65D4-4859-B88D-D94398DCE313}.Debug|x64.Build.0 = Debug|x64
		{60C98602-65D4-4859-B88D-D94398DCE313}.Debug|x86.ActiveCfg = Debug|Win32
		{60C98602-65D4-4859-B88D-D94398DCE313}.Debug|x86.Build.0 = Debug|Win32
		{60C98602-65D4-4859-B88D-D94398DCE313}.DebugStandalone|x64.ActiveCfg = DebugStandalone|x64
		{60C98602-65D4-4859-B88D-D94398DCE313}.DebugStandalone|x64.Build.0 = DebugStandalone|x64
		{60C98602-65D4-4859-B88D-D94398DCE313}.DebugStandalone|x86.ActiveCfg = DebugStandalone|Win32
		{60C98602-65D4-4859-B88D-D94398DCE313}.DebugStandalone|x86.Build.0 = DebugStandalone|Win32
		{60C98602-65D4-4859-B88D-D94398DCE313}.Release|x64.ActiveCfg = Release|x64
		{60C98602-65D4-4859-B88D-D94398DCE313}.Release|x64.Build.0 = Release|x64
		{60C98602-65D4-4859-B88D-D94398DCE313}.Release|x86.ActiveCfg = Release|Win32
		{60C98602-65D4-4859-B88D-D94398DCE313}.Release|x86.Build.0 = Release|Win32
		{213B130C-306C-4AAE-93D9-45D2CA05F01B}.Debug|x64.ActiveCfg = Debug|x64
		{213B130C-306C-4AAE-93D9-45D2CA05F01B}.Debug|x64.Build.0 = Debug|x64
		{213B130C-306C-4AAE-93D9-45D2CA05F01B}.Debug|x86.ActiveCfg = Debug|x64
		{213B130C-306C-4AAE-93D9-45D2CA05F01B}.DebugStandalone|x64.ActiveCfg = DebugStandalone|x64
		{213B130C-306C-4AAE-93D9-45D2CA05F01B}.DebugStandalone|x64.Build.0 = DebugStandalone|x64
		{213B130C-306C-4AAE-93D9-45D2CA05F01B}.DebugStandalone|x86.ActiveCfg = Debug|x64
		{213B130C-306C-4AAE-93D9-45D2CA05F01B}.DebugStandalone|x86.Build.0 = Debug|x64
		{213B130C-306C-4AAE-93D9-45D2CA05F01B}.Release|x64.ActiveCfg = Release|x64
		{213B130C-306C-4AAE-93D9-45D2CA05F01B}.Release|x64.Build.0 = Release|x64
		{213B130C-306C-4AAE-93D9-45D2CA05F01B}.Release|x86.ActiveCfg = Release|x64
		{F13BE200-1C95-417C-9B8B-73EA06FE5F2D}.Debug|x64.ActiveCfg = Debug|x64
		{F13BE200-1C95-417C-9B8B-73EA06FE5F2D}.Debug|x64.Build.0 = Debug|x64
		{F13BE200-1C95-417C-9B8B-73EA06FE5F2D}.Debug|x86.ActiveCfg = Debug|x64
		{F13BE200-1C95-417C-9B8B-73EA06FE5F2D}.DebugStandalone|x64.ActiveCfg = DebugStandalone|x64
		{F13BE200-1C95-417C-9B8B-73EA06FE5F2D}.DebugStandalone|x64.Build.0 = DebugStandalone|x64
		{F13BE200-1C95-417C-9B8B-73EA06FE5F2D}.DebugStandalone|x86.ActiveCfg = Debug|x64
		{F13BE200-1C95-417C-9B8B-73EA06FE5F2D}.DebugStandalone|x86.Build.0 = Debug|x64
		{F13BE200-1C95-417C-9B8B-73EA06FE5F2D}.Release|x64.ActiveCfg = Release|x64
		{F13BE200-1C95-417C-9B8B-73EA06FE5F2D}.Release|x64.Build.0 = Release|x64
		{F13BE200-1C95-417C-9B8B-73EA06FE5F2D}.Release|x86.ActiveCfg = Release|x64
		{115C554A-7F01-4268-B77D-00C1A19E3C48}.Debug|x64.ActiveCfg = Debug|x64
		{115C554A-7F01-4268-B77D-00C1A19E3C48}.Debug|x64.Build.0 = Debug|x64
		{115C554A-7F01-4268-B77D-00C1A19E3C48}.Debug|x86.ActiveCfg = Debug|x64
		{115C554A-7F01-4268-B77D-00C1A19E3C48}.DebugStandalone|x64.ActiveCfg = DebugStandalone|x64
		{115C554A-7F01-4268-B77D-00C1A19E3C48}.DebugStandalone|x64.Build.0 = DebugStandalone|x64
		{115C554A-7F01-4268-B77D-00C1A19E3C48}.DebugStandalone|x86.ActiveCfg = Debug|x64
		{115C554A-7F01-4268-B77D-00C1A19E3C48}.DebugStandalone|x86.Build.0 = Debug|x64
		{115C554A-7F01-4268-B77D-00C1A19E3C48}.Release|x64.ActiveCfg = Release|x64
		{115C554A-7F01-4268-B77D-00C1A19E3C48}.Release|x64.Build.0 = Release|x64
		{115C554A-7F01-4268-B77D-00C1A19E3C48}.Release|x86.ActiveCfg = Release|x64
		{9B04DAEE-7A21-4037-8C89-62A6776E0DBB}.Debug|x64.ActiveCfg = Debug|x64
		{9B04DAEE-7A21-4037-8C89-62A6776E0DBB}.Debug|x64.Build.0 = Debug|x64
		{9B04DAEE-7A21-4037-8C89-62A6776E0DBB}.Debug|x86.ActiveCfg = Debug|Win32
		{9B04DAEE-7A21-4037-8C89-62A6776E0DBB}.Debug|x86.Build.0 = Debug|Win32
		{9B04DAEE-7A21-4037-8C89-62A6776E0DBB}.DebugStandalone|x64.ActiveCfg = DebugStandalone|x64
		{9B04DAEE-7A21-4037-8C89-62A6776E0DBB}.DebugStandalone|x64.Build.0 = DebugStandalone|x64
		{9B04DAEE-7A21-4037-8C89-62A6776E0DBB}.DebugStandalone|x86.ActiveCfg = Debug|Win32
		{9B04DAEE-7A21-4037-8C89-62A6776E0DBB}.DebugStandalone|x86.Build.0 = Debug|Win32
		{9B04DAEE-7A21-4037-8C89-62A6776E0DBB}.Release|x64.ActiveCfg = Release|x64
		{9B04DAEE-7A21-4037-8C89-62A6776E0DBB}.Release|x64.Build.0 = Release|x64
		{9B04DAEE-7A21-4037-8C89-62A6776E0DBB}.Release|x86.ActiveCfg = Release|Win32
		{9B04DAEE-7A21-4037-8C89-62A6776E0DBB}.Release|x86.Build.0 = Release|Win32
		{3797BBE5-950A-4B59-B055-B5061BF230BB}.Debug|x64.ActiveCfg = Debug|x64
		{3797BBE5-950A-4B59-B055-B5061BF230BB}.Debug|x64.Build.0 = Debug|x64
		{3797BBE5-950A-4B59-B055-B5061BF230BB}.Debug|x86.ActiveCfg = Debug|Win32
		{3797BBE5-950A-4B59-B055-B5061BF230BB}.Debug|x86.Build.0 = Debug|Win32
		{3797BBE5-950A-4B59-B055-B5061BF230BB}.DebugStandalone|x64.ActiveCfg = DebugStandalone|x64
		{3797BBE5-950A-4B59-B055-B5061BF230BB}.DebugStandalone|x64.Build.0 = DebugStandalone|x64
		{3797BBE5-950A-4B59-B055-B5061BF230BB}.DebugStandalone|x86.ActiveCfg = Debug|Win32
		{3797BBE5-950A-4B59-B055-B5061BF230BB}.DebugStandalone|x86.Build.0 = Debug|Win32
		{3797BBE5-950A-4B59-B055-B5061BF230BB}.Release|x64.ActiveCfg = Release|x64
		{3797BBE5-950A-4B59-B055-B5061BF230BB}.Release|x64.Build.0 = Release|x64
		{3797BBE5-950A-4B59-B055-B5061BF230BB}.Release|x86.ActiveCfg = Release|Win32
		{3797BBE5-950A-4B59-B055-B5061BF230BB}.Release|x86.Build.0 = Release|Win32
		{A32364BC-7E8E-46FB-907C-FC5DB0BEB103}.Debug|x64.ActiveCfg = Debug|x64
		{A32364BC-7E8E-46FB-907C-FC5DB0BEB103}.Debug|x86.ActiveCfg = Debug|Win32
		{A32364BC-7E8E-46FB-907C-FC5DB0BEB103}.Debug|x86.Build.0 = Debug|Win32
		{A32364BC-7E8E-46FB-907C-FC5DB0BEB103}.DebugStandalone|x64.ActiveCfg = DebugStandalone|x64
		{A32364BC-7E8E-46FB-907C-FC5DB0BEB103}.DebugStandalone|x64.Build.0 = DebugStandalone|x64
		{A32364BC-7E8E-46FB-907C-FC5DB0BEB103}.DebugStandalone|x86.ActiveCfg = Debug|Win32
		{A32364BC-7E8E-46FB-907C-FC5DB0BEB103}.DebugStandalone|x86.Build.0 = Debug|Win32
		{A32364BC-7E8E-46FB-907C-FC5DB0BEB103}.Release|x64.ActiveCfg = Release|x64
		{A32364BC-7E8E-46FB-907C-FC5DB0BEB103}.Release|x64.Build.0 = Release|x64
		{A32364BC-7E8E-46FB-907C-FC5DB0BEB103}.Release|x86.ActiveCfg = Release|Win32
		{A32364BC-7E8E-46FB-907C-FC5DB0BEB103}.Release|x86.Build.0 = Release|Win32
	EndGlobalSection
	GlobalSection(SolutionProperties) = preSolution
		HideSolutionNode = FALSE
	EndGlobalSection
	GlobalSection(NestedProjects) = preSolution
		{0BA01906-2DAE-48E9-8044-4A631267B4BA} = {164BB17A-D879-4FFC-A1E8-A1546E09FB61}
		{DA064898-E24B-44B9-8297-B5BE1089779F} = {164BB17A-D879-4FFC-A1E8-A1546E09FB61}
		{275FAC8B-B49C-4C91-B708-5ABFB9E24215} = {164BB17A-D879-4FFC-A1E8-A1546E09FB61}
		{2A4E62EE-C5BB-4B0D-9798-3D76F2E4481B} = {164BB17A-D879-4FFC-A1E8-A1546E09FB61}
		{548E7DAA-9A94-4826-B054-DAA20DCC9C9C} = {13559B20-C04D-45FE-BD9A-E9670C37A8F2}
		{94D75F35-541B-4EF0-A3F0-E8E87F29243C} = {13559B20-C04D-45FE-BD9A-E9670C37A8F2}
		{CE2A4144-8EAF-477C-84AF-1717677C3A06} = {DAAEAADE-D167-49C6-96C6-9D02851139AE}
		{254F72E3-68F4-4490-9EEA-37DBC236810C} = {DAAEAADE-D167-49C6-96C6-9D02851139AE}
		{B1903274-432E-483E-9689-87086C80DB54} = {13559B20-C04D-45FE-BD9A-E9670C37A8F2}
		{0D5AC8AE-35D9-4F5C-B74C-F0FF75F03497} = {13559B20-C04D-45FE-BD9A-E9670C37A8F2}
		{213ACB9D-9134-4BC8-AA44-B01E13DF0C88} = {13559B20-C04D-45FE-BD9A-E9670C37A8F2}
		{C381A3DA-A8FF-4D70-A8A3-37E9BDB42300} = {164BB17A-D879-4FFC-A1E8-A1546E09FB61}
		{5C0CA658-2ED0-4B81-B919-651C39A2B0A0} = {164BB17A-D879-4FFC-A1E8-A1546E09FB61}
		{60C98602-65D4-4859-B88D-D94398DCE313} = {164BB17A-D879-4FFC-A1E8-A1546E09FB61}
		{213B130C-306C-4AAE-93D9-45D2CA05F01B} = {4FEAE9F3-57BD-40A5-9916-1413D4329250}
		{F13BE200-1C95-417C-9B8B-73EA06FE5F2D} = {4FEAE9F3-57BD-40A5-9916-1413D4329250}
		{115C554A-7F01-4268-B77D-00C1A19E3C48} = {4FEAE9F3-57BD-40A5-9916-1413D4329250}
		{9B04DAEE-7A21-4037-8C89-62A6776E0DBB} = {4FEAE9F3-57BD-40A5-9916-1413D4329250}
		{3797BBE5-950A-4B59-B055-B5061BF230BB} = {4FEAE9F3-57BD-40A5-9916-1413D4329250}
		{A32364BC-7E8E-46FB-907C-FC5DB0BEB103} = {DAAEAADE-D167-49C6-96C6-9D02851139AE}
	EndGlobalSection
	GlobalSection(ExtensibilityGlobals) = postSolution
		SolutionGuid = {CE33E425-78A2-4D89-B287-7DC5F933861D}
	EndGlobalSection
EndGlobal
