
Microsoft Visual Studio Solution File, Format Version 12.00
# Visual Studio Version 16
VisualStudioVersion = 16.0.29812.224
MinimumVisualStudioVersion = 10.0.40219.1
Project("{8BC9CEB8-8B4A-11D0-8D11-00A0C91BC942}") = "jansson", "jansson\jansson.vcxproj", "{0BA01906-2DAE-48E9-8044-4A631267B4BA}"
EndProject
Project("{8BC9CEB8-8B4A-11D0-8D11-00A0C91BC942}") = "jose", "jose\jose.vcxproj", "{DA064898-E24B-44B9-8297-B5BE1089779F}"
	ProjectSection(ProjectDependencies) = postProject
		{275FAC8B-B49C-4C91-B708-5ABFB9E24215} = {275FAC8B-B49C-4C91-B708-5ABFB9E24215}
	EndProjectSection
EndProject
Project("{8BC9CEB8-8B4A-11D0-8D11-00A0C91BC942}") = "LibEay32", "libeay32\LibEay32_t.vcxproj", "{275FAC8B-B49C-4C91-B708-5ABFB9E24215}"
EndProject
Project("{8BC9CEB8-8B4A-11D0-8D11-00A0C91BC942}") = "UntrustedTimeTALib", "UntrustedTime\enc\UntrustedTimeTALib.vcxproj", "{A4FDD39F-06AC-4F96-8AD7-65364532692F}"
EndProject
Project("{8BC9CEB8-8B4A-11D0-8D11-00A0C91BC942}") = "jose_openssl", "jose_openssl\jose_openssl.vcxproj", "{2A4E62EE-C5BB-4B0D-9798-3D76F2E4481B}"
EndProject
Project("{8BC9CEB8-8B4A-11D0-8D11-00A0C91BC942}") = "UntrustedTimeLib", "UntrustedTime\host\UntrustedTimeLib.vcxproj", "{4D10CAF1-DDEB-4D8D-8E7A-3947B1F836F5}"
EndProject
Project("{2150E333-8FDC-42A3-9474-1A3956D46DE8}") = "UntrustedTime", "UntrustedTime", "{781D37C2-932A-4D1B-BA0B-E7F5A9B390CA}"
EndProject
Project("{2150E333-8FDC-42A3-9474-1A3956D46DE8}") = "TEEP", "TEEP", "{4FEAE9F3-57BD-40A5-9916-1413D4329250}"
EndProject
Project("{2150E333-8FDC-42A3-9474-1A3956D46DE8}") = "Apps", "Apps", "{9AB9A967-99F0-450E-A270-E0622C6C9027}"
EndProject
Project("{2150E333-8FDC-42A3-9474-1A3956D46DE8}") = "External", "External", "{164BB17A-D879-4FFC-A1E8-A1546E09FB61}"
EndProject
Project("{8BC9CEB8-8B4A-11D0-8D11-00A0C91BC942}") = "TeepAgentTA", "TeepAgentTA\TeepAgentTA.vcxproj", "{548E7DAA-9A94-4826-B054-DAA20DCC9C9C}"
EndProject
Project("{8BC9CEB8-8B4A-11D0-8D11-00A0C91BC942}") = "TeepTamTA", "TeepTamTA\TeepTamTA.vcxproj", "{94D75F35-541B-4EF0-A3F0-E8E87F29243C}"
EndProject
Project("{8BC9CEB8-8B4A-11D0-8D11-00A0C91BC942}") = "DeviceHost", "DeviceHost\DeviceHost.vcxproj", "{CE2A4144-8EAF-477C-84AF-1717677C3A06}"
EndProject
Project("{8BC9CEB8-8B4A-11D0-8D11-00A0C91BC942}") = "TamHost", "TamHost\TamHost.vcxproj", "{254F72E3-68F4-4490-9EEA-37DBC236810C}"
EndProject
Project("{2150E333-8FDC-42A3-9474-1A3956D46DE8}") = "Libc", "Libc", "{6A9ED94F-858B-4BED-A429-9E1936D298E1}"
EndProject
Project("{8BC9CEB8-8B4A-11D0-8D11-00A0C91BC942}") = "TeepTamBrokerLib", "TeepTamBrokerLib\TeepTamBrokerLib.vcxproj", "{B1903274-432E-483E-9689-87086C80DB54}"
EndProject
Project("{8BC9CEB8-8B4A-11D0-8D11-00A0C91BC942}") = "TeepAgentBrokerLib", "TeepAgentBrokerLib\TeepAgentBrokerLib.vcxproj", "{0D5AC8AE-35D9-4F5C-B74C-F0FF75F03497}"
EndProject
Project("{8BC9CEB8-8B4A-11D0-8D11-00A0C91BC942}") = "TeepCommonTALib", "TeepCommonTALib\TeepCommonTALib.vcxproj", "{213ACB9D-9134-4BC8-AA44-B01E13DF0C88}"
EndProject
Global
	GlobalSection(SolutionConfigurationPlatforms) = preSolution
		Debug|ARM = Debug|ARM
		Debug|x64 = Debug|x64
		Debug|x86 = Debug|x86
		OPTEE-Simulation-Debug|ARM = OPTEE-Simulation-Debug|ARM
		OPTEE-Simulation-Debug|x64 = OPTEE-Simulation-Debug|x64
		OPTEE-Simulation-Debug|x86 = OPTEE-Simulation-Debug|x86
		Prerelease|ARM = Prerelease|ARM
		Prerelease|x64 = Prerelease|x64
		Prerelease|x86 = Prerelease|x86
		Release|ARM = Release|ARM
		Release|x64 = Release|x64
		Release|x86 = Release|x86
		SGX-Simulation-Debug|ARM = SGX-Simulation-Debug|ARM
		SGX-Simulation-Debug|x64 = SGX-Simulation-Debug|x64
		SGX-Simulation-Debug|x86 = SGX-Simulation-Debug|x86
		Simulation|ARM = Simulation|ARM
		Simulation|x64 = Simulation|x64
		Simulation|x86 = Simulation|x86
	EndGlobalSection
	GlobalSection(ProjectConfigurationPlatforms) = postSolution
		{0BA01906-2DAE-48E9-8044-4A631267B4BA}.Debug|ARM.ActiveCfg = Debug|Win32
		{0BA01906-2DAE-48E9-8044-4A631267B4BA}.Debug|x64.ActiveCfg = Debug|x64
		{0BA01906-2DAE-48E9-8044-4A631267B4BA}.Debug|x64.Build.0 = Debug|x64
		{0BA01906-2DAE-48E9-8044-4A631267B4BA}.Debug|x86.ActiveCfg = Debug|Win32
		{0BA01906-2DAE-48E9-8044-4A631267B4BA}.Debug|x86.Build.0 = Debug|Win32
		{0BA01906-2DAE-48E9-8044-4A631267B4BA}.OPTEE-Simulation-Debug|ARM.ActiveCfg = Debug|x64
		{0BA01906-2DAE-48E9-8044-4A631267B4BA}.OPTEE-Simulation-Debug|ARM.Build.0 = Debug|x64
		{0BA01906-2DAE-48E9-8044-4A631267B4BA}.OPTEE-Simulation-Debug|x64.ActiveCfg = Debug|x64
		{0BA01906-2DAE-48E9-8044-4A631267B4BA}.OPTEE-Simulation-Debug|x64.Build.0 = Debug|x64
		{0BA01906-2DAE-48E9-8044-4A631267B4BA}.OPTEE-Simulation-Debug|x86.ActiveCfg = Debug|Win32
		{0BA01906-2DAE-48E9-8044-4A631267B4BA}.OPTEE-Simulation-Debug|x86.Build.0 = Debug|Win32
		{0BA01906-2DAE-48E9-8044-4A631267B4BA}.Prerelease|ARM.ActiveCfg = Prerelease|Win32
		{0BA01906-2DAE-48E9-8044-4A631267B4BA}.Prerelease|x64.ActiveCfg = Prerelease|x64
		{0BA01906-2DAE-48E9-8044-4A631267B4BA}.Prerelease|x64.Build.0 = Prerelease|x64
		{0BA01906-2DAE-48E9-8044-4A631267B4BA}.Prerelease|x86.ActiveCfg = Prerelease|Win32
		{0BA01906-2DAE-48E9-8044-4A631267B4BA}.Prerelease|x86.Build.0 = Prerelease|Win32
		{0BA01906-2DAE-48E9-8044-4A631267B4BA}.Release|ARM.ActiveCfg = Release|Win32
		{0BA01906-2DAE-48E9-8044-4A631267B4BA}.Release|x64.ActiveCfg = Release|x64
		{0BA01906-2DAE-48E9-8044-4A631267B4BA}.Release|x64.Build.0 = Release|x64
		{0BA01906-2DAE-48E9-8044-4A631267B4BA}.Release|x86.ActiveCfg = Release|Win32
		{0BA01906-2DAE-48E9-8044-4A631267B4BA}.Release|x86.Build.0 = Release|Win32
		{0BA01906-2DAE-48E9-8044-4A631267B4BA}.SGX-Simulation-Debug|ARM.ActiveCfg = Debug|x64
		{0BA01906-2DAE-48E9-8044-4A631267B4BA}.SGX-Simulation-Debug|ARM.Build.0 = Debug|x64
		{0BA01906-2DAE-48E9-8044-4A631267B4BA}.SGX-Simulation-Debug|x64.ActiveCfg = Debug|x64
		{0BA01906-2DAE-48E9-8044-4A631267B4BA}.SGX-Simulation-Debug|x64.Build.0 = Debug|x64
		{0BA01906-2DAE-48E9-8044-4A631267B4BA}.SGX-Simulation-Debug|x86.ActiveCfg = Debug|Win32
		{0BA01906-2DAE-48E9-8044-4A631267B4BA}.SGX-Simulation-Debug|x86.Build.0 = Debug|Win32
		{0BA01906-2DAE-48E9-8044-4A631267B4BA}.Simulation|ARM.ActiveCfg = Simulation|Win32
		{0BA01906-2DAE-48E9-8044-4A631267B4BA}.Simulation|x64.ActiveCfg = Simulation|x64
		{0BA01906-2DAE-48E9-8044-4A631267B4BA}.Simulation|x64.Build.0 = Simulation|x64
		{0BA01906-2DAE-48E9-8044-4A631267B4BA}.Simulation|x86.ActiveCfg = Simulation|Win32
		{0BA01906-2DAE-48E9-8044-4A631267B4BA}.Simulation|x86.Build.0 = Simulation|Win32
		{DA064898-E24B-44B9-8297-B5BE1089779F}.Debug|ARM.ActiveCfg = Debug|Win32
		{DA064898-E24B-44B9-8297-B5BE1089779F}.Debug|x64.ActiveCfg = Debug|x64
		{DA064898-E24B-44B9-8297-B5BE1089779F}.Debug|x64.Build.0 = Debug|x64
		{DA064898-E24B-44B9-8297-B5BE1089779F}.Debug|x86.ActiveCfg = Debug|Win32
		{DA064898-E24B-44B9-8297-B5BE1089779F}.Debug|x86.Build.0 = Debug|Win32
		{DA064898-E24B-44B9-8297-B5BE1089779F}.OPTEE-Simulation-Debug|ARM.ActiveCfg = Debug|x64
		{DA064898-E24B-44B9-8297-B5BE1089779F}.OPTEE-Simulation-Debug|ARM.Build.0 = Debug|x64
		{DA064898-E24B-44B9-8297-B5BE1089779F}.OPTEE-Simulation-Debug|x64.ActiveCfg = Debug|x64
		{DA064898-E24B-44B9-8297-B5BE1089779F}.OPTEE-Simulation-Debug|x64.Build.0 = Debug|x64
		{DA064898-E24B-44B9-8297-B5BE1089779F}.OPTEE-Simulation-Debug|x86.ActiveCfg = Debug|Win32
		{DA064898-E24B-44B9-8297-B5BE1089779F}.OPTEE-Simulation-Debug|x86.Build.0 = Debug|Win32
		{DA064898-E24B-44B9-8297-B5BE1089779F}.Prerelease|ARM.ActiveCfg = Prerelease|Win32
		{DA064898-E24B-44B9-8297-B5BE1089779F}.Prerelease|x64.ActiveCfg = Prerelease|x64
		{DA064898-E24B-44B9-8297-B5BE1089779F}.Prerelease|x64.Build.0 = Prerelease|x64
		{DA064898-E24B-44B9-8297-B5BE1089779F}.Prerelease|x86.ActiveCfg = Prerelease|Win32
		{DA064898-E24B-44B9-8297-B5BE1089779F}.Prerelease|x86.Build.0 = Prerelease|Win32
		{DA064898-E24B-44B9-8297-B5BE1089779F}.Release|ARM.ActiveCfg = Release|Win32
		{DA064898-E24B-44B9-8297-B5BE1089779F}.Release|x64.ActiveCfg = Release|x64
		{DA064898-E24B-44B9-8297-B5BE1089779F}.Release|x64.Build.0 = Release|x64
		{DA064898-E24B-44B9-8297-B5BE1089779F}.Release|x86.ActiveCfg = Release|Win32
		{DA064898-E24B-44B9-8297-B5BE1089779F}.Release|x86.Build.0 = Release|Win32
		{DA064898-E24B-44B9-8297-B5BE1089779F}.SGX-Simulation-Debug|ARM.ActiveCfg = Debug|x64
		{DA064898-E24B-44B9-8297-B5BE1089779F}.SGX-Simulation-Debug|ARM.Build.0 = Debug|x64
		{DA064898-E24B-44B9-8297-B5BE1089779F}.SGX-Simulation-Debug|x64.ActiveCfg = Debug|x64
		{DA064898-E24B-44B9-8297-B5BE1089779F}.SGX-Simulation-Debug|x64.Build.0 = Debug|x64
		{DA064898-E24B-44B9-8297-B5BE1089779F}.SGX-Simulation-Debug|x86.ActiveCfg = Debug|Win32
		{DA064898-E24B-44B9-8297-B5BE1089779F}.SGX-Simulation-Debug|x86.Build.0 = Debug|Win32
		{DA064898-E24B-44B9-8297-B5BE1089779F}.Simulation|ARM.ActiveCfg = Simulation|Win32
		{DA064898-E24B-44B9-8297-B5BE1089779F}.Simulation|x64.ActiveCfg = Simulation|x64
		{DA064898-E24B-44B9-8297-B5BE1089779F}.Simulation|x64.Build.0 = Simulation|x64
		{DA064898-E24B-44B9-8297-B5BE1089779F}.Simulation|x86.ActiveCfg = Simulation|Win32
		{DA064898-E24B-44B9-8297-B5BE1089779F}.Simulation|x86.Build.0 = Simulation|Win32
		{275FAC8B-B49C-4C91-B708-5ABFB9E24215}.Debug|ARM.ActiveCfg = Debug|ARM
		{275FAC8B-B49C-4C91-B708-5ABFB9E24215}.Debug|ARM.Build.0 = Debug|ARM
		{275FAC8B-B49C-4C91-B708-5ABFB9E24215}.Debug|x64.ActiveCfg = Debug|x64
		{275FAC8B-B49C-4C91-B708-5ABFB9E24215}.Debug|x64.Build.0 = Debug|x64
		{275FAC8B-B49C-4C91-B708-5ABFB9E24215}.Debug|x86.ActiveCfg = Debug|Win32
		{275FAC8B-B49C-4C91-B708-5ABFB9E24215}.Debug|x86.Build.0 = Debug|Win32
		{275FAC8B-B49C-4C91-B708-5ABFB9E24215}.OPTEE-Simulation-Debug|ARM.ActiveCfg = OPTEE-Simulation-Debug|ARM
		{275FAC8B-B49C-4C91-B708-5ABFB9E24215}.OPTEE-Simulation-Debug|ARM.Build.0 = OPTEE-Simulation-Debug|ARM
		{275FAC8B-B49C-4C91-B708-5ABFB9E24215}.OPTEE-Simulation-Debug|x64.ActiveCfg = OPTEE-Simulation-Debug|x64
		{275FAC8B-B49C-4C91-B708-5ABFB9E24215}.OPTEE-Simulation-Debug|x64.Build.0 = OPTEE-Simulation-Debug|x64
		{275FAC8B-B49C-4C91-B708-5ABFB9E24215}.OPTEE-Simulation-Debug|x86.ActiveCfg = OPTEE-Simulation-Debug|Win32
		{275FAC8B-B49C-4C91-B708-5ABFB9E24215}.OPTEE-Simulation-Debug|x86.Build.0 = OPTEE-Simulation-Debug|Win32
		{275FAC8B-B49C-4C91-B708-5ABFB9E24215}.Prerelease|ARM.ActiveCfg = OPTEE-Simulation-Debug|ARM
		{275FAC8B-B49C-4C91-B708-5ABFB9E24215}.Prerelease|ARM.Build.0 = OPTEE-Simulation-Debug|ARM
		{275FAC8B-B49C-4C91-B708-5ABFB9E24215}.Prerelease|x64.ActiveCfg = OPTEE-Simulation-Debug|x64
		{275FAC8B-B49C-4C91-B708-5ABFB9E24215}.Prerelease|x64.Build.0 = OPTEE-Simulation-Debug|x64
		{275FAC8B-B49C-4C91-B708-5ABFB9E24215}.Prerelease|x86.ActiveCfg = OPTEE-Simulation-Debug|Win32
		{275FAC8B-B49C-4C91-B708-5ABFB9E24215}.Prerelease|x86.Build.0 = OPTEE-Simulation-Debug|Win32
		{275FAC8B-B49C-4C91-B708-5ABFB9E24215}.Release|ARM.ActiveCfg = Release|ARM
		{275FAC8B-B49C-4C91-B708-5ABFB9E24215}.Release|ARM.Build.0 = Release|ARM
		{275FAC8B-B49C-4C91-B708-5ABFB9E24215}.Release|x64.ActiveCfg = Release|x64
		{275FAC8B-B49C-4C91-B708-5ABFB9E24215}.Release|x64.Build.0 = Release|x64
		{275FAC8B-B49C-4C91-B708-5ABFB9E24215}.Release|x86.ActiveCfg = Release|Win32
		{275FAC8B-B49C-4C91-B708-5ABFB9E24215}.Release|x86.Build.0 = Release|Win32
		{275FAC8B-B49C-4C91-B708-5ABFB9E24215}.SGX-Simulation-Debug|ARM.ActiveCfg = Debug|ARM
		{275FAC8B-B49C-4C91-B708-5ABFB9E24215}.SGX-Simulation-Debug|ARM.Build.0 = Debug|ARM
		{275FAC8B-B49C-4C91-B708-5ABFB9E24215}.SGX-Simulation-Debug|x64.ActiveCfg = Debug|x64
		{275FAC8B-B49C-4C91-B708-5ABFB9E24215}.SGX-Simulation-Debug|x64.Build.0 = Debug|x64
		{275FAC8B-B49C-4C91-B708-5ABFB9E24215}.SGX-Simulation-Debug|x86.ActiveCfg = Debug|Win32
		{275FAC8B-B49C-4C91-B708-5ABFB9E24215}.SGX-Simulation-Debug|x86.Build.0 = Debug|Win32
		{275FAC8B-B49C-4C91-B708-5ABFB9E24215}.Simulation|ARM.ActiveCfg = OPTEE-Simulation-Debug|ARM
		{275FAC8B-B49C-4C91-B708-5ABFB9E24215}.Simulation|ARM.Build.0 = OPTEE-Simulation-Debug|ARM
		{275FAC8B-B49C-4C91-B708-5ABFB9E24215}.Simulation|x64.ActiveCfg = OPTEE-Simulation-Debug|x64
		{275FAC8B-B49C-4C91-B708-5ABFB9E24215}.Simulation|x64.Build.0 = OPTEE-Simulation-Debug|x64
		{275FAC8B-B49C-4C91-B708-5ABFB9E24215}.Simulation|x86.ActiveCfg = Debug|Win32
		{275FAC8B-B49C-4C91-B708-5ABFB9E24215}.Simulation|x86.Build.0 = Debug|Win32
		{A4FDD39F-06AC-4F96-8AD7-65364532692F}.Debug|ARM.ActiveCfg = Debug|Win32
		{A4FDD39F-06AC-4F96-8AD7-65364532692F}.Debug|x64.ActiveCfg = Debug|x64
		{A4FDD39F-06AC-4F96-8AD7-65364532692F}.Debug|x64.Build.0 = Debug|x64
		{A4FDD39F-06AC-4F96-8AD7-65364532692F}.Debug|x86.ActiveCfg = Debug|Win32
		{A4FDD39F-06AC-4F96-8AD7-65364532692F}.Debug|x86.Build.0 = Debug|Win32
		{A4FDD39F-06AC-4F96-8AD7-65364532692F}.OPTEE-Simulation-Debug|ARM.ActiveCfg = Debug|x64
		{A4FDD39F-06AC-4F96-8AD7-65364532692F}.OPTEE-Simulation-Debug|ARM.Build.0 = Debug|x64
		{A4FDD39F-06AC-4F96-8AD7-65364532692F}.OPTEE-Simulation-Debug|x64.ActiveCfg = Debug|x64
		{A4FDD39F-06AC-4F96-8AD7-65364532692F}.OPTEE-Simulation-Debug|x64.Build.0 = Debug|x64
		{A4FDD39F-06AC-4F96-8AD7-65364532692F}.OPTEE-Simulation-Debug|x86.ActiveCfg = Debug|Win32
		{A4FDD39F-06AC-4F96-8AD7-65364532692F}.OPTEE-Simulation-Debug|x86.Build.0 = Debug|Win32
		{A4FDD39F-06AC-4F96-8AD7-65364532692F}.Prerelease|ARM.ActiveCfg = Prerelease|Win32
		{A4FDD39F-06AC-4F96-8AD7-65364532692F}.Prerelease|x64.ActiveCfg = Prerelease|x64
		{A4FDD39F-06AC-4F96-8AD7-65364532692F}.Prerelease|x64.Build.0 = Prerelease|x64
		{A4FDD39F-06AC-4F96-8AD7-65364532692F}.Prerelease|x86.ActiveCfg = Prerelease|Win32
		{A4FDD39F-06AC-4F96-8AD7-65364532692F}.Prerelease|x86.Build.0 = Prerelease|Win32
		{A4FDD39F-06AC-4F96-8AD7-65364532692F}.Release|ARM.ActiveCfg = Release|Win32
		{A4FDD39F-06AC-4F96-8AD7-65364532692F}.Release|x64.ActiveCfg = Release|x64
		{A4FDD39F-06AC-4F96-8AD7-65364532692F}.Release|x64.Build.0 = Release|x64
		{A4FDD39F-06AC-4F96-8AD7-65364532692F}.Release|x86.ActiveCfg = Release|Win32
		{A4FDD39F-06AC-4F96-8AD7-65364532692F}.Release|x86.Build.0 = Release|Win32
		{A4FDD39F-06AC-4F96-8AD7-65364532692F}.SGX-Simulation-Debug|ARM.ActiveCfg = Debug|x64
		{A4FDD39F-06AC-4F96-8AD7-65364532692F}.SGX-Simulation-Debug|ARM.Build.0 = Debug|x64
		{A4FDD39F-06AC-4F96-8AD7-65364532692F}.SGX-Simulation-Debug|x64.ActiveCfg = Debug|x64
		{A4FDD39F-06AC-4F96-8AD7-65364532692F}.SGX-Simulation-Debug|x64.Build.0 = Debug|x64
		{A4FDD39F-06AC-4F96-8AD7-65364532692F}.SGX-Simulation-Debug|x86.ActiveCfg = Debug|Win32
		{A4FDD39F-06AC-4F96-8AD7-65364532692F}.SGX-Simulation-Debug|x86.Build.0 = Debug|Win32
		{A4FDD39F-06AC-4F96-8AD7-65364532692F}.Simulation|ARM.ActiveCfg = Simulation|Win32
		{A4FDD39F-06AC-4F96-8AD7-65364532692F}.Simulation|x64.ActiveCfg = Simulation|x64
		{A4FDD39F-06AC-4F96-8AD7-65364532692F}.Simulation|x64.Build.0 = Simulation|x64
		{A4FDD39F-06AC-4F96-8AD7-65364532692F}.Simulation|x86.ActiveCfg = Simulation|Win32
		{A4FDD39F-06AC-4F96-8AD7-65364532692F}.Simulation|x86.Build.0 = Simulation|Win32
		{2A4E62EE-C5BB-4B0D-9798-3D76F2E4481B}.Debug|ARM.ActiveCfg = Debug|Win32
		{2A4E62EE-C5BB-4B0D-9798-3D76F2E4481B}.Debug|x64.ActiveCfg = Debug|x64
		{2A4E62EE-C5BB-4B0D-9798-3D76F2E4481B}.Debug|x64.Build.0 = Debug|x64
		{2A4E62EE-C5BB-4B0D-9798-3D76F2E4481B}.Debug|x86.ActiveCfg = Debug|Win32
		{2A4E62EE-C5BB-4B0D-9798-3D76F2E4481B}.Debug|x86.Build.0 = Debug|Win32
		{2A4E62EE-C5BB-4B0D-9798-3D76F2E4481B}.OPTEE-Simulation-Debug|ARM.ActiveCfg = Debug|x64
		{2A4E62EE-C5BB-4B0D-9798-3D76F2E4481B}.OPTEE-Simulation-Debug|ARM.Build.0 = Debug|x64
		{2A4E62EE-C5BB-4B0D-9798-3D76F2E4481B}.OPTEE-Simulation-Debug|x64.ActiveCfg = Debug|x64
		{2A4E62EE-C5BB-4B0D-9798-3D76F2E4481B}.OPTEE-Simulation-Debug|x64.Build.0 = Debug|x64
		{2A4E62EE-C5BB-4B0D-9798-3D76F2E4481B}.OPTEE-Simulation-Debug|x86.ActiveCfg = Debug|Win32
		{2A4E62EE-C5BB-4B0D-9798-3D76F2E4481B}.OPTEE-Simulation-Debug|x86.Build.0 = Debug|Win32
		{2A4E62EE-C5BB-4B0D-9798-3D76F2E4481B}.Prerelease|ARM.ActiveCfg = Prerelease|Win32
		{2A4E62EE-C5BB-4B0D-9798-3D76F2E4481B}.Prerelease|x64.ActiveCfg = Prerelease|x64
		{2A4E62EE-C5BB-4B0D-9798-3D76F2E4481B}.Prerelease|x64.Build.0 = Prerelease|x64
		{2A4E62EE-C5BB-4B0D-9798-3D76F2E4481B}.Prerelease|x86.ActiveCfg = Prerelease|Win32
		{2A4E62EE-C5BB-4B0D-9798-3D76F2E4481B}.Prerelease|x86.Build.0 = Prerelease|Win32
		{2A4E62EE-C5BB-4B0D-9798-3D76F2E4481B}.Release|ARM.ActiveCfg = Release|Win32
		{2A4E62EE-C5BB-4B0D-9798-3D76F2E4481B}.Release|x64.ActiveCfg = Release|x64
		{2A4E62EE-C5BB-4B0D-9798-3D76F2E4481B}.Release|x64.Build.0 = Release|x64
		{2A4E62EE-C5BB-4B0D-9798-3D76F2E4481B}.Release|x86.ActiveCfg = Release|Win32
		{2A4E62EE-C5BB-4B0D-9798-3D76F2E4481B}.Release|x86.Build.0 = Release|Win32
		{2A4E62EE-C5BB-4B0D-9798-3D76F2E4481B}.SGX-Simulation-Debug|ARM.ActiveCfg = Debug|x64
		{2A4E62EE-C5BB-4B0D-9798-3D76F2E4481B}.SGX-Simulation-Debug|ARM.Build.0 = Debug|x64
		{2A4E62EE-C5BB-4B0D-9798-3D76F2E4481B}.SGX-Simulation-Debug|x64.ActiveCfg = Debug|x64
		{2A4E62EE-C5BB-4B0D-9798-3D76F2E4481B}.SGX-Simulation-Debug|x64.Build.0 = Debug|x64
		{2A4E62EE-C5BB-4B0D-9798-3D76F2E4481B}.SGX-Simulation-Debug|x86.ActiveCfg = Debug|Win32
		{2A4E62EE-C5BB-4B0D-9798-3D76F2E4481B}.SGX-Simulation-Debug|x86.Build.0 = Debug|Win32
		{2A4E62EE-C5BB-4B0D-9798-3D76F2E4481B}.Simulation|ARM.ActiveCfg = Simulation|Win32
		{2A4E62EE-C5BB-4B0D-9798-3D76F2E4481B}.Simulation|x64.ActiveCfg = Simulation|x64
		{2A4E62EE-C5BB-4B0D-9798-3D76F2E4481B}.Simulation|x64.Build.0 = Simulation|x64
		{2A4E62EE-C5BB-4B0D-9798-3D76F2E4481B}.Simulation|x86.ActiveCfg = Simulation|Win32
		{2A4E62EE-C5BB-4B0D-9798-3D76F2E4481B}.Simulation|x86.Build.0 = Simulation|Win32
		{4D10CAF1-DDEB-4D8D-8E7A-3947B1F836F5}.Debug|ARM.ActiveCfg = Debug|Win32
		{4D10CAF1-DDEB-4D8D-8E7A-3947B1F836F5}.Debug|x64.ActiveCfg = Debug|x64
		{4D10CAF1-DDEB-4D8D-8E7A-3947B1F836F5}.Debug|x64.Build.0 = Debug|x64
		{4D10CAF1-DDEB-4D8D-8E7A-3947B1F836F5}.Debug|x86.ActiveCfg = Debug|Win32
		{4D10CAF1-DDEB-4D8D-8E7A-3947B1F836F5}.Debug|x86.Build.0 = Debug|Win32
		{4D10CAF1-DDEB-4D8D-8E7A-3947B1F836F5}.OPTEE-Simulation-Debug|ARM.ActiveCfg = Debug|x64
		{4D10CAF1-DDEB-4D8D-8E7A-3947B1F836F5}.OPTEE-Simulation-Debug|ARM.Build.0 = Debug|x64
		{4D10CAF1-DDEB-4D8D-8E7A-3947B1F836F5}.OPTEE-Simulation-Debug|x64.ActiveCfg = Debug|x64
		{4D10CAF1-DDEB-4D8D-8E7A-3947B1F836F5}.OPTEE-Simulation-Debug|x64.Build.0 = Debug|x64
		{4D10CAF1-DDEB-4D8D-8E7A-3947B1F836F5}.OPTEE-Simulation-Debug|x86.ActiveCfg = Debug|Win32
		{4D10CAF1-DDEB-4D8D-8E7A-3947B1F836F5}.OPTEE-Simulation-Debug|x86.Build.0 = Debug|Win32
		{4D10CAF1-DDEB-4D8D-8E7A-3947B1F836F5}.Prerelease|ARM.ActiveCfg = Prerelease|Win32
		{4D10CAF1-DDEB-4D8D-8E7A-3947B1F836F5}.Prerelease|x64.ActiveCfg = Prerelease|x64
		{4D10CAF1-DDEB-4D8D-8E7A-3947B1F836F5}.Prerelease|x64.Build.0 = Prerelease|x64
		{4D10CAF1-DDEB-4D8D-8E7A-3947B1F836F5}.Prerelease|x86.ActiveCfg = Prerelease|Win32
		{4D10CAF1-DDEB-4D8D-8E7A-3947B1F836F5}.Prerelease|x86.Build.0 = Prerelease|Win32
		{4D10CAF1-DDEB-4D8D-8E7A-3947B1F836F5}.Release|ARM.ActiveCfg = Release|Win32
		{4D10CAF1-DDEB-4D8D-8E7A-3947B1F836F5}.Release|x64.ActiveCfg = Release|x64
		{4D10CAF1-DDEB-4D8D-8E7A-3947B1F836F5}.Release|x64.Build.0 = Release|x64
		{4D10CAF1-DDEB-4D8D-8E7A-3947B1F836F5}.Release|x86.ActiveCfg = Release|Win32
		{4D10CAF1-DDEB-4D8D-8E7A-3947B1F836F5}.Release|x86.Build.0 = Release|Win32
		{4D10CAF1-DDEB-4D8D-8E7A-3947B1F836F5}.SGX-Simulation-Debug|ARM.ActiveCfg = Debug|x64
		{4D10CAF1-DDEB-4D8D-8E7A-3947B1F836F5}.SGX-Simulation-Debug|ARM.Build.0 = Debug|x64
		{4D10CAF1-DDEB-4D8D-8E7A-3947B1F836F5}.SGX-Simulation-Debug|x64.ActiveCfg = Debug|x64
		{4D10CAF1-DDEB-4D8D-8E7A-3947B1F836F5}.SGX-Simulation-Debug|x64.Build.0 = Debug|x64
		{4D10CAF1-DDEB-4D8D-8E7A-3947B1F836F5}.SGX-Simulation-Debug|x86.ActiveCfg = Debug|Win32
		{4D10CAF1-DDEB-4D8D-8E7A-3947B1F836F5}.SGX-Simulation-Debug|x86.Build.0 = Debug|Win32
		{4D10CAF1-DDEB-4D8D-8E7A-3947B1F836F5}.Simulation|ARM.ActiveCfg = Simulation|Win32
		{4D10CAF1-DDEB-4D8D-8E7A-3947B1F836F5}.Simulation|x64.ActiveCfg = Simulation|x64
		{4D10CAF1-DDEB-4D8D-8E7A-3947B1F836F5}.Simulation|x64.Build.0 = Simulation|x64
		{4D10CAF1-DDEB-4D8D-8E7A-3947B1F836F5}.Simulation|x86.ActiveCfg = Simulation|Win32
		{4D10CAF1-DDEB-4D8D-8E7A-3947B1F836F5}.Simulation|x86.Build.0 = Simulation|Win32
		{548E7DAA-9A94-4826-B054-DAA20DCC9C9C}.Debug|ARM.ActiveCfg = Debug|Win32
		{548E7DAA-9A94-4826-B054-DAA20DCC9C9C}.Debug|x64.ActiveCfg = Debug|x64
		{548E7DAA-9A94-4826-B054-DAA20DCC9C9C}.Debug|x64.Build.0 = Debug|x64
		{548E7DAA-9A94-4826-B054-DAA20DCC9C9C}.Debug|x86.ActiveCfg = Debug|Win32
		{548E7DAA-9A94-4826-B054-DAA20DCC9C9C}.Debug|x86.Build.0 = Debug|Win32
		{548E7DAA-9A94-4826-B054-DAA20DCC9C9C}.OPTEE-Simulation-Debug|ARM.ActiveCfg = OPTEE-Simulation-Debug|ARM
		{548E7DAA-9A94-4826-B054-DAA20DCC9C9C}.OPTEE-Simulation-Debug|ARM.Build.0 = OPTEE-Simulation-Debug|ARM
		{548E7DAA-9A94-4826-B054-DAA20DCC9C9C}.OPTEE-Simulation-Debug|x64.ActiveCfg = OPTEE-Simulation-Debug|x64
		{548E7DAA-9A94-4826-B054-DAA20DCC9C9C}.OPTEE-Simulation-Debug|x64.Build.0 = OPTEE-Simulation-Debug|x64
		{548E7DAA-9A94-4826-B054-DAA20DCC9C9C}.OPTEE-Simulation-Debug|x86.ActiveCfg = OPTEE-Simulation-Debug|Win32
		{548E7DAA-9A94-4826-B054-DAA20DCC9C9C}.OPTEE-Simulation-Debug|x86.Build.0 = OPTEE-Simulation-Debug|Win32
		{548E7DAA-9A94-4826-B054-DAA20DCC9C9C}.Prerelease|ARM.ActiveCfg = Prerelease|Win32
		{548E7DAA-9A94-4826-B054-DAA20DCC9C9C}.Prerelease|x64.ActiveCfg = Prerelease|x64
		{548E7DAA-9A94-4826-B054-DAA20DCC9C9C}.Prerelease|x64.Build.0 = Prerelease|x64
		{548E7DAA-9A94-4826-B054-DAA20DCC9C9C}.Prerelease|x86.ActiveCfg = Prerelease|Win32
		{548E7DAA-9A94-4826-B054-DAA20DCC9C9C}.Prerelease|x86.Build.0 = Prerelease|Win32
		{548E7DAA-9A94-4826-B054-DAA20DCC9C9C}.Release|ARM.ActiveCfg = Release|Win32
		{548E7DAA-9A94-4826-B054-DAA20DCC9C9C}.Release|x64.ActiveCfg = Release|x64
		{548E7DAA-9A94-4826-B054-DAA20DCC9C9C}.Release|x64.Build.0 = Release|x64
		{548E7DAA-9A94-4826-B054-DAA20DCC9C9C}.Release|x86.ActiveCfg = Release|Win32
		{548E7DAA-9A94-4826-B054-DAA20DCC9C9C}.Release|x86.Build.0 = Release|Win32
		{548E7DAA-9A94-4826-B054-DAA20DCC9C9C}.SGX-Simulation-Debug|ARM.ActiveCfg = SGX-Simulation-Debug|Win32
		{548E7DAA-9A94-4826-B054-DAA20DCC9C9C}.SGX-Simulation-Debug|x64.ActiveCfg = SGX-Simulation-Debug|x64
		{548E7DAA-9A94-4826-B054-DAA20DCC9C9C}.SGX-Simulation-Debug|x64.Build.0 = SGX-Simulation-Debug|x64
		{548E7DAA-9A94-4826-B054-DAA20DCC9C9C}.SGX-Simulation-Debug|x86.ActiveCfg = SGX-Simulation-Debug|Win32
		{548E7DAA-9A94-4826-B054-DAA20DCC9C9C}.SGX-Simulation-Debug|x86.Build.0 = SGX-Simulation-Debug|Win32
		{548E7DAA-9A94-4826-B054-DAA20DCC9C9C}.Simulation|ARM.ActiveCfg = OPTEE-Simulation-Debug|ARM
		{548E7DAA-9A94-4826-B054-DAA20DCC9C9C}.Simulation|ARM.Build.0 = OPTEE-Simulation-Debug|ARM
		{548E7DAA-9A94-4826-B054-DAA20DCC9C9C}.Simulation|x64.ActiveCfg = SGX-Simulation-Debug|x64
		{548E7DAA-9A94-4826-B054-DAA20DCC9C9C}.Simulation|x64.Build.0 = SGX-Simulation-Debug|x64
		{548E7DAA-9A94-4826-B054-DAA20DCC9C9C}.Simulation|x86.ActiveCfg = SGX-Simulation-Debug|Win32
		{548E7DAA-9A94-4826-B054-DAA20DCC9C9C}.Simulation|x86.Build.0 = SGX-Simulation-Debug|Win32
		{94D75F35-541B-4EF0-A3F0-E8E87F29243C}.Debug|ARM.ActiveCfg = Debug|Win32
		{94D75F35-541B-4EF0-A3F0-E8E87F29243C}.Debug|x64.ActiveCfg = Debug|x64
		{94D75F35-541B-4EF0-A3F0-E8E87F29243C}.Debug|x64.Build.0 = Debug|x64
		{94D75F35-541B-4EF0-A3F0-E8E87F29243C}.Debug|x86.ActiveCfg = Debug|Win32
		{94D75F35-541B-4EF0-A3F0-E8E87F29243C}.Debug|x86.Build.0 = Debug|Win32
		{94D75F35-541B-4EF0-A3F0-E8E87F29243C}.OPTEE-Simulation-Debug|ARM.ActiveCfg = OPTEE-Simulation-Debug|ARM
		{94D75F35-541B-4EF0-A3F0-E8E87F29243C}.OPTEE-Simulation-Debug|ARM.Build.0 = OPTEE-Simulation-Debug|ARM
		{94D75F35-541B-4EF0-A3F0-E8E87F29243C}.OPTEE-Simulation-Debug|x64.ActiveCfg = OPTEE-Simulation-Debug|x64
		{94D75F35-541B-4EF0-A3F0-E8E87F29243C}.OPTEE-Simulation-Debug|x64.Build.0 = OPTEE-Simulation-Debug|x64
		{94D75F35-541B-4EF0-A3F0-E8E87F29243C}.OPTEE-Simulation-Debug|x86.ActiveCfg = OPTEE-Simulation-Debug|Win32
		{94D75F35-541B-4EF0-A3F0-E8E87F29243C}.OPTEE-Simulation-Debug|x86.Build.0 = OPTEE-Simulation-Debug|Win32
		{94D75F35-541B-4EF0-A3F0-E8E87F29243C}.Prerelease|ARM.ActiveCfg = Prerelease|Win32
		{94D75F35-541B-4EF0-A3F0-E8E87F29243C}.Prerelease|x64.ActiveCfg = Prerelease|x64
		{94D75F35-541B-4EF0-A3F0-E8E87F29243C}.Prerelease|x64.Build.0 = Prerelease|x64
		{94D75F35-541B-4EF0-A3F0-E8E87F29243C}.Prerelease|x86.ActiveCfg = Prerelease|Win32
		{94D75F35-541B-4EF0-A3F0-E8E87F29243C}.Prerelease|x86.Build.0 = Prerelease|Win32
		{94D75F35-541B-4EF0-A3F0-E8E87F29243C}.Release|ARM.ActiveCfg = Release|Win32
		{94D75F35-541B-4EF0-A3F0-E8E87F29243C}.Release|x64.ActiveCfg = Release|x64
		{94D75F35-541B-4EF0-A3F0-E8E87F29243C}.Release|x64.Build.0 = Release|x64
		{94D75F35-541B-4EF0-A3F0-E8E87F29243C}.Release|x86.ActiveCfg = Release|Win32
		{94D75F35-541B-4EF0-A3F0-E8E87F29243C}.Release|x86.Build.0 = Release|Win32
		{94D75F35-541B-4EF0-A3F0-E8E87F29243C}.SGX-Simulation-Debug|ARM.ActiveCfg = SGX-Simulation-Debug|Win32
		{94D75F35-541B-4EF0-A3F0-E8E87F29243C}.SGX-Simulation-Debug|x64.ActiveCfg = SGX-Simulation-Debug|x64
		{94D75F35-541B-4EF0-A3F0-E8E87F29243C}.SGX-Simulation-Debug|x64.Build.0 = SGX-Simulation-Debug|x64
		{94D75F35-541B-4EF0-A3F0-E8E87F29243C}.SGX-Simulation-Debug|x86.ActiveCfg = SGX-Simulation-Debug|Win32
		{94D75F35-541B-4EF0-A3F0-E8E87F29243C}.SGX-Simulation-Debug|x86.Build.0 = SGX-Simulation-Debug|Win32
		{94D75F35-541B-4EF0-A3F0-E8E87F29243C}.Simulation|ARM.ActiveCfg = OPTEE-Simulation-Debug|ARM
		{94D75F35-541B-4EF0-A3F0-E8E87F29243C}.Simulation|ARM.Build.0 = OPTEE-Simulation-Debug|ARM
		{94D75F35-541B-4EF0-A3F0-E8E87F29243C}.Simulation|x64.ActiveCfg = SGX-Simulation-Debug|x64
		{94D75F35-541B-4EF0-A3F0-E8E87F29243C}.Simulation|x64.Build.0 = SGX-Simulation-Debug|x64
		{94D75F35-541B-4EF0-A3F0-E8E87F29243C}.Simulation|x86.ActiveCfg = SGX-Simulation-Debug|Win32
		{94D75F35-541B-4EF0-A3F0-E8E87F29243C}.Simulation|x86.Build.0 = SGX-Simulation-Debug|Win32
		{CE2A4144-8EAF-477C-84AF-1717677C3A06}.Debug|ARM.ActiveCfg = Debug|ARM
		{CE2A4144-8EAF-477C-84AF-1717677C3A06}.Debug|ARM.Build.0 = Debug|ARM
		{CE2A4144-8EAF-477C-84AF-1717677C3A06}.Debug|x64.ActiveCfg = Debug|x64
		{CE2A4144-8EAF-477C-84AF-1717677C3A06}.Debug|x64.Build.0 = Debug|x64
		{CE2A4144-8EAF-477C-84AF-1717677C3A06}.Debug|x86.ActiveCfg = Debug|Win32
		{CE2A4144-8EAF-477C-84AF-1717677C3A06}.Debug|x86.Build.0 = Debug|Win32
		{CE2A4144-8EAF-477C-84AF-1717677C3A06}.OPTEE-Simulation-Debug|ARM.ActiveCfg = OPTEE-Simulation-Debug|ARM
		{CE2A4144-8EAF-477C-84AF-1717677C3A06}.OPTEE-Simulation-Debug|ARM.Build.0 = OPTEE-Simulation-Debug|ARM
		{CE2A4144-8EAF-477C-84AF-1717677C3A06}.OPTEE-Simulation-Debug|x64.ActiveCfg = OPTEE-Simulation-Debug|x64
		{CE2A4144-8EAF-477C-84AF-1717677C3A06}.OPTEE-Simulation-Debug|x64.Build.0 = OPTEE-Simulation-Debug|x64
		{CE2A4144-8EAF-477C-84AF-1717677C3A06}.OPTEE-Simulation-Debug|x86.ActiveCfg = OPTEE-Simulation-Debug|Win32
		{CE2A4144-8EAF-477C-84AF-1717677C3A06}.OPTEE-Simulation-Debug|x86.Build.0 = OPTEE-Simulation-Debug|Win32
		{CE2A4144-8EAF-477C-84AF-1717677C3A06}.Prerelease|ARM.ActiveCfg = Release|ARM
		{CE2A4144-8EAF-477C-84AF-1717677C3A06}.Prerelease|ARM.Build.0 = Release|ARM
		{CE2A4144-8EAF-477C-84AF-1717677C3A06}.Prerelease|x64.ActiveCfg = Release|x64
		{CE2A4144-8EAF-477C-84AF-1717677C3A06}.Prerelease|x64.Build.0 = Release|x64
		{CE2A4144-8EAF-477C-84AF-1717677C3A06}.Prerelease|x86.ActiveCfg = Release|Win32
		{CE2A4144-8EAF-477C-84AF-1717677C3A06}.Prerelease|x86.Build.0 = Release|Win32
		{CE2A4144-8EAF-477C-84AF-1717677C3A06}.Release|ARM.ActiveCfg = Release|ARM
		{CE2A4144-8EAF-477C-84AF-1717677C3A06}.Release|ARM.Build.0 = Release|ARM
		{CE2A4144-8EAF-477C-84AF-1717677C3A06}.Release|x64.ActiveCfg = Release|x64
		{CE2A4144-8EAF-477C-84AF-1717677C3A06}.Release|x64.Build.0 = Release|x64
		{CE2A4144-8EAF-477C-84AF-1717677C3A06}.Release|x86.ActiveCfg = Release|Win32
		{CE2A4144-8EAF-477C-84AF-1717677C3A06}.Release|x86.Build.0 = Release|Win32
		{CE2A4144-8EAF-477C-84AF-1717677C3A06}.SGX-Simulation-Debug|ARM.ActiveCfg = SGX-Simulation-Debug|ARM
		{CE2A4144-8EAF-477C-84AF-1717677C3A06}.SGX-Simulation-Debug|ARM.Build.0 = SGX-Simulation-Debug|ARM
		{CE2A4144-8EAF-477C-84AF-1717677C3A06}.SGX-Simulation-Debug|x64.ActiveCfg = SGX-Simulation-Debug|x64
		{CE2A4144-8EAF-477C-84AF-1717677C3A06}.SGX-Simulation-Debug|x64.Build.0 = SGX-Simulation-Debug|x64
		{CE2A4144-8EAF-477C-84AF-1717677C3A06}.SGX-Simulation-Debug|x86.ActiveCfg = SGX-Simulation-Debug|Win32
		{CE2A4144-8EAF-477C-84AF-1717677C3A06}.SGX-Simulation-Debug|x86.Build.0 = SGX-Simulation-Debug|Win32
		{CE2A4144-8EAF-477C-84AF-1717677C3A06}.Simulation|ARM.ActiveCfg = Release|ARM
		{CE2A4144-8EAF-477C-84AF-1717677C3A06}.Simulation|ARM.Build.0 = Release|ARM
		{CE2A4144-8EAF-477C-84AF-1717677C3A06}.Simulation|x64.ActiveCfg = Release|x64
		{CE2A4144-8EAF-477C-84AF-1717677C3A06}.Simulation|x64.Build.0 = Release|x64
		{CE2A4144-8EAF-477C-84AF-1717677C3A06}.Simulation|x86.ActiveCfg = Debug|Win32
		{CE2A4144-8EAF-477C-84AF-1717677C3A06}.Simulation|x86.Build.0 = Debug|Win32
		{254F72E3-68F4-4490-9EEA-37DBC236810C}.Debug|ARM.ActiveCfg = Debug|Win32
		{254F72E3-68F4-4490-9EEA-37DBC236810C}.Debug|x64.ActiveCfg = Debug|x64
		{254F72E3-68F4-4490-9EEA-37DBC236810C}.Debug|x64.Build.0 = Debug|x64
		{254F72E3-68F4-4490-9EEA-37DBC236810C}.Debug|x86.ActiveCfg = Debug|Win32
		{254F72E3-68F4-4490-9EEA-37DBC236810C}.Debug|x86.Build.0 = Debug|Win32
		{254F72E3-68F4-4490-9EEA-37DBC236810C}.OPTEE-Simulation-Debug|ARM.ActiveCfg = OPTEE-Simulation-Debug|x64
		{254F72E3-68F4-4490-9EEA-37DBC236810C}.OPTEE-Simulation-Debug|ARM.Build.0 = OPTEE-Simulation-Debug|x64
		{254F72E3-68F4-4490-9EEA-37DBC236810C}.OPTEE-Simulation-Debug|x64.ActiveCfg = OPTEE-Simulation-Debug|x64
		{254F72E3-68F4-4490-9EEA-37DBC236810C}.OPTEE-Simulation-Debug|x64.Build.0 = OPTEE-Simulation-Debug|x64
		{254F72E3-68F4-4490-9EEA-37DBC236810C}.OPTEE-Simulation-Debug|x86.ActiveCfg = OPTEE-Simulation-Debug|Win32
		{254F72E3-68F4-4490-9EEA-37DBC236810C}.OPTEE-Simulation-Debug|x86.Build.0 = OPTEE-Simulation-Debug|Win32
		{254F72E3-68F4-4490-9EEA-37DBC236810C}.Prerelease|ARM.ActiveCfg = Release|x64
		{254F72E3-68F4-4490-9EEA-37DBC236810C}.Prerelease|ARM.Build.0 = Release|x64
		{254F72E3-68F4-4490-9EEA-37DBC236810C}.Prerelease|x64.ActiveCfg = Release|x64
		{254F72E3-68F4-4490-9EEA-37DBC236810C}.Prerelease|x64.Build.0 = Release|x64
		{254F72E3-68F4-4490-9EEA-37DBC236810C}.Prerelease|x86.ActiveCfg = Release|Win32
		{254F72E3-68F4-4490-9EEA-37DBC236810C}.Prerelease|x86.Build.0 = Release|Win32
		{254F72E3-68F4-4490-9EEA-37DBC236810C}.Release|ARM.ActiveCfg = Release|Win32
		{254F72E3-68F4-4490-9EEA-37DBC236810C}.Release|x64.ActiveCfg = Release|x64
		{254F72E3-68F4-4490-9EEA-37DBC236810C}.Release|x64.Build.0 = Release|x64
		{254F72E3-68F4-4490-9EEA-37DBC236810C}.Release|x86.ActiveCfg = Release|Win32
		{254F72E3-68F4-4490-9EEA-37DBC236810C}.Release|x86.Build.0 = Release|Win32
		{254F72E3-68F4-4490-9EEA-37DBC236810C}.SGX-Simulation-Debug|ARM.ActiveCfg = Debug|x64
		{254F72E3-68F4-4490-9EEA-37DBC236810C}.SGX-Simulation-Debug|ARM.Build.0 = Debug|x64
		{254F72E3-68F4-4490-9EEA-37DBC236810C}.SGX-Simulation-Debug|x64.ActiveCfg = Debug|x64
		{254F72E3-68F4-4490-9EEA-37DBC236810C}.SGX-Simulation-Debug|x64.Build.0 = Debug|x64
		{254F72E3-68F4-4490-9EEA-37DBC236810C}.SGX-Simulation-Debug|x86.ActiveCfg = Debug|Win32
		{254F72E3-68F4-4490-9EEA-37DBC236810C}.SGX-Simulation-Debug|x86.Build.0 = Debug|Win32
		{254F72E3-68F4-4490-9EEA-37DBC236810C}.Simulation|ARM.ActiveCfg = Release|x64
		{254F72E3-68F4-4490-9EEA-37DBC236810C}.Simulation|ARM.Build.0 = Release|x64
		{254F72E3-68F4-4490-9EEA-37DBC236810C}.Simulation|x64.ActiveCfg = Release|x64
		{254F72E3-68F4-4490-9EEA-37DBC236810C}.Simulation|x64.Build.0 = Release|x64
		{254F72E3-68F4-4490-9EEA-37DBC236810C}.Simulation|x86.ActiveCfg = Debug|Win32
		{254F72E3-68F4-4490-9EEA-37DBC236810C}.Simulation|x86.Build.0 = Debug|Win32
		{B1903274-432E-483E-9689-87086C80DB54}.Debug|ARM.ActiveCfg = Debug|ARM
		{B1903274-432E-483E-9689-87086C80DB54}.Debug|ARM.Build.0 = Debug|ARM
		{B1903274-432E-483E-9689-87086C80DB54}.Debug|x64.ActiveCfg = Debug|x64
		{B1903274-432E-483E-9689-87086C80DB54}.Debug|x64.Build.0 = Debug|x64
		{B1903274-432E-483E-9689-87086C80DB54}.Debug|x86.ActiveCfg = Debug|Win32
		{B1903274-432E-483E-9689-87086C80DB54}.Debug|x86.Build.0 = Debug|Win32
		{B1903274-432E-483E-9689-87086C80DB54}.OPTEE-Simulation-Debug|ARM.ActiveCfg = OPTEE-Simulation-Debug|ARM
		{B1903274-432E-483E-9689-87086C80DB54}.OPTEE-Simulation-Debug|ARM.Build.0 = OPTEE-Simulation-Debug|ARM
		{B1903274-432E-483E-9689-87086C80DB54}.OPTEE-Simulation-Debug|x64.ActiveCfg = OPTEE-Simulation-Debug|x64
		{B1903274-432E-483E-9689-87086C80DB54}.OPTEE-Simulation-Debug|x64.Build.0 = OPTEE-Simulation-Debug|x64
		{B1903274-432E-483E-9689-87086C80DB54}.OPTEE-Simulation-Debug|x86.ActiveCfg = OPTEE-Simulation-Debug|Win32
		{B1903274-432E-483E-9689-87086C80DB54}.OPTEE-Simulation-Debug|x86.Build.0 = OPTEE-Simulation-Debug|Win32
		{B1903274-432E-483E-9689-87086C80DB54}.Prerelease|ARM.ActiveCfg = Release|ARM
		{B1903274-432E-483E-9689-87086C80DB54}.Prerelease|ARM.Build.0 = Release|ARM
		{B1903274-432E-483E-9689-87086C80DB54}.Prerelease|x64.ActiveCfg = Release|x64
		{B1903274-432E-483E-9689-87086C80DB54}.Prerelease|x64.Build.0 = Release|x64
		{B1903274-432E-483E-9689-87086C80DB54}.Prerelease|x86.ActiveCfg = Release|Win32
		{B1903274-432E-483E-9689-87086C80DB54}.Prerelease|x86.Build.0 = Release|Win32
		{B1903274-432E-483E-9689-87086C80DB54}.Release|ARM.ActiveCfg = Release|ARM
		{B1903274-432E-483E-9689-87086C80DB54}.Release|ARM.Build.0 = Release|ARM
		{B1903274-432E-483E-9689-87086C80DB54}.Release|x64.ActiveCfg = Release|x64
		{B1903274-432E-483E-9689-87086C80DB54}.Release|x64.Build.0 = Release|x64
		{B1903274-432E-483E-9689-87086C80DB54}.Release|x86.ActiveCfg = Release|Win32
		{B1903274-432E-483E-9689-87086C80DB54}.Release|x86.Build.0 = Release|Win32
		{B1903274-432E-483E-9689-87086C80DB54}.SGX-Simulation-Debug|ARM.ActiveCfg = SGX-Simulation-Debug|ARM
		{B1903274-432E-483E-9689-87086C80DB54}.SGX-Simulation-Debug|ARM.Build.0 = SGX-Simulation-Debug|ARM
		{B1903274-432E-483E-9689-87086C80DB54}.SGX-Simulation-Debug|x64.ActiveCfg = SGX-Simulation-Debug|x64
		{B1903274-432E-483E-9689-87086C80DB54}.SGX-Simulation-Debug|x64.Build.0 = SGX-Simulation-Debug|x64
		{B1903274-432E-483E-9689-87086C80DB54}.SGX-Simulation-Debug|x86.ActiveCfg = SGX-Simulation-Debug|Win32
		{B1903274-432E-483E-9689-87086C80DB54}.SGX-Simulation-Debug|x86.Build.0 = SGX-Simulation-Debug|Win32
		{B1903274-432E-483E-9689-87086C80DB54}.Simulation|ARM.ActiveCfg = Release|ARM
		{B1903274-432E-483E-9689-87086C80DB54}.Simulation|ARM.Build.0 = Release|ARM
		{B1903274-432E-483E-9689-87086C80DB54}.Simulation|x64.ActiveCfg = Release|x64
		{B1903274-432E-483E-9689-87086C80DB54}.Simulation|x64.Build.0 = Release|x64
		{B1903274-432E-483E-9689-87086C80DB54}.Simulation|x86.ActiveCfg = SGX-Simulation-Debug|Win32
		{B1903274-432E-483E-9689-87086C80DB54}.Simulation|x86.Build.0 = SGX-Simulation-Debug|Win32
		{0D5AC8AE-35D9-4F5C-B74C-F0FF75F03497}.Debug|ARM.ActiveCfg = Debug|ARM
		{0D5AC8AE-35D9-4F5C-B74C-F0FF75F03497}.Debug|ARM.Build.0 = Debug|ARM
		{0D5AC8AE-35D9-4F5C-B74C-F0FF75F03497}.Debug|x64.ActiveCfg = Debug|x64
		{0D5AC8AE-35D9-4F5C-B74C-F0FF75F03497}.Debug|x64.Build.0 = Debug|x64
		{0D5AC8AE-35D9-4F5C-B74C-F0FF75F03497}.Debug|x86.ActiveCfg = Debug|Win32
		{0D5AC8AE-35D9-4F5C-B74C-F0FF75F03497}.Debug|x86.Build.0 = Debug|Win32
		{0D5AC8AE-35D9-4F5C-B74C-F0FF75F03497}.OPTEE-Simulation-Debug|ARM.ActiveCfg = OPTEE-Simulation-Debug|ARM
		{0D5AC8AE-35D9-4F5C-B74C-F0FF75F03497}.OPTEE-Simulation-Debug|ARM.Build.0 = OPTEE-Simulation-Debug|ARM
		{0D5AC8AE-35D9-4F5C-B74C-F0FF75F03497}.OPTEE-Simulation-Debug|x64.ActiveCfg = OPTEE-Simulation-Debug|x64
		{0D5AC8AE-35D9-4F5C-B74C-F0FF75F03497}.OPTEE-Simulation-Debug|x64.Build.0 = OPTEE-Simulation-Debug|x64
		{0D5AC8AE-35D9-4F5C-B74C-F0FF75F03497}.OPTEE-Simulation-Debug|x86.ActiveCfg = OPTEE-Simulation-Debug|Win32
		{0D5AC8AE-35D9-4F5C-B74C-F0FF75F03497}.OPTEE-Simulation-Debug|x86.Build.0 = OPTEE-Simulation-Debug|Win32
		{0D5AC8AE-35D9-4F5C-B74C-F0FF75F03497}.Prerelease|ARM.ActiveCfg = Release|ARM
		{0D5AC8AE-35D9-4F5C-B74C-F0FF75F03497}.Prerelease|ARM.Build.0 = Release|ARM
		{0D5AC8AE-35D9-4F5C-B74C-F0FF75F03497}.Prerelease|x64.ActiveCfg = Release|x64
		{0D5AC8AE-35D9-4F5C-B74C-F0FF75F03497}.Prerelease|x64.Build.0 = Release|x64
		{0D5AC8AE-35D9-4F5C-B74C-F0FF75F03497}.Prerelease|x86.ActiveCfg = Release|Win32
		{0D5AC8AE-35D9-4F5C-B74C-F0FF75F03497}.Prerelease|x86.Build.0 = Release|Win32
		{0D5AC8AE-35D9-4F5C-B74C-F0FF75F03497}.Release|ARM.ActiveCfg = Release|ARM
		{0D5AC8AE-35D9-4F5C-B74C-F0FF75F03497}.Release|ARM.Build.0 = Release|ARM
		{0D5AC8AE-35D9-4F5C-B74C-F0FF75F03497}.Release|x64.ActiveCfg = Release|x64
		{0D5AC8AE-35D9-4F5C-B74C-F0FF75F03497}.Release|x64.Build.0 = Release|x64
		{0D5AC8AE-35D9-4F5C-B74C-F0FF75F03497}.Release|x86.ActiveCfg = Release|Win32
		{0D5AC8AE-35D9-4F5C-B74C-F0FF75F03497}.Release|x86.Build.0 = Release|Win32
		{0D5AC8AE-35D9-4F5C-B74C-F0FF75F03497}.SGX-Simulation-Debug|ARM.ActiveCfg = SGX-Simulation-Debug|ARM
		{0D5AC8AE-35D9-4F5C-B74C-F0FF75F03497}.SGX-Simulation-Debug|ARM.Build.0 = SGX-Simulation-Debug|ARM
		{0D5AC8AE-35D9-4F5C-B74C-F0FF75F03497}.SGX-Simulation-Debug|x64.ActiveCfg = SGX-Simulation-Debug|x64
		{0D5AC8AE-35D9-4F5C-B74C-F0FF75F03497}.SGX-Simulation-Debug|x64.Build.0 = SGX-Simulation-Debug|x64
		{0D5AC8AE-35D9-4F5C-B74C-F0FF75F03497}.SGX-Simulation-Debug|x86.ActiveCfg = SGX-Simulation-Debug|Win32
		{0D5AC8AE-35D9-4F5C-B74C-F0FF75F03497}.SGX-Simulation-Debug|x86.Build.0 = SGX-Simulation-Debug|Win32
		{0D5AC8AE-35D9-4F5C-B74C-F0FF75F03497}.Simulation|ARM.ActiveCfg = Release|ARM
		{0D5AC8AE-35D9-4F5C-B74C-F0FF75F03497}.Simulation|ARM.Build.0 = Release|ARM
		{0D5AC8AE-35D9-4F5C-B74C-F0FF75F03497}.Simulation|x64.ActiveCfg = Release|x64
		{0D5AC8AE-35D9-4F5C-B74C-F0FF75F03497}.Simulation|x64.Build.0 = Release|x64
		{0D5AC8AE-35D9-4F5C-B74C-F0FF75F03497}.Simulation|x86.ActiveCfg = SGX-Simulation-Debug|Win32
		{0D5AC8AE-35D9-4F5C-B74C-F0FF75F03497}.Simulation|x86.Build.0 = SGX-Simulation-Debug|Win32
		{213ACB9D-9134-4BC8-AA44-B01E13DF0C88}.Debug|ARM.ActiveCfg = Debug|Win32
		{213ACB9D-9134-4BC8-AA44-B01E13DF0C88}.Debug|x64.ActiveCfg = Debug|x64
		{213ACB9D-9134-4BC8-AA44-B01E13DF0C88}.Debug|x64.Build.0 = Debug|x64
		{213ACB9D-9134-4BC8-AA44-B01E13DF0C88}.Debug|x86.ActiveCfg = Debug|Win32
		{213ACB9D-9134-4BC8-AA44-B01E13DF0C88}.Debug|x86.Build.0 = Debug|Win32
		{213ACB9D-9134-4BC8-AA44-B01E13DF0C88}.OPTEE-Simulation-Debug|ARM.ActiveCfg = OPTEE-Simulation-Debug|ARM
		{213ACB9D-9134-4BC8-AA44-B01E13DF0C88}.OPTEE-Simulation-Debug|ARM.Build.0 = OPTEE-Simulation-Debug|ARM
		{213ACB9D-9134-4BC8-AA44-B01E13DF0C88}.OPTEE-Simulation-Debug|x64.ActiveCfg = OPTEE-Simulation-Debug|x64
		{213ACB9D-9134-4BC8-AA44-B01E13DF0C88}.OPTEE-Simulation-Debug|x64.Build.0 = OPTEE-Simulation-Debug|x64
		{213ACB9D-9134-4BC8-AA44-B01E13DF0C88}.OPTEE-Simulation-Debug|x86.ActiveCfg = OPTEE-Simulation-Debug|Win32
		{213ACB9D-9134-4BC8-AA44-B01E13DF0C88}.OPTEE-Simulation-Debug|x86.Build.0 = OPTEE-Simulation-Debug|Win32
		{213ACB9D-9134-4BC8-AA44-B01E13DF0C88}.Prerelease|ARM.ActiveCfg = Prerelease|Win32
		{213ACB9D-9134-4BC8-AA44-B01E13DF0C88}.Prerelease|x64.ActiveCfg = Prerelease|x64
		{213ACB9D-9134-4BC8-AA44-B01E13DF0C88}.Prerelease|x64.Build.0 = Prerelease|x64
		{213ACB9D-9134-4BC8-AA44-B01E13DF0C88}.Prerelease|x86.ActiveCfg = Prerelease|Win32
		{213ACB9D-9134-4BC8-AA44-B01E13DF0C88}.Prerelease|x86.Build.0 = Prerelease|Win32
		{213ACB9D-9134-4BC8-AA44-B01E13DF0C88}.Release|ARM.ActiveCfg = Release|Win32
		{213ACB9D-9134-4BC8-AA44-B01E13DF0C88}.Release|x64.ActiveCfg = Release|x64
		{213ACB9D-9134-4BC8-AA44-B01E13DF0C88}.Release|x64.Build.0 = Release|x64
		{213ACB9D-9134-4BC8-AA44-B01E13DF0C88}.Release|x86.ActiveCfg = Release|Win32
		{213ACB9D-9134-4BC8-AA44-B01E13DF0C88}.Release|x86.Build.0 = Release|Win32
		{213ACB9D-9134-4BC8-AA44-B01E13DF0C88}.SGX-Simulation-Debug|ARM.ActiveCfg = SGX-Simulation-Debug|Win32
		{213ACB9D-9134-4BC8-AA44-B01E13DF0C88}.SGX-Simulation-Debug|x64.ActiveCfg = SGX-Simulation-Debug|x64
		{213ACB9D-9134-4BC8-AA44-B01E13DF0C88}.SGX-Simulation-Debug|x64.Build.0 = SGX-Simulation-Debug|x64
		{213ACB9D-9134-4BC8-AA44-B01E13DF0C88}.SGX-Simulation-Debug|x86.ActiveCfg = SGX-Simulation-Debug|Win32
		{213ACB9D-9134-4BC8-AA44-B01E13DF0C88}.SGX-Simulation-Debug|x86.Build.0 = SGX-Simulation-Debug|Win32
		{213ACB9D-9134-4BC8-AA44-B01E13DF0C88}.Simulation|ARM.ActiveCfg = OPTEE-Simulation-Debug|ARM
		{213ACB9D-9134-4BC8-AA44-B01E13DF0C88}.Simulation|ARM.Build.0 = OPTEE-Simulation-Debug|ARM
		{213ACB9D-9134-4BC8-AA44-B01E13DF0C88}.Simulation|x64.ActiveCfg = SGX-Simulation-Debug|x64
		{213ACB9D-9134-4BC8-AA44-B01E13DF0C88}.Simulation|x64.Build.0 = SGX-Simulation-Debug|x64
		{213ACB9D-9134-4BC8-AA44-B01E13DF0C88}.Simulation|x86.ActiveCfg = SGX-Simulation-Debug|Win32
		{213ACB9D-9134-4BC8-AA44-B01E13DF0C88}.Simulation|x86.Build.0 = SGX-Simulation-Debug|Win32
	EndGlobalSection
	GlobalSection(SolutionProperties) = preSolution
		HideSolutionNode = FALSE
	EndGlobalSection
	GlobalSection(NestedProjects) = preSolution
		{0BA01906-2DAE-48E9-8044-4A631267B4BA} = {164BB17A-D879-4FFC-A1E8-A1546E09FB61}
		{DA064898-E24B-44B9-8297-B5BE1089779F} = {164BB17A-D879-4FFC-A1E8-A1546E09FB61}
		{275FAC8B-B49C-4C91-B708-5ABFB9E24215} = {164BB17A-D879-4FFC-A1E8-A1546E09FB61}
		{A4FDD39F-06AC-4F96-8AD7-65364532692F} = {6A9ED94F-858B-4BED-A429-9E1936D298E1}
		{2A4E62EE-C5BB-4B0D-9798-3D76F2E4481B} = {164BB17A-D879-4FFC-A1E8-A1546E09FB61}
		{4D10CAF1-DDEB-4D8D-8E7A-3947B1F836F5} = {6A9ED94F-858B-4BED-A429-9E1936D298E1}
		{781D37C2-932A-4D1B-BA0B-E7F5A9B390CA} = {6A9ED94F-858B-4BED-A429-9E1936D298E1}
		{548E7DAA-9A94-4826-B054-DAA20DCC9C9C} = {4FEAE9F3-57BD-40A5-9916-1413D4329250}
		{94D75F35-541B-4EF0-A3F0-E8E87F29243C} = {4FEAE9F3-57BD-40A5-9916-1413D4329250}
		{CE2A4144-8EAF-477C-84AF-1717677C3A06} = {9AB9A967-99F0-450E-A270-E0622C6C9027}
		{254F72E3-68F4-4490-9EEA-37DBC236810C} = {9AB9A967-99F0-450E-A270-E0622C6C9027}
		{B1903274-432E-483E-9689-87086C80DB54} = {4FEAE9F3-57BD-40A5-9916-1413D4329250}
		{0D5AC8AE-35D9-4F5C-B74C-F0FF75F03497} = {4FEAE9F3-57BD-40A5-9916-1413D4329250}
		{213ACB9D-9134-4BC8-AA44-B01E13DF0C88} = {4FEAE9F3-57BD-40A5-9916-1413D4329250}
	EndGlobalSection
	GlobalSection(ExtensibilityGlobals) = postSolution
		SolutionGuid = {CE33E425-78A2-4D89-B287-7DC5F933861D}
	EndGlobalSection
EndGlobal
