<?xml version="1.0" encoding="utf-8"?>
<Project ToolsVersion="4.0" xmlns="http://schemas.microsoft.com/developer/msbuild/2003">
  <ItemGroup>
    <Filter Include="Generated Files">
      <UniqueIdentifier>{83371cbf-f237-43ba-ac5d-b1945d440784}</UniqueIdentifier>
    </Filter>
    <Filter Include="Source Files">
      <UniqueIdentifier>{64d45ed5-ec8c-4a7e-8bbe-cebf4c1f1ecf}</UniqueIdentifier>
      <Extensions>cpp;c;edl;def;</Extensions>
    </Filter>
    <Filter Include="Header Files">
      <UniqueIdentifier>{7b7c69bf-ba71-46fc-aae9-72a6946b5740}</UniqueIdentifier>
      <Extensions>h;hpp;</Extensions>
    </Filter>
    <Filter Include="Resource Files">
      <UniqueIdentifier>{15e0fe7a-c287-4c8a-aa98-0dbeb8bb9cfa}</UniqueIdentifier>
      <Extensions>rc;xml;pem;</Extensions>
    </Filter>
  </ItemGroup>
  <ItemGroup>
    <ClCompile Include="OTrPTamTA.cpp">
      <Filter>Source Files</Filter>
    </ClCompile>
    <ClCompile Include="OTrPTamEcallHandler.c">
      <Filter>Source Files</Filter>
    </ClCompile>
    <ClCompile Include="OTrPTam_t.c">
      <Filter>Generated Files</Filter>
    </ClCompile>
    <ClCompile Include="taJson.c">
      <Filter>Source Files</Filter>
    </ClCompile>
  </ItemGroup>
  <ItemGroup>
    <None Include="OTrPTamTA_private.pem">
      <Filter>Resource Files</Filter>
    </None>
  </ItemGroup>
  <ItemGroup>
    <Xml Include="OTrPTamTA.config.xml">
      <Filter>Resource Files</Filter>
    </Xml>
  </ItemGroup>
  <ItemGroup>
    <CustomBuild Include="OTrPTam.edl">
      <Filter>Source Files</Filter>
    </CustomBuild>
  </ItemGroup>
  <ItemGroup>
    <ClInclude Include="OTrPTam_t.h">
      <Filter>Generated Files</Filter>
    </ClInclude>
  </ItemGroup>
</Project>