<?xml version="1.0" encoding="utf-8"?>
<Project ToolsVersion="4.0" xmlns="http://schemas.microsoft.com/developer/msbuild/2003">
  <ItemGroup>
    <Filter Include="Generated Files">
      <UniqueIdentifier>{9bb36781-f26a-4c7c-a079-0616952f9323}</UniqueIdentifier>
    </Filter>
    <Filter Include="Source Files">
      <UniqueIdentifier>{7e42a804-c5fb-403a-8e38-ff496efecf88}</UniqueIdentifier>
      <Extensions>cpp;c;edl;def;</Extensions>
    </Filter>
    <Filter Include="Header Files">
      <UniqueIdentifier>{74a41e37-88b4-4605-8d4f-6b6ddd5abfef}</UniqueIdentifier>
      <Extensions>h;hpp;</Extensions>
    </Filter>
    <Filter Include="Resource Files">
      <UniqueIdentifier>{42194dc7-1979-4f33-b289-07323ac9dedf}</UniqueIdentifier>
      <Extensions>rc;xml;pem;</Extensions>
    </Filter>
  </ItemGroup>
  <ItemGroup>
    <ClInclude Include="time.h">
      <Filter>Header Files</Filter>
    </ClInclude>
    <ClInclude Include="UntrustedTime_t.h">
      <Filter>Generated Files</Filter>
    </ClInclude>
    <ClInclude Include="UntrustedTimeTALib.h">
      <Filter>Source Files</Filter>
    </ClInclude>
  </ItemGroup>
  <ItemGroup>
    <ClCompile Include="time_ta.c">
      <Filter>Source Files</Filter>
    </ClCompile>
    <ClCompile Include="UntrustedTimeTALib.c">
      <Filter>Source Files</Filter>
    </ClCompile>
  </ItemGroup>
  <ItemGroup>
    <EdlItem Include="..\UntrustedTime.edl">
      <Filter>Source Files</Filter>
    </EdlItem>
  </ItemGroup>
  <ItemGroup>
    <None Include="packages.config" />
  </ItemGroup>
</Project>