<?xml version="1.0" encoding="utf-8"?>
<Project ToolsVersion="4.0" xmlns="http://schemas.microsoft.com/developer/msbuild/2003">
  <ItemGroup>
    <Filter Include="Generated Files">
      <UniqueIdentifier>{068d839e-a877-4546-beae-8b7aaca53a52}</UniqueIdentifier>
    </Filter>
    <Filter Include="Source Files">
      <UniqueIdentifier>{bd5f188a-2a42-4d58-b473-9fae88d45f84}</UniqueIdentifier>
      <Extensions>cpp;c;edl;def;</Extensions>
    </Filter>
    <Filter Include="Header Files">
      <UniqueIdentifier>{89895efa-afa8-4403-b681-19e5c0b45ba6}</UniqueIdentifier>
      <Extensions>h;hpp;</Extensions>
    </Filter>
    <Filter Include="Resource Files">
      <UniqueIdentifier>{07204b86-016b-487d-9615-ec7d393d86a1}</UniqueIdentifier>
      <Extensions>rc;xml;pem;</Extensions>
    </Filter>
    <Filter Include="Source Files\evp">
      <UniqueIdentifier>{ec0b778c-0ee2-4afe-8fab-fd837b29f730}</UniqueIdentifier>
    </Filter>
    <Filter Include="Source Files\err">
      <UniqueIdentifier>{23c365fa-6653-43fc-82af-b410c0f3b249}</UniqueIdentifier>
    </Filter>
    <Filter Include="Source Files\aes">
      <UniqueIdentifier>{fd2f94e2-4224-482f-8867-391c1f62b70b}</UniqueIdentifier>
    </Filter>
    <Filter Include="Source Files\bio">
      <UniqueIdentifier>{fe0ca888-a4f6-4580-ab42-834b21f63f8a}</UniqueIdentifier>
    </Filter>
    <Filter Include="Source Files\engine">
      <UniqueIdentifier>{2d3cb0b6-5022-4dc8-a297-4ed221d36f50}</UniqueIdentifier>
    </Filter>
    <Filter Include="Source Files\rand">
      <UniqueIdentifier>{cd0b17c3-1fdc-4f42-a1bc-b1c6f9dcfa06}</UniqueIdentifier>
    </Filter>
    <Filter Include="Source Files\hmac">
      <UniqueIdentifier>{71bc3c40-43a5-49c1-914b-582586b47f45}</UniqueIdentifier>
    </Filter>
    <Filter Include="Source Files\asn1">
      <UniqueIdentifier>{3e5c8909-365f-4a60-b7c7-cb1071a60b4d}</UniqueIdentifier>
    </Filter>
    <Filter Include="Source Files\bn">
      <UniqueIdentifier>{a6b88337-bac1-4069-9765-bdeff1844ff3}</UniqueIdentifier>
    </Filter>
    <Filter Include="Source Files\objects">
      <UniqueIdentifier>{f59af3e9-e5c0-4e49-bfb9-fd6ceabd1a9c}</UniqueIdentifier>
    </Filter>
    <Filter Include="Source Files\modes">
      <UniqueIdentifier>{3208d01b-04a4-47cc-acf5-cfa9605bc4bf}</UniqueIdentifier>
    </Filter>
    <Filter Include="Source Files\seed">
      <UniqueIdentifier>{abbff77f-ee9f-45d9-ac15-bbbd1970b811}</UniqueIdentifier>
    </Filter>
    <Filter Include="Source Files\pkcs7">
      <UniqueIdentifier>{8712246c-a359-4e90-a8cf-a0c4192ff376}</UniqueIdentifier>
    </Filter>
    <Filter Include="Source Files\x509">
      <UniqueIdentifier>{1e34c133-2589-43e4-ab38-08ad7a75e0cc}</UniqueIdentifier>
    </Filter>
    <Filter Include="Source Files\ripemd">
      <UniqueIdentifier>{9c23c277-d99f-4c2e-ad34-1ddb25cdedd9}</UniqueIdentifier>
    </Filter>
    <Filter Include="Source Files\bf">
      <UniqueIdentifier>{9db90dcb-1e6e-4df9-88ab-77ec33b28242}</UniqueIdentifier>
    </Filter>
    <Filter Include="Source Files\buffer">
      <UniqueIdentifier>{e7dd579d-f526-4e9c-b34d-9fb6729a4b5f}</UniqueIdentifier>
    </Filter>
    <Filter Include="Source Files\x509v3">
      <UniqueIdentifier>{86be1f22-9a82-443d-b062-b520cb525858}</UniqueIdentifier>
    </Filter>
    <Filter Include="Source Files\cms">
      <UniqueIdentifier>{92511fd9-7417-413d-85fe-4856a3471d7c}</UniqueIdentifier>
    </Filter>
    <Filter Include="Source Files\des">
      <UniqueIdentifier>{28bcd4d6-aca0-4047-b6e5-f75e9dfc85a2}</UniqueIdentifier>
    </Filter>
    <Filter Include="Source Files\pem">
      <UniqueIdentifier>{be9b2f06-916b-47ea-9fe6-c04c356f01aa}</UniqueIdentifier>
    </Filter>
    <Filter Include="Source Files\pkcs12">
      <UniqueIdentifier>{99ae8e66-79ac-4f2f-bc38-df4af9cd5254}</UniqueIdentifier>
    </Filter>
    <Filter Include="Source Files\stack">
      <UniqueIdentifier>{9da31356-4fa5-46a6-a49b-7dd8491cbee4}</UniqueIdentifier>
    </Filter>
    <Filter Include="Source Files\idea">
      <UniqueIdentifier>{0a151365-a09c-48af-b487-bba3642fe220}</UniqueIdentifier>
    </Filter>
    <Filter Include="Source Files\sha">
      <UniqueIdentifier>{51ae68f6-387c-43cc-9b77-a41e96a9c337}</UniqueIdentifier>
    </Filter>
    <Filter Include="Source Files\rc2">
      <UniqueIdentifier>{16609c67-a4a5-4688-9e01-4dbdc7621fac}</UniqueIdentifier>
    </Filter>
    <Filter Include="Source Files\mdc2">
      <UniqueIdentifier>{7bbed4e3-016f-4cee-aaf8-9610cbc39019}</UniqueIdentifier>
    </Filter>
    <Filter Include="Source Files\conf">
      <UniqueIdentifier>{db7693f9-8aec-4311-a269-2cbd3d419a17}</UniqueIdentifier>
    </Filter>
    <Filter Include="Source Files\ocsp">
      <UniqueIdentifier>{e8d9c66a-d9ea-41b9-ac6a-ab179229bf3f}</UniqueIdentifier>
    </Filter>
    <Filter Include="Source Files\cast">
      <UniqueIdentifier>{93ebc1a7-7db3-4dbd-98d1-7919d92916fe}</UniqueIdentifier>
    </Filter>
    <Filter Include="Source Files\rsa">
      <UniqueIdentifier>{e5f7278c-5c62-4a3f-9c87-0fab784e063b}</UniqueIdentifier>
    </Filter>
    <Filter Include="Source Files\ui">
      <UniqueIdentifier>{cce59d1c-cc89-438c-ad1f-c34e5b2c2158}</UniqueIdentifier>
    </Filter>
    <Filter Include="Source Files\srp">
      <UniqueIdentifier>{6c4dadac-3b7d-493c-a64a-7ba2108dd8b9}</UniqueIdentifier>
    </Filter>
    <Filter Include="Source Files\dh">
      <UniqueIdentifier>{2a00c9d9-1d67-45c5-ba09-73893379f317}</UniqueIdentifier>
    </Filter>
    <Filter Include="Source Files\comp">
      <UniqueIdentifier>{72a62076-afef-4a4e-8f5e-1c76360ed377}</UniqueIdentifier>
    </Filter>
    <Filter Include="Source Files\pqueue">
      <UniqueIdentifier>{f6963240-a6ae-4e7c-b727-33acb042478b}</UniqueIdentifier>
    </Filter>
    <Filter Include="Source Files\lhash">
      <UniqueIdentifier>{0f07f901-0684-467e-b910-a94b25ad5269}</UniqueIdentifier>
    </Filter>
    <Filter Include="Source Files\txt_db">
      <UniqueIdentifier>{3806f9ec-37ba-44bf-af1f-d7213a393563}</UniqueIdentifier>
    </Filter>
    <Filter Include="Source Files\dso">
      <UniqueIdentifier>{0c0a906f-8c6b-49dd-a17f-d509fc7426fa}</UniqueIdentifier>
    </Filter>
    <Filter Include="Source Files\rc4">
      <UniqueIdentifier>{ceae7627-7f37-4093-ac3c-7cd2e41064e4}</UniqueIdentifier>
    </Filter>
    <Filter Include="Source Files\cmac">
      <UniqueIdentifier>{a244cc61-ea4f-4890-a111-105703766670}</UniqueIdentifier>
    </Filter>
    <Filter Include="Source Files\md4">
      <UniqueIdentifier>{8f3ad1a0-8a57-4620-8178-1227073e6a97}</UniqueIdentifier>
    </Filter>
    <Filter Include="Source Files\md5">
      <UniqueIdentifier>{b1364fd4-f4e4-43d3-8148-53ca09f1269f}</UniqueIdentifier>
    </Filter>
    <Filter Include="Source Files\whrlpool">
      <UniqueIdentifier>{5872bb05-c060-4f9f-9a74-50a536593ef9}</UniqueIdentifier>
    </Filter>
    <Filter Include="Source Files\ec">
      <UniqueIdentifier>{ad064775-1441-43fc-a15e-e38ef39d3473}</UniqueIdentifier>
    </Filter>
    <Filter Include="Source Files\ecdh">
      <UniqueIdentifier>{313f849d-2abc-4699-b39e-a30e56e9f4a1}</UniqueIdentifier>
    </Filter>
    <Filter Include="Source Files\ecdsa">
      <UniqueIdentifier>{6acf0eca-fde3-450d-8c4b-38ec1318c1cd}</UniqueIdentifier>
    </Filter>
    <Filter Include="Source Files\various">
      <UniqueIdentifier>{2941c6fb-7ff5-4525-ba3b-cf95d23c4b0d}</UniqueIdentifier>
    </Filter>
  </ItemGroup>
  <ItemGroup>
    <ClCompile Include="thread.c">
      <Filter>Source Files</Filter>
    </ClCompile>
    <ClCompile Include="time.c">
      <Filter>Source Files</Filter>
    </ClCompile>
    <ClCompile Include="$(OpensslDir)crypto\asn1\d2i_pr.c">
      <Filter>Source Files</Filter>
    </ClCompile>
    <ClCompile Include="$(OpensslDir)crypto\asn1\d2i_pu.c">
      <Filter>Source Files</Filter>
    </ClCompile>
    <ClCompile Include="$(OpensslDir)crypto\asn1\evp_asn1.c">
      <Filter>Source Files</Filter>
    </ClCompile>
    <ClCompile Include="$(OpensslDir)crypto\asn1\f_enum.c">
      <Filter>Source Files</Filter>
    </ClCompile>
    <ClCompile Include="$(OpensslDir)crypto\asn1\f_int.c">
      <Filter>Source Files</Filter>
    </ClCompile>
    <ClCompile Include="$(OpensslDir)crypto\asn1\f_string.c">
      <Filter>Source Files</Filter>
    </ClCompile>
    <ClCompile Include="$(OpensslDir)crypto\asn1\i2d_pr.c">
      <Filter>Source Files</Filter>
    </ClCompile>
    <ClCompile Include="$(OpensslDir)crypto\asn1\i2d_pu.c">
      <Filter>Source Files</Filter>
    </ClCompile>
    <ClCompile Include="$(OpensslDir)crypto\asn1\nsseq.c">
      <Filter>Source Files</Filter>
    </ClCompile>
    <ClCompile Include="$(OpensslDir)crypto\asn1\n_pkey.c">
      <Filter>Source Files</Filter>
    </ClCompile>
    <ClCompile Include="$(OpensslDir)crypto\asn1\p5_pbe.c">
      <Filter>Source Files</Filter>
    </ClCompile>
    <ClCompile Include="$(OpensslDir)crypto\asn1\p5_pbev2.c">
      <Filter>Source Files</Filter>
    </ClCompile>
    <ClCompile Include="$(OpensslDir)crypto\asn1\p8_pkey.c">
      <Filter>Source Files</Filter>
    </ClCompile>
    <ClCompile Include="$(OpensslDir)crypto\asn1\tasn_dec.c">
      <Filter>Source Files</Filter>
    </ClCompile>
    <ClCompile Include="$(OpensslDir)crypto\asn1\tasn_enc.c">
      <Filter>Source Files</Filter>
    </ClCompile>
    <ClCompile Include="$(OpensslDir)crypto\asn1\tasn_fre.c">
      <Filter>Source Files</Filter>
    </ClCompile>
    <ClCompile Include="$(OpensslDir)crypto\asn1\tasn_new.c">
      <Filter>Source Files</Filter>
    </ClCompile>
    <ClCompile Include="$(OpensslDir)crypto\asn1\tasn_prn.c">
      <Filter>Source Files</Filter>
    </ClCompile>
    <ClCompile Include="$(OpensslDir)crypto\asn1\tasn_typ.c">
      <Filter>Source Files</Filter>
    </ClCompile>
    <ClCompile Include="$(OpensslDir)crypto\asn1\tasn_utl.c">
      <Filter>Source Files</Filter>
    </ClCompile>
    <ClCompile Include="$(OpensslDir)crypto\asn1\t_bitst.c">
      <Filter>Source Files</Filter>
    </ClCompile>
    <ClCompile Include="$(OpensslDir)crypto\asn1\t_crl.c">
      <Filter>Source Files</Filter>
    </ClCompile>
    <ClCompile Include="$(OpensslDir)crypto\asn1\t_pkey.c">
      <Filter>Source Files</Filter>
    </ClCompile>
    <ClCompile Include="$(OpensslDir)crypto\asn1\t_req.c">
      <Filter>Source Files</Filter>
    </ClCompile>
    <ClCompile Include="$(OpensslDir)crypto\asn1\t_spki.c">
      <Filter>Source Files</Filter>
    </ClCompile>
    <ClCompile Include="$(OpensslDir)crypto\asn1\t_x509.c">
      <Filter>Source Files</Filter>
    </ClCompile>
    <ClCompile Include="$(OpensslDir)crypto\asn1\t_x509a.c">
      <Filter>Source Files</Filter>
    </ClCompile>
    <ClCompile Include="$(OpensslDir)crypto\asn1\x_algor.c">
      <Filter>Source Files</Filter>
    </ClCompile>
    <ClCompile Include="$(OpensslDir)crypto\asn1\x_attrib.c">
      <Filter>Source Files</Filter>
    </ClCompile>
    <ClCompile Include="$(OpensslDir)crypto\asn1\x_bignum.c">
      <Filter>Source Files</Filter>
    </ClCompile>
    <ClCompile Include="$(OpensslDir)crypto\asn1\x_crl.c">
      <Filter>Source Files</Filter>
    </ClCompile>
    <ClCompile Include="$(OpensslDir)crypto\asn1\x_exten.c">
      <Filter>Source Files</Filter>
    </ClCompile>
    <ClCompile Include="$(OpensslDir)crypto\asn1\x_info.c">
      <Filter>Source Files</Filter>
    </ClCompile>
    <ClCompile Include="$(OpensslDir)crypto\asn1\x_long.c">
      <Filter>Source Files</Filter>
    </ClCompile>
    <ClCompile Include="$(OpensslDir)crypto\asn1\x_name.c">
      <Filter>Source Files</Filter>
    </ClCompile>
    <ClCompile Include="$(OpensslDir)crypto\asn1\x_nx509.c">
      <Filter>Source Files</Filter>
    </ClCompile>
    <ClCompile Include="$(OpensslDir)crypto\asn1\x_pkey.c">
      <Filter>Source Files</Filter>
    </ClCompile>
    <ClCompile Include="$(OpensslDir)crypto\asn1\x_pubkey.c">
      <Filter>Source Files</Filter>
    </ClCompile>
    <ClCompile Include="$(OpensslDir)crypto\asn1\x_req.c">
      <Filter>Source Files</Filter>
    </ClCompile>
    <ClCompile Include="$(OpensslDir)crypto\asn1\x_sig.c">
      <Filter>Source Files</Filter>
    </ClCompile>
    <ClCompile Include="$(OpensslDir)crypto\asn1\x_spki.c">
      <Filter>Source Files</Filter>
    </ClCompile>
    <ClCompile Include="$(OpensslDir)crypto\asn1\x_val.c">
      <Filter>Source Files</Filter>
    </ClCompile>
    <ClCompile Include="$(OpensslDir)crypto\asn1\x_x509.c">
      <Filter>Source Files</Filter>
    </ClCompile>
    <ClCompile Include="$(OpensslDir)crypto\asn1\x_x509a.c">
      <Filter>Source Files</Filter>
    </ClCompile>
    <ClCompile Include="$(OpensslDir)crypto\bn\rsaz_exp.c">
      <Filter>Source Files</Filter>
    </ClCompile>
    <ClCompile Include="$(OpensslDir)crypto\cast\c_cfb64.c">
      <Filter>Source Files</Filter>
    </ClCompile>
    <ClCompile Include="$(OpensslDir)crypto\cast\c_ecb.c">
      <Filter>Source Files</Filter>
    </ClCompile>
    <ClCompile Include="$(OpensslDir)crypto\cast\c_enc.c">
      <Filter>Source Files</Filter>
    </ClCompile>
    <ClCompile Include="$(OpensslDir)crypto\cast\c_ofb64.c">
      <Filter>Source Files</Filter>
    </ClCompile>
    <ClCompile Include="$(OpensslDir)crypto\cast\c_skey.c">
      <Filter>Source Files</Filter>
    </ClCompile>
    <ClCompile Include="$(OpensslDir)crypto\cmac\cmac.c">
      <Filter>Source Files</Filter>
    </ClCompile>
    <ClCompile Include="$(OpensslDir)crypto\cmac\cm_ameth.c">
      <Filter>Source Files</Filter>
    </ClCompile>
    <ClCompile Include="$(OpensslDir)crypto\cmac\cm_pmeth.c">
      <Filter>Source Files</Filter>
    </ClCompile>
    <ClCompile Include="$(OpensslDir)crypto\comp\comp_err.c">
      <Filter>Source Files</Filter>
    </ClCompile>
    <ClCompile Include="$(OpensslDir)crypto\comp\comp_lib.c">
      <Filter>Source Files</Filter>
    </ClCompile>
    <ClCompile Include="$(OpensslDir)crypto\comp\c_rle.c">
      <Filter>Source Files</Filter>
    </ClCompile>
    <ClCompile Include="$(OpensslDir)crypto\comp\c_zlib.c">
      <Filter>Source Files</Filter>
    </ClCompile>
    <ClCompile Include="$(OpensslDir)crypto\cryptlib.c">
      <Filter>Source Files</Filter>
    </ClCompile>
    <ClCompile Include="$(OpensslDir)crypto\des\cbc_cksm.c">
      <Filter>Source Files</Filter>
    </ClCompile>
    <ClCompile Include="$(OpensslDir)crypto\des\cbc_enc.c">
      <Filter>Source Files</Filter>
    </ClCompile>
    <ClCompile Include="$(OpensslDir)crypto\des\cfb64ede.c">
      <Filter>Source Files</Filter>
    </ClCompile>
    <ClCompile Include="$(OpensslDir)crypto\des\cfb64enc.c">
      <Filter>Source Files</Filter>
    </ClCompile>
    <ClCompile Include="$(OpensslDir)crypto\des\cfb_enc.c">
      <Filter>Source Files</Filter>
    </ClCompile>
    <ClCompile Include="$(OpensslDir)crypto\des\des_enc.c">
      <Filter>Source Files</Filter>
    </ClCompile>
    <ClCompile Include="$(OpensslDir)crypto\des\des_old.c">
      <Filter>Source Files</Filter>
    </ClCompile>
    <ClCompile Include="$(OpensslDir)crypto\des\des_old2.c">
      <Filter>Source Files</Filter>
    </ClCompile>
    <ClCompile Include="$(OpensslDir)crypto\des\ecb3_enc.c">
      <Filter>Source Files</Filter>
    </ClCompile>
    <ClCompile Include="$(OpensslDir)crypto\des\ecb_enc.c">
      <Filter>Source Files</Filter>
    </ClCompile>
    <ClCompile Include="$(OpensslDir)crypto\des\ede_cbcm_enc.c">
      <Filter>Source Files</Filter>
    </ClCompile>
    <ClCompile Include="$(OpensslDir)crypto\des\enc_read.c">
      <Filter>Source Files</Filter>
    </ClCompile>
    <ClCompile Include="$(OpensslDir)crypto\des\enc_writ.c">
      <Filter>Source Files</Filter>
    </ClCompile>
    <ClCompile Include="$(OpensslDir)crypto\des\fcrypt.c">
      <Filter>Source Files</Filter>
    </ClCompile>
    <ClCompile Include="$(OpensslDir)crypto\des\fcrypt_b.c">
      <Filter>Source Files</Filter>
    </ClCompile>
    <ClCompile Include="$(OpensslDir)crypto\des\ofb64ede.c">
      <Filter>Source Files</Filter>
    </ClCompile>
    <ClCompile Include="$(OpensslDir)crypto\des\ofb64enc.c">
      <Filter>Source Files</Filter>
    </ClCompile>
    <ClCompile Include="$(OpensslDir)crypto\des\ofb_enc.c">
      <Filter>Source Files</Filter>
    </ClCompile>
    <ClCompile Include="$(OpensslDir)crypto\des\pcbc_enc.c">
      <Filter>Source Files</Filter>
    </ClCompile>
    <ClCompile Include="$(OpensslDir)crypto\des\qud_cksm.c">
      <Filter>Source Files</Filter>
    </ClCompile>
    <ClCompile Include="$(OpensslDir)crypto\des\rand_key.c">
      <Filter>Source Files</Filter>
    </ClCompile>
    <ClCompile Include="$(OpensslDir)crypto\des\read2pwd.c">
      <Filter>Source Files</Filter>
    </ClCompile>
    <ClCompile Include="$(OpensslDir)crypto\des\rpc_enc.c">
      <Filter>Source Files</Filter>
    </ClCompile>
    <ClCompile Include="$(OpensslDir)crypto\des\set_key.c">
      <Filter>Source Files</Filter>
    </ClCompile>
    <ClCompile Include="$(OpensslDir)crypto\des\str2key.c">
      <Filter>Source Files</Filter>
    </ClCompile>
    <ClCompile Include="$(OpensslDir)crypto\des\xcbc_enc.c">
      <Filter>Source Files</Filter>
    </ClCompile>
    <ClCompile Include="$(OpensslDir)crypto\ecdh\ecdhtest.c">
      <Filter>Source Files</Filter>
    </ClCompile>
    <ClCompile Include="$(OpensslDir)crypto\ecdsa\ecdsatest.c">
      <Filter>Source Files</Filter>
    </ClCompile>
    <ClCompile Include="$(OpensslDir)crypto\ecdsa\ecs_asn1.c">
      <Filter>Source Files</Filter>
    </ClCompile>
    <ClCompile Include="$(OpensslDir)crypto\ecdsa\ecs_err.c">
      <Filter>Source Files</Filter>
    </ClCompile>
    <ClCompile Include="$(OpensslDir)crypto\ecdsa\ecs_lib.c">
      <Filter>Source Files</Filter>
    </ClCompile>
    <ClCompile Include="$(OpensslDir)crypto\ecdsa\ecs_ossl.c">
      <Filter>Source Files</Filter>
    </ClCompile>
    <ClCompile Include="$(OpensslDir)crypto\ecdsa\ecs_sign.c">
      <Filter>Source Files</Filter>
    </ClCompile>
    <ClCompile Include="$(OpensslDir)crypto\ecdsa\ecs_vrf.c">
      <Filter>Source Files</Filter>
    </ClCompile>
    <ClCompile Include="$(OpensslDir)crypto\ec\ectest.c">
      <Filter>Source Files</Filter>
    </ClCompile>
    <ClCompile Include="$(OpensslDir)crypto\engine\tb_asnmth.c">
      <Filter>Source Files</Filter>
    </ClCompile>
    <ClCompile Include="$(OpensslDir)crypto\engine\tb_cipher.c">
      <Filter>Source Files</Filter>
    </ClCompile>
    <ClCompile Include="$(OpensslDir)crypto\engine\tb_dh.c">
      <Filter>Source Files</Filter>
    </ClCompile>
    <ClCompile Include="$(OpensslDir)crypto\engine\tb_digest.c">
      <Filter>Source Files</Filter>
    </ClCompile>
    <ClCompile Include="$(OpensslDir)crypto\engine\tb_dsa.c">
      <Filter>Source Files</Filter>
    </ClCompile>
    <ClCompile Include="$(OpensslDir)crypto\engine\tb_ecdh.c">
      <Filter>Source Files</Filter>
    </ClCompile>
    <ClCompile Include="$(OpensslDir)crypto\engine\tb_ecdsa.c">
      <Filter>Source Files</Filter>
    </ClCompile>
    <ClCompile Include="$(OpensslDir)crypto\engine\tb_pkmeth.c">
      <Filter>Source Files</Filter>
    </ClCompile>
    <ClCompile Include="$(OpensslDir)crypto\engine\tb_rand.c">
      <Filter>Source Files</Filter>
    </ClCompile>
    <ClCompile Include="$(OpensslDir)crypto\engine\tb_rsa.c">
      <Filter>Source Files</Filter>
    </ClCompile>
    <ClCompile Include="$(OpensslDir)crypto\err\err.c">
      <Filter>Source Files</Filter>
    </ClCompile>
    <ClCompile Include="$(OpensslDir)crypto\err\err_all.c">
      <Filter>Source Files</Filter>
    </ClCompile>
    <ClCompile Include="$(OpensslDir)crypto\err\err_prn.c">
      <Filter>Source Files</Filter>
    </ClCompile>
    <ClCompile Include="$(OpensslDir)crypto\evp\c_all.c">
      <Filter>Source Files</Filter>
    </ClCompile>
    <ClCompile Include="$(OpensslDir)crypto\evp\c_allc.c">
      <Filter>Source Files</Filter>
    </ClCompile>
    <ClCompile Include="$(OpensslDir)crypto\evp\c_alld.c">
      <Filter>Source Files</Filter>
    </ClCompile>
    <ClCompile Include="$(OpensslDir)crypto\evp\digest.c">
      <Filter>Source Files</Filter>
    </ClCompile>
    <ClCompile Include="$(OpensslDir)crypto\evp\encode.c">
      <Filter>Source Files</Filter>
    </ClCompile>
    <ClCompile Include="$(OpensslDir)crypto\evp\evp_acnf.c">
      <Filter>Source Files</Filter>
    </ClCompile>
    <ClCompile Include="$(OpensslDir)crypto\evp\evp_cnf.c">
      <Filter>Source Files</Filter>
    </ClCompile>
    <ClCompile Include="$(OpensslDir)crypto\evp\evp_enc.c">
      <Filter>Source Files</Filter>
    </ClCompile>
    <ClCompile Include="$(OpensslDir)crypto\evp\evp_err.c">
      <Filter>Source Files</Filter>
    </ClCompile>
    <ClCompile Include="$(OpensslDir)crypto\evp\evp_key.c">
      <Filter>Source Files</Filter>
    </ClCompile>
    <ClCompile Include="$(OpensslDir)crypto\evp\evp_lib.c">
      <Filter>Source Files</Filter>
    </ClCompile>
    <ClCompile Include="$(OpensslDir)crypto\evp\evp_pbe.c">
      <Filter>Source Files</Filter>
    </ClCompile>
    <ClCompile Include="$(OpensslDir)crypto\evp\evp_pkey.c">
      <Filter>Source Files</Filter>
    </ClCompile>
    <ClCompile Include="$(OpensslDir)crypto\evp\names.c">
      <Filter>Source Files</Filter>
    </ClCompile>
    <ClCompile Include="$(OpensslDir)crypto\evp\openbsd_hw.c">
      <Filter>Source Files</Filter>
    </ClCompile>
    <ClCompile Include="$(OpensslDir)crypto\evp\p5_crpt.c">
      <Filter>Source Files</Filter>
    </ClCompile>
    <ClCompile Include="$(OpensslDir)crypto\evp\p5_crpt2.c">
      <Filter>Source Files</Filter>
    </ClCompile>
    <ClCompile Include="$(OpensslDir)crypto\evp\pmeth_fn.c">
      <Filter>Source Files</Filter>
    </ClCompile>
    <ClCompile Include="$(OpensslDir)crypto\evp\pmeth_gn.c">
      <Filter>Source Files</Filter>
    </ClCompile>
    <ClCompile Include="$(OpensslDir)crypto\evp\pmeth_lib.c">
      <Filter>Source Files</Filter>
    </ClCompile>
    <ClCompile Include="$(OpensslDir)crypto\evp\p_dec.c">
      <Filter>Source Files</Filter>
    </ClCompile>
    <ClCompile Include="$(OpensslDir)crypto\evp\p_enc.c">
      <Filter>Source Files</Filter>
    </ClCompile>
    <ClCompile Include="$(OpensslDir)crypto\evp\p_lib.c">
      <Filter>Source Files</Filter>
    </ClCompile>
    <ClCompile Include="$(OpensslDir)crypto\evp\p_open.c">
      <Filter>Source Files</Filter>
    </ClCompile>
    <ClCompile Include="$(OpensslDir)crypto\evp\p_seal.c">
      <Filter>Source Files</Filter>
    </ClCompile>
    <ClCompile Include="$(OpensslDir)crypto\evp\p_sign.c">
      <Filter>Source Files</Filter>
    </ClCompile>
    <ClCompile Include="$(OpensslDir)crypto\evp\p_verify.c">
      <Filter>Source Files</Filter>
    </ClCompile>
    <ClCompile Include="$(OpensslDir)crypto\ex_data.c">
      <Filter>Source Files</Filter>
    </ClCompile>
    <ClCompile Include="$(OpensslDir)crypto\hmac\hmac.c">
      <Filter>Source Files</Filter>
    </ClCompile>
    <ClCompile Include="$(OpensslDir)crypto\hmac\hm_ameth.c">
      <Filter>Source Files</Filter>
    </ClCompile>
    <ClCompile Include="$(OpensslDir)crypto\hmac\hm_pmeth.c">
      <Filter>Source Files</Filter>
    </ClCompile>
    <ClCompile Include="$(OpensslDir)crypto\idea\i_cbc.c">
      <Filter>Source Files</Filter>
    </ClCompile>
    <ClCompile Include="$(OpensslDir)crypto\idea\i_cfb64.c">
      <Filter>Source Files</Filter>
    </ClCompile>
    <ClCompile Include="$(OpensslDir)crypto\idea\i_ecb.c">
      <Filter>Source Files</Filter>
    </ClCompile>
    <ClCompile Include="$(OpensslDir)crypto\idea\i_ofb64.c">
      <Filter>Source Files</Filter>
    </ClCompile>
    <ClCompile Include="$(OpensslDir)crypto\idea\i_skey.c">
      <Filter>Source Files</Filter>
    </ClCompile>
    <ClCompile Include="$(OpensslDir)crypto\lhash\lhash.c">
      <Filter>Source Files</Filter>
    </ClCompile>
    <ClCompile Include="$(OpensslDir)crypto\lhash\lh_stats.c">
      <Filter>Source Files</Filter>
    </ClCompile>
    <ClCompile Include="$(OpensslDir)crypto\md4\md4_dgst.c">
      <Filter>Source Files</Filter>
    </ClCompile>
    <ClCompile Include="$(OpensslDir)crypto\md4\md4_one.c">
      <Filter>Source Files</Filter>
    </ClCompile>
    <ClCompile Include="$(OpensslDir)crypto\md5\md5_dgst.c">
      <Filter>Source Files</Filter>
    </ClCompile>
    <ClCompile Include="$(OpensslDir)crypto\md5\md5_one.c">
      <Filter>Source Files</Filter>
    </ClCompile>
    <ClCompile Include="$(OpensslDir)crypto\mdc2\mdc2dgst.c">
      <Filter>Source Files</Filter>
    </ClCompile>
    <ClCompile Include="$(OpensslDir)crypto\mdc2\mdc2_one.c">
      <Filter>Source Files</Filter>
    </ClCompile>
    <ClCompile Include="$(OpensslDir)crypto\mem.c">
      <Filter>Source Files</Filter>
    </ClCompile>
    <ClCompile Include="$(OpensslDir)crypto\mem_clr.c">
      <Filter>Source Files</Filter>
    </ClCompile>
    <ClCompile Include="$(OpensslDir)crypto\mem_dbg.c">
      <Filter>Source Files</Filter>
    </ClCompile>
    <ClCompile Include="$(OpensslDir)crypto\modes\cbc128.c">
      <Filter>Source Files</Filter>
    </ClCompile>
    <ClCompile Include="$(OpensslDir)crypto\modes\ccm128.c">
      <Filter>Source Files</Filter>
    </ClCompile>
    <ClCompile Include="$(OpensslDir)crypto\modes\cfb128.c">
      <Filter>Source Files</Filter>
    </ClCompile>
    <ClCompile Include="$(OpensslDir)crypto\modes\ctr128.c">
      <Filter>Source Files</Filter>
    </ClCompile>
    <ClCompile Include="$(OpensslDir)crypto\modes\cts128.c">
      <Filter>Source Files</Filter>
    </ClCompile>
    <ClCompile Include="$(OpensslDir)crypto\modes\gcm128.c">
      <Filter>Source Files</Filter>
    </ClCompile>
    <ClCompile Include="$(OpensslDir)crypto\modes\ofb128.c">
      <Filter>Source Files</Filter>
    </ClCompile>
    <ClCompile Include="$(OpensslDir)crypto\modes\wrap128.c">
      <Filter>Source Files</Filter>
    </ClCompile>
    <ClCompile Include="$(OpensslDir)crypto\modes\xts128.c">
      <Filter>Source Files</Filter>
    </ClCompile>
    <ClCompile Include="$(OpensslDir)crypto\objects\obj_dat.c">
      <Filter>Source Files</Filter>
    </ClCompile>
    <ClCompile Include="$(OpensslDir)crypto\objects\obj_err.c">
      <Filter>Source Files</Filter>
    </ClCompile>
    <ClCompile Include="$(OpensslDir)crypto\objects\obj_lib.c">
      <Filter>Source Files</Filter>
    </ClCompile>
    <ClCompile Include="$(OpensslDir)crypto\objects\obj_xref.c">
      <Filter>Source Files</Filter>
    </ClCompile>
    <ClCompile Include="$(OpensslDir)crypto\objects\o_names.c">
      <Filter>Source Files</Filter>
    </ClCompile>
    <ClCompile Include="$(OpensslDir)crypto\o_dir.c">
      <Filter>Source Files</Filter>
    </ClCompile>
    <ClCompile Include="$(OpensslDir)crypto\o_init.c">
      <Filter>Source Files</Filter>
    </ClCompile>
    <ClCompile Include="$(OpensslDir)crypto\o_time.c">
      <Filter>Source Files</Filter>
    </ClCompile>
    <ClCompile Include="$(OpensslDir)crypto\pem\pvkfmt.c">
      <Filter>Source Files</Filter>
    </ClCompile>
    <ClCompile Include="$(OpensslDir)crypto\pkcs12\p12_add.c">
      <Filter>Source Files</Filter>
    </ClCompile>
    <ClCompile Include="$(OpensslDir)crypto\pkcs12\p12_asn.c">
      <Filter>Source Files</Filter>
    </ClCompile>
    <ClCompile Include="$(OpensslDir)crypto\pkcs12\p12_attr.c">
      <Filter>Source Files</Filter>
    </ClCompile>
    <ClCompile Include="$(OpensslDir)crypto\pkcs12\p12_crpt.c">
      <Filter>Source Files</Filter>
    </ClCompile>
    <ClCompile Include="$(OpensslDir)crypto\pkcs12\p12_crt.c">
      <Filter>Source Files</Filter>
    </ClCompile>
    <ClCompile Include="$(OpensslDir)crypto\pkcs12\p12_decr.c">
      <Filter>Source Files</Filter>
    </ClCompile>
    <ClCompile Include="$(OpensslDir)crypto\pkcs12\p12_init.c">
      <Filter>Source Files</Filter>
    </ClCompile>
    <ClCompile Include="$(OpensslDir)crypto\pkcs12\p12_key.c">
      <Filter>Source Files</Filter>
    </ClCompile>
    <ClCompile Include="$(OpensslDir)crypto\pkcs12\p12_kiss.c">
      <Filter>Source Files</Filter>
    </ClCompile>
    <ClCompile Include="$(OpensslDir)crypto\pkcs12\p12_mutl.c">
      <Filter>Source Files</Filter>
    </ClCompile>
    <ClCompile Include="$(OpensslDir)crypto\pkcs12\p12_npas.c">
      <Filter>Source Files</Filter>
    </ClCompile>
    <ClCompile Include="$(OpensslDir)crypto\pkcs12\p12_p8d.c">
      <Filter>Source Files</Filter>
    </ClCompile>
    <ClCompile Include="$(OpensslDir)crypto\pkcs12\p12_p8e.c">
      <Filter>Source Files</Filter>
    </ClCompile>
    <ClCompile Include="$(OpensslDir)crypto\pkcs12\p12_utl.c">
      <Filter>Source Files</Filter>
    </ClCompile>
    <ClCompile Include="$(OpensslDir)crypto\pkcs12\pk12err.c">
      <Filter>Source Files</Filter>
    </ClCompile>
    <ClCompile Include="$(OpensslDir)crypto\pkcs7\pk7_asn1.c">
      <Filter>Source Files</Filter>
    </ClCompile>
    <ClCompile Include="$(OpensslDir)crypto\pkcs7\pk7_attr.c">
      <Filter>Source Files</Filter>
    </ClCompile>
    <ClCompile Include="$(OpensslDir)crypto\pkcs7\pk7_dgst.c">
      <Filter>Source Files</Filter>
    </ClCompile>
    <ClCompile Include="$(OpensslDir)crypto\pkcs7\pk7_doit.c">
      <Filter>Source Files</Filter>
    </ClCompile>
    <ClCompile Include="$(OpensslDir)crypto\pkcs7\pk7_lib.c">
      <Filter>Source Files</Filter>
    </ClCompile>
    <ClCompile Include="$(OpensslDir)crypto\pkcs7\pk7_mime.c">
      <Filter>Source Files</Filter>
    </ClCompile>
    <ClCompile Include="$(OpensslDir)crypto\pkcs7\pk7_smime.c">
      <Filter>Source Files</Filter>
    </ClCompile>
    <ClCompile Include="$(OpensslDir)crypto\pkcs7\pkcs7err.c">
      <Filter>Source Files</Filter>
    </ClCompile>
    <ClCompile Include="$(OpensslDir)crypto\pqueue\pqueue.c">
      <Filter>Source Files</Filter>
    </ClCompile>
    <ClCompile Include="$(OpensslDir)crypto\rand\md_rand.c">
      <Filter>Source Files</Filter>
    </ClCompile>
    <ClCompile Include="$(OpensslDir)crypto\rand\rand_lib.c">
      <Filter>Source Files</Filter>
    </ClCompile>
    <ClCompile Include="$(OpensslDir)crypto\rand\rand_win.c">
      <Filter>Source Files</Filter>
    </ClCompile>
    <ClCompile Include="$(OpensslDir)crypto\rc2\rc2cfb64.c">
      <Filter>Source Files</Filter>
    </ClCompile>
    <ClCompile Include="$(OpensslDir)crypto\rc2\rc2ofb64.c">
      <Filter>Source Files</Filter>
    </ClCompile>
    <ClCompile Include="$(OpensslDir)crypto\rc2\rc2_cbc.c">
      <Filter>Source Files</Filter>
    </ClCompile>
    <ClCompile Include="$(OpensslDir)crypto\rc2\rc2_ecb.c">
      <Filter>Source Files</Filter>
    </ClCompile>
    <ClCompile Include="$(OpensslDir)crypto\rc2\rc2_skey.c">
      <Filter>Source Files</Filter>
    </ClCompile>
    <ClCompile Include="$(OpensslDir)crypto\rc4\rc4_enc.c">
      <Filter>Source Files</Filter>
    </ClCompile>
    <ClCompile Include="$(OpensslDir)crypto\rc4\rc4_skey.c">
      <Filter>Source Files</Filter>
    </ClCompile>
    <ClCompile Include="$(OpensslDir)crypto\rc4\rc4_utl.c">
      <Filter>Source Files</Filter>
    </ClCompile>
    <ClCompile Include="$(OpensslDir)crypto\ripemd\rmd_dgst.c">
      <Filter>Source Files</Filter>
    </ClCompile>
    <ClCompile Include="$(OpensslDir)crypto\ripemd\rmd_one.c">
      <Filter>Source Files</Filter>
    </ClCompile>
    <ClCompile Include="$(OpensslDir)crypto\seed\seed.c">
      <Filter>Source Files</Filter>
    </ClCompile>
    <ClCompile Include="$(OpensslDir)crypto\seed\seed_cbc.c">
      <Filter>Source Files</Filter>
    </ClCompile>
    <ClCompile Include="$(OpensslDir)crypto\seed\seed_cfb.c">
      <Filter>Source Files</Filter>
    </ClCompile>
    <ClCompile Include="$(OpensslDir)crypto\seed\seed_ecb.c">
      <Filter>Source Files</Filter>
    </ClCompile>
    <ClCompile Include="$(OpensslDir)crypto\seed\seed_ofb.c">
      <Filter>Source Files</Filter>
    </ClCompile>
    <ClCompile Include="$(OpensslDir)crypto\sha\sha1dgst.c">
      <Filter>Source Files</Filter>
    </ClCompile>
    <ClCompile Include="$(OpensslDir)crypto\sha\sha1_one.c">
      <Filter>Source Files</Filter>
    </ClCompile>
    <ClCompile Include="$(OpensslDir)crypto\sha\sha256.c">
      <Filter>Source Files</Filter>
    </ClCompile>
    <ClCompile Include="$(OpensslDir)crypto\sha\sha512.c">
      <Filter>Source Files</Filter>
    </ClCompile>
    <ClCompile Include="$(OpensslDir)crypto\sha\sha_dgst.c">
      <Filter>Source Files</Filter>
    </ClCompile>
    <ClCompile Include="$(OpensslDir)crypto\sha\sha_one.c">
      <Filter>Source Files</Filter>
    </ClCompile>
    <ClCompile Include="$(OpensslDir)crypto\srp\srp_lib.c">
      <Filter>Source Files</Filter>
    </ClCompile>
    <ClCompile Include="$(OpensslDir)crypto\srp\srp_vfy.c">
      <Filter>Source Files</Filter>
    </ClCompile>
    <ClCompile Include="$(OpensslDir)crypto\stack\stack.c">
      <Filter>Source Files</Filter>
    </ClCompile>
    <ClCompile Include="$(OpensslDir)crypto\txt_db\txt_db.c">
      <Filter>Source Files</Filter>
    </ClCompile>
    <ClCompile Include="$(OpensslDir)crypto\whrlpool\wp_block.c">
      <Filter>Source Files</Filter>
    </ClCompile>
    <ClCompile Include="$(OpensslDir)crypto\whrlpool\wp_dgst.c">
      <Filter>Source Files</Filter>
    </ClCompile>
    <ClCompile Include="$(OpensslDir)crypto\x509v3\pcy_cache.c">
      <Filter>Source Files</Filter>
    </ClCompile>
    <ClCompile Include="$(OpensslDir)crypto\x509v3\pcy_data.c">
      <Filter>Source Files</Filter>
    </ClCompile>
    <ClCompile Include="$(OpensslDir)crypto\x509v3\pcy_lib.c">
      <Filter>Source Files</Filter>
    </ClCompile>
    <ClCompile Include="$(OpensslDir)crypto\x509v3\pcy_map.c">
      <Filter>Source Files</Filter>
    </ClCompile>
    <ClCompile Include="$(OpensslDir)crypto\x509v3\pcy_node.c">
      <Filter>Source Files</Filter>
    </ClCompile>
    <ClCompile Include="$(OpensslDir)crypto\x509v3\pcy_tree.c">
      <Filter>Source Files</Filter>
    </ClCompile>
    <ClCompile Include="$(OpensslDir)crypto\x509\by_dir.c">
      <Filter>Source Files</Filter>
    </ClCompile>
    <ClCompile Include="$(OpensslDir)crypto\x509\by_file.c">
      <Filter>Source Files</Filter>
    </ClCompile>
    <ClCompile Include="$(OpensslDir)crypto\x509\x509cset.c">
      <Filter>Source Files</Filter>
    </ClCompile>
    <ClCompile Include="$(OpensslDir)crypto\x509\x509name.c">
      <Filter>Source Files</Filter>
    </ClCompile>
    <ClCompile Include="$(OpensslDir)crypto\x509\x509rset.c">
      <Filter>Source Files</Filter>
    </ClCompile>
    <ClCompile Include="$(OpensslDir)crypto\x509\x509spki.c">
      <Filter>Source Files</Filter>
    </ClCompile>
    <ClCompile Include="$(OpensslDir)crypto\x509\x509type.c">
      <Filter>Source Files</Filter>
    </ClCompile>
    <ClCompile Include="$(OpensslDir)crypto\x509\x509_att.c">
      <Filter>Source Files</Filter>
    </ClCompile>
    <ClCompile Include="$(OpensslDir)crypto\x509\x509_cmp.c">
      <Filter>Source Files</Filter>
    </ClCompile>
    <ClCompile Include="$(OpensslDir)crypto\x509\x509_d2.c">
      <Filter>Source Files</Filter>
    </ClCompile>
    <ClCompile Include="$(OpensslDir)crypto\x509\x509_def.c">
      <Filter>Source Files</Filter>
    </ClCompile>
    <ClCompile Include="$(OpensslDir)crypto\x509\x509_err.c">
      <Filter>Source Files</Filter>
    </ClCompile>
    <ClCompile Include="$(OpensslDir)crypto\x509\x509_ext.c">
      <Filter>Source Files</Filter>
    </ClCompile>
    <ClCompile Include="$(OpensslDir)crypto\x509\x509_lu.c">
      <Filter>Source Files</Filter>
    </ClCompile>
    <ClCompile Include="$(OpensslDir)crypto\x509\x509_obj.c">
      <Filter>Source Files</Filter>
    </ClCompile>
    <ClCompile Include="$(OpensslDir)crypto\x509\x509_r2x.c">
      <Filter>Source Files</Filter>
    </ClCompile>
    <ClCompile Include="$(OpensslDir)crypto\x509\x509_req.c">
      <Filter>Source Files</Filter>
    </ClCompile>
    <ClCompile Include="$(OpensslDir)crypto\x509\x509_set.c">
      <Filter>Source Files</Filter>
    </ClCompile>
    <ClCompile Include="$(OpensslDir)crypto\x509\x509_trs.c">
      <Filter>Source Files</Filter>
    </ClCompile>
    <ClCompile Include="$(OpensslDir)crypto\x509\x509_txt.c">
      <Filter>Source Files</Filter>
    </ClCompile>
    <ClCompile Include="$(OpensslDir)crypto\x509\x509_v3.c">
      <Filter>Source Files</Filter>
    </ClCompile>
    <ClCompile Include="$(OpensslDir)crypto\x509\x509_vfy.c">
      <Filter>Source Files</Filter>
    </ClCompile>
    <ClCompile Include="$(OpensslDir)crypto\x509\x509_vpm.c">
      <Filter>Source Files</Filter>
    </ClCompile>
    <ClCompile Include="$(OpensslDir)crypto\x509\x_all.c">
      <Filter>Source Files</Filter>
    </ClCompile>
    <ClCompile Include="sgx\rand_winsgx.c">
      <Filter>Source Files</Filter>
    </ClCompile>
    <ClCompile Include="$(OpensslDir)crypto\asn1\a_bitstr.c">
      <Filter>Source Files\asn1</Filter>
    </ClCompile>
    <ClCompile Include="$(OpensslDir)crypto\asn1\a_bool.c">
      <Filter>Source Files\asn1</Filter>
    </ClCompile>
    <ClCompile Include="$(OpensslDir)crypto\asn1\a_bytes.c">
      <Filter>Source Files\asn1</Filter>
    </ClCompile>
    <ClCompile Include="$(OpensslDir)crypto\asn1\a_d2i_fp.c">
      <Filter>Source Files\asn1</Filter>
    </ClCompile>
    <ClCompile Include="$(OpensslDir)crypto\asn1\a_digest.c">
      <Filter>Source Files\asn1</Filter>
    </ClCompile>
    <ClCompile Include="$(OpensslDir)crypto\asn1\a_dup.c">
      <Filter>Source Files\asn1</Filter>
    </ClCompile>
    <ClCompile Include="$(OpensslDir)crypto\asn1\a_enum.c">
      <Filter>Source Files\asn1</Filter>
    </ClCompile>
    <ClCompile Include="$(OpensslDir)crypto\asn1\a_gentm.c">
      <Filter>Source Files\asn1</Filter>
    </ClCompile>
    <ClCompile Include="$(OpensslDir)crypto\asn1\a_i2d_fp.c">
      <Filter>Source Files\asn1</Filter>
    </ClCompile>
    <ClCompile Include="$(OpensslDir)crypto\asn1\a_int.c">
      <Filter>Source Files\asn1</Filter>
    </ClCompile>
    <ClCompile Include="$(OpensslDir)crypto\asn1\a_mbstr.c">
      <Filter>Source Files\asn1</Filter>
    </ClCompile>
    <ClCompile Include="$(OpensslDir)crypto\asn1\a_object.c">
      <Filter>Source Files\asn1</Filter>
    </ClCompile>
    <ClCompile Include="$(OpensslDir)crypto\asn1\a_octet.c">
      <Filter>Source Files\asn1</Filter>
    </ClCompile>
    <ClCompile Include="$(OpensslDir)crypto\asn1\a_print.c">
      <Filter>Source Files\asn1</Filter>
    </ClCompile>
    <ClCompile Include="$(OpensslDir)crypto\asn1\a_set.c">
      <Filter>Source Files\asn1</Filter>
    </ClCompile>
    <ClCompile Include="$(OpensslDir)crypto\asn1\a_sign.c">
      <Filter>Source Files\asn1</Filter>
    </ClCompile>
    <ClCompile Include="$(OpensslDir)crypto\asn1\a_strex.c">
      <Filter>Source Files\asn1</Filter>
    </ClCompile>
    <ClCompile Include="$(OpensslDir)crypto\asn1\a_strnid.c">
      <Filter>Source Files\asn1</Filter>
    </ClCompile>
    <ClCompile Include="$(OpensslDir)crypto\asn1\a_time.c">
      <Filter>Source Files\asn1</Filter>
    </ClCompile>
    <ClCompile Include="$(OpensslDir)crypto\asn1\a_type.c">
      <Filter>Source Files\asn1</Filter>
    </ClCompile>
    <ClCompile Include="$(OpensslDir)crypto\asn1\a_utctm.c">
      <Filter>Source Files\asn1</Filter>
    </ClCompile>
    <ClCompile Include="$(OpensslDir)crypto\asn1\a_utf8.c">
      <Filter>Source Files\asn1</Filter>
    </ClCompile>
    <ClCompile Include="$(OpensslDir)crypto\asn1\a_verify.c">
      <Filter>Source Files\asn1</Filter>
    </ClCompile>
    <ClCompile Include="$(OpensslDir)crypto\aes\aes_cbc.c">
      <Filter>Source Files\asn1</Filter>
    </ClCompile>
    <ClCompile Include="$(OpensslDir)crypto\aes\aes_cfb.c">
      <Filter>Source Files\asn1</Filter>
    </ClCompile>
    <ClCompile Include="$(OpensslDir)crypto\aes\aes_core.c">
      <Filter>Source Files\asn1</Filter>
    </ClCompile>
    <ClCompile Include="$(OpensslDir)crypto\aes\aes_ctr.c">
      <Filter>Source Files\asn1</Filter>
    </ClCompile>
    <ClCompile Include="$(OpensslDir)crypto\aes\aes_ecb.c">
      <Filter>Source Files\asn1</Filter>
    </ClCompile>
    <ClCompile Include="$(OpensslDir)crypto\aes\aes_ige.c">
      <Filter>Source Files\asn1</Filter>
    </ClCompile>
    <ClCompile Include="$(OpensslDir)crypto\aes\aes_misc.c">
      <Filter>Source Files\asn1</Filter>
    </ClCompile>
    <ClCompile Include="$(OpensslDir)crypto\aes\aes_ofb.c">
      <Filter>Source Files\asn1</Filter>
    </ClCompile>
    <ClCompile Include="$(OpensslDir)crypto\aes\aes_wrap.c">
      <Filter>Source Files\asn1</Filter>
    </ClCompile>
    <ClCompile Include="$(OpensslDir)crypto\asn1\ameth_lib.c">
      <Filter>Source Files\asn1</Filter>
    </ClCompile>
    <ClCompile Include="$(OpensslDir)crypto\asn1\asn_mime.c">
      <Filter>Source Files\asn1</Filter>
    </ClCompile>
    <ClCompile Include="$(OpensslDir)crypto\asn1\asn_moid.c">
      <Filter>Source Files\asn1</Filter>
    </ClCompile>
    <ClCompile Include="$(OpensslDir)crypto\asn1\asn_pack.c">
      <Filter>Source Files\asn1</Filter>
    </ClCompile>
    <ClCompile Include="$(OpensslDir)crypto\asn1\asn1_err.c">
      <Filter>Source Files\asn1</Filter>
    </ClCompile>
    <ClCompile Include="$(OpensslDir)crypto\asn1\asn1_gen.c">
      <Filter>Source Files\asn1</Filter>
    </ClCompile>
    <ClCompile Include="$(OpensslDir)crypto\asn1\asn1_lib.c">
      <Filter>Source Files\asn1</Filter>
    </ClCompile>
    <ClCompile Include="$(OpensslDir)crypto\asn1\asn1_par.c">
      <Filter>Source Files\asn1</Filter>
    </ClCompile>
    <ClCompile Include="$(OpensslDir)crypto\bio\bf_buff.c">
      <Filter>Source Files\bf</Filter>
    </ClCompile>
    <ClCompile Include="$(OpensslDir)crypto\bf\bf_cfb64.c">
      <Filter>Source Files\bf</Filter>
    </ClCompile>
    <ClCompile Include="$(OpensslDir)crypto\bf\bf_ecb.c">
      <Filter>Source Files\bf</Filter>
    </ClCompile>
    <ClCompile Include="$(OpensslDir)crypto\bf\bf_enc.c">
      <Filter>Source Files\bf</Filter>
    </ClCompile>
    <ClCompile Include="$(OpensslDir)crypto\bio\bf_lbuf.c">
      <Filter>Source Files\bf</Filter>
    </ClCompile>
    <ClCompile Include="$(OpensslDir)crypto\bio\bf_nbio.c">
      <Filter>Source Files\bf</Filter>
    </ClCompile>
    <ClCompile Include="$(OpensslDir)crypto\bio\bf_null.c">
      <Filter>Source Files\bf</Filter>
    </ClCompile>
    <ClCompile Include="$(OpensslDir)crypto\bf\bf_ofb64.c">
      <Filter>Source Files\bf</Filter>
    </ClCompile>
    <ClCompile Include="$(OpensslDir)crypto\bf\bf_skey.c">
      <Filter>Source Files\bf</Filter>
    </ClCompile>
    <ClCompile Include="$(OpensslDir)crypto\bio\b_dump.c">
      <Filter>Source Files\bio</Filter>
    </ClCompile>
    <ClCompile Include="$(OpensslDir)crypto\bio\b_print.c">
      <Filter>Source Files\bio</Filter>
    </ClCompile>
    <ClCompile Include="$(OpensslDir)crypto\asn1\bio_asn1.c">
      <Filter>Source Files\bio</Filter>
    </ClCompile>
    <ClCompile Include="$(OpensslDir)crypto\evp\bio_b64.c">
      <Filter>Source Files\bio</Filter>
    </ClCompile>
    <ClCompile Include="$(OpensslDir)crypto\bio\bio_cb.c">
      <Filter>Source Files\bio</Filter>
    </ClCompile>
    <ClCompile Include="$(OpensslDir)crypto\evp\bio_enc.c">
      <Filter>Source Files\bio</Filter>
    </ClCompile>
    <ClCompile Include="$(OpensslDir)crypto\bio\bio_err.c">
      <Filter>Source Files\bio</Filter>
    </ClCompile>
    <ClCompile Include="$(OpensslDir)crypto\bio\bio_lib.c">
      <Filter>Source Files\bio</Filter>
    </ClCompile>
    <ClCompile Include="$(OpensslDir)crypto\evp\bio_md.c">
      <Filter>Source Files\bio</Filter>
    </ClCompile>
    <ClCompile Include="$(OpensslDir)crypto\asn1\bio_ndef.c">
      <Filter>Source Files\bio</Filter>
    </ClCompile>
    <ClCompile Include="$(OpensslDir)crypto\evp\bio_ok.c">
      <Filter>Source Files\bio</Filter>
    </ClCompile>
    <ClCompile Include="$(OpensslDir)crypto\bn\bn_add.c">
      <Filter>Source Files\bn</Filter>
    </ClCompile>
    <ClCompile Include="$(OpensslDir)crypto\bn\bn_asm.c">
      <Filter>Source Files\bn</Filter>
    </ClCompile>
    <ClCompile Include="$(OpensslDir)crypto\bn\bn_blind.c">
      <Filter>Source Files\bn</Filter>
    </ClCompile>
    <ClCompile Include="$(OpensslDir)crypto\bn\bn_const.c">
      <Filter>Source Files\bn</Filter>
    </ClCompile>
    <ClCompile Include="$(OpensslDir)crypto\bn\bn_ctx.c">
      <Filter>Source Files\bn</Filter>
    </ClCompile>
    <ClCompile Include="$(OpensslDir)crypto\bn\bn_depr.c">
      <Filter>Source Files\bn</Filter>
    </ClCompile>
    <ClCompile Include="$(OpensslDir)crypto\bn\bn_div.c">
      <Filter>Source Files\bn</Filter>
    </ClCompile>
    <ClCompile Include="$(OpensslDir)crypto\bn\bn_err.c">
      <Filter>Source Files\bn</Filter>
    </ClCompile>
    <ClCompile Include="$(OpensslDir)crypto\bn\bn_exp.c">
      <Filter>Source Files\bn</Filter>
    </ClCompile>
    <ClCompile Include="$(OpensslDir)crypto\bn\bn_exp2.c">
      <Filter>Source Files\bn</Filter>
    </ClCompile>
    <ClCompile Include="$(OpensslDir)crypto\bn\bn_gcd.c">
      <Filter>Source Files\bn</Filter>
    </ClCompile>
    <ClCompile Include="$(OpensslDir)crypto\bn\bn_gf2m.c">
      <Filter>Source Files\bn</Filter>
    </ClCompile>
    <ClCompile Include="$(OpensslDir)crypto\bn\bn_kron.c">
      <Filter>Source Files\bn</Filter>
    </ClCompile>
    <ClCompile Include="$(OpensslDir)crypto\bn\bn_lib.c">
      <Filter>Source Files\bn</Filter>
    </ClCompile>
    <ClCompile Include="$(OpensslDir)crypto\bn\bn_mod.c">
      <Filter>Source Files\bn</Filter>
    </ClCompile>
    <ClCompile Include="$(OpensslDir)crypto\bn\bn_mont.c">
      <Filter>Source Files\bn</Filter>
    </ClCompile>
    <ClCompile Include="$(OpensslDir)crypto\bn\bn_mpi.c">
      <Filter>Source Files\bn</Filter>
    </ClCompile>
    <ClCompile Include="$(OpensslDir)crypto\bn\bn_mul.c">
      <Filter>Source Files\bn</Filter>
    </ClCompile>
    <ClCompile Include="$(OpensslDir)crypto\bn\bn_nist.c">
      <Filter>Source Files\bn</Filter>
    </ClCompile>
    <ClCompile Include="$(OpensslDir)crypto\bn\bn_prime.c">
      <Filter>Source Files\bn</Filter>
    </ClCompile>
    <ClCompile Include="$(OpensslDir)crypto\bn\bn_print.c">
      <Filter>Source Files\bn</Filter>
    </ClCompile>
    <ClCompile Include="$(OpensslDir)crypto\bn\bn_rand.c">
      <Filter>Source Files\bn</Filter>
    </ClCompile>
    <ClCompile Include="$(OpensslDir)crypto\bn\bn_recp.c">
      <Filter>Source Files\bn</Filter>
    </ClCompile>
    <ClCompile Include="$(OpensslDir)crypto\bn\bn_shift.c">
      <Filter>Source Files\bn</Filter>
    </ClCompile>
    <ClCompile Include="$(OpensslDir)crypto\bn\bn_sqr.c">
      <Filter>Source Files\bn</Filter>
    </ClCompile>
    <ClCompile Include="$(OpensslDir)crypto\bn\bn_sqrt.c">
      <Filter>Source Files\bn</Filter>
    </ClCompile>
    <ClCompile Include="$(OpensslDir)crypto\bn\bn_word.c">
      <Filter>Source Files\bn</Filter>
    </ClCompile>
    <ClCompile Include="$(OpensslDir)crypto\bn\bn_x931p.c">
      <Filter>Source Files\bn</Filter>
    </ClCompile>
    <ClCompile Include="$(OpensslDir)crypto\bio\bss_bio.c">
      <Filter>Source Files\bio</Filter>
    </ClCompile>
    <ClCompile Include="$(OpensslDir)crypto\bio\bss_fd.c">
      <Filter>Source Files\bio</Filter>
    </ClCompile>
    <ClCompile Include="$(OpensslDir)crypto\bio\bss_file.c">
      <Filter>Source Files\bio</Filter>
    </ClCompile>
    <ClCompile Include="$(OpensslDir)crypto\bio\bss_log.c">
      <Filter>Source Files\bio</Filter>
    </ClCompile>
    <ClCompile Include="$(OpensslDir)crypto\bio\bss_mem.c">
      <Filter>Source Files\bio</Filter>
    </ClCompile>
    <ClCompile Include="$(OpensslDir)crypto\bio\bss_null.c">
      <Filter>Source Files\bio</Filter>
    </ClCompile>
    <ClCompile Include="$(OpensslDir)crypto\buffer\buffer.c">
      <Filter>Source Files\buffer</Filter>
    </ClCompile>
    <ClCompile Include="$(OpensslDir)crypto\buffer\buf_str.c">
      <Filter>Source Files\buffer</Filter>
    </ClCompile>
    <ClCompile Include="$(OpensslDir)crypto\buffer\buf_err.c">
      <Filter>Source Files\buffer</Filter>
    </ClCompile>
    <ClCompile Include="$(OpensslDir)crypto\ocsp\ocsp_vfy.c">
      <Filter>Source Files\ocsp</Filter>
    </ClCompile>
    <ClCompile Include="$(OpensslDir)crypto\ocsp\ocsp_srv.c">
      <Filter>Source Files\ocsp</Filter>
    </ClCompile>
    <ClCompile Include="$(OpensslDir)crypto\ocsp\ocsp_prn.c">
      <Filter>Source Files\ocsp</Filter>
    </ClCompile>
    <ClCompile Include="$(OpensslDir)crypto\ocsp\ocsp_lib.c">
      <Filter>Source Files\ocsp</Filter>
    </ClCompile>
    <ClCompile Include="$(OpensslDir)crypto\ocsp\ocsp_ht.c">
      <Filter>Source Files\ocsp</Filter>
    </ClCompile>
    <ClCompile Include="$(OpensslDir)crypto\ocsp\ocsp_ext.c">
      <Filter>Source Files\ocsp</Filter>
    </ClCompile>
    <ClCompile Include="$(OpensslDir)crypto\ocsp\ocsp_err.c">
      <Filter>Source Files\ocsp</Filter>
    </ClCompile>
    <ClCompile Include="$(OpensslDir)crypto\ocsp\ocsp_cl.c">
      <Filter>Source Files\ocsp</Filter>
    </ClCompile>
    <ClCompile Include="$(OpensslDir)crypto\ocsp\ocsp_asn.c">
      <Filter>Source Files\ocsp</Filter>
    </ClCompile>
    <ClCompile Include="$(OpensslDir)crypto\pem\pem_all.c">
      <Filter>Source Files\pem</Filter>
    </ClCompile>
    <ClCompile Include="$(OpensslDir)crypto\pem\pem_err.c">
      <Filter>Source Files\pem</Filter>
    </ClCompile>
    <ClCompile Include="$(OpensslDir)crypto\pem\pem_info.c">
      <Filter>Source Files\pem</Filter>
    </ClCompile>
    <ClCompile Include="$(OpensslDir)crypto\pem\pem_lib.c">
      <Filter>Source Files\pem</Filter>
    </ClCompile>
    <ClCompile Include="$(OpensslDir)crypto\pem\pem_oth.c">
      <Filter>Source Files\pem</Filter>
    </ClCompile>
    <ClCompile Include="$(OpensslDir)crypto\pem\pem_pk8.c">
      <Filter>Source Files\pem</Filter>
    </ClCompile>
    <ClCompile Include="$(OpensslDir)crypto\pem\pem_pkey.c">
      <Filter>Source Files\pem</Filter>
    </ClCompile>
    <ClCompile Include="$(OpensslDir)crypto\pem\pem_seal.c">
      <Filter>Source Files\pem</Filter>
    </ClCompile>
    <ClCompile Include="$(OpensslDir)crypto\pem\pem_sign.c">
      <Filter>Source Files\pem</Filter>
    </ClCompile>
    <ClCompile Include="$(OpensslDir)crypto\pem\pem_x509.c">
      <Filter>Source Files\pem</Filter>
    </ClCompile>
    <ClCompile Include="$(OpensslDir)crypto\pem\pem_xaux.c">
      <Filter>Source Files\pem</Filter>
    </ClCompile>
    <ClCompile Include="$(OpensslDir)crypto\conf\conf_api.c">
      <Filter>Source Files\conf</Filter>
    </ClCompile>
    <ClCompile Include="$(OpensslDir)crypto\conf\conf_def.c">
      <Filter>Source Files\conf</Filter>
    </ClCompile>
    <ClCompile Include="$(OpensslDir)crypto\conf\conf_err.c">
      <Filter>Source Files\conf</Filter>
    </ClCompile>
    <ClCompile Include="$(OpensslDir)crypto\conf\conf_lib.c">
      <Filter>Source Files\conf</Filter>
    </ClCompile>
    <ClCompile Include="$(OpensslDir)crypto\conf\conf_mall.c">
      <Filter>Source Files\conf</Filter>
    </ClCompile>
    <ClCompile Include="$(OpensslDir)crypto\conf\conf_mod.c">
      <Filter>Source Files\conf</Filter>
    </ClCompile>
    <ClCompile Include="$(OpensslDir)crypto\conf\conf_sap.c">
      <Filter>Source Files\conf</Filter>
    </ClCompile>
    <ClCompile Include="$(OpensslDir)crypto\dh\dh_ameth.c">
      <Filter>Source Files\dh</Filter>
    </ClCompile>
    <ClCompile Include="$(OpensslDir)crypto\dh\dh_asn1.c">
      <Filter>Source Files\dh</Filter>
    </ClCompile>
    <ClCompile Include="$(OpensslDir)crypto\dh\dh_check.c">
      <Filter>Source Files\dh</Filter>
    </ClCompile>
    <ClCompile Include="$(OpensslDir)crypto\dh\dh_depr.c">
      <Filter>Source Files\dh</Filter>
    </ClCompile>
    <ClCompile Include="$(OpensslDir)crypto\dh\dh_err.c">
      <Filter>Source Files\dh</Filter>
    </ClCompile>
    <ClCompile Include="$(OpensslDir)crypto\dh\dh_gen.c">
      <Filter>Source Files\dh</Filter>
    </ClCompile>
    <ClCompile Include="$(OpensslDir)crypto\dh\dh_kdf.c">
      <Filter>Source Files\dh</Filter>
    </ClCompile>
    <ClCompile Include="$(OpensslDir)crypto\dh\dh_key.c">
      <Filter>Source Files\dh</Filter>
    </ClCompile>
    <ClCompile Include="$(OpensslDir)crypto\dh\dh_lib.c">
      <Filter>Source Files\dh</Filter>
    </ClCompile>
    <ClCompile Include="$(OpensslDir)crypto\dh\dh_pmeth.c">
      <Filter>Source Files\dh</Filter>
    </ClCompile>
    <ClCompile Include="$(OpensslDir)crypto\dh\dh_prn.c">
      <Filter>Source Files\dh</Filter>
    </ClCompile>
    <ClCompile Include="$(OpensslDir)crypto\dh\dh_rfc5114.c">
      <Filter>Source Files\dh</Filter>
    </ClCompile>
    <ClCompile Include="$(OpensslDir)crypto\evp\m_wp.c">
      <Filter>Source Files\evp</Filter>
    </ClCompile>
    <ClCompile Include="$(OpensslDir)crypto\evp\m_sigver.c">
      <Filter>Source Files\evp</Filter>
    </ClCompile>
    <ClCompile Include="$(OpensslDir)crypto\evp\m_sha1.c">
      <Filter>Source Files\evp</Filter>
    </ClCompile>
    <ClCompile Include="$(OpensslDir)crypto\evp\m_sha.c">
      <Filter>Source Files\evp</Filter>
    </ClCompile>
    <ClCompile Include="$(OpensslDir)crypto\evp\m_ripemd.c">
      <Filter>Source Files\evp</Filter>
    </ClCompile>
    <ClCompile Include="$(OpensslDir)crypto\evp\m_null.c">
      <Filter>Source Files\evp</Filter>
    </ClCompile>
    <ClCompile Include="$(OpensslDir)crypto\evp\m_mdc2.c">
      <Filter>Source Files\evp</Filter>
    </ClCompile>
    <ClCompile Include="$(OpensslDir)crypto\evp\m_md5.c">
      <Filter>Source Files\evp</Filter>
    </ClCompile>
    <ClCompile Include="$(OpensslDir)crypto\evp\m_md4.c">
      <Filter>Source Files\evp</Filter>
    </ClCompile>
    <ClCompile Include="$(OpensslDir)crypto\evp\m_md2.c">
      <Filter>Source Files\evp</Filter>
    </ClCompile>
    <ClCompile Include="$(OpensslDir)crypto\evp\m_ecdsa.c">
      <Filter>Source Files\evp</Filter>
    </ClCompile>
    <ClCompile Include="$(OpensslDir)crypto\evp\m_dss1.c">
      <Filter>Source Files\evp</Filter>
    </ClCompile>
    <ClCompile Include="$(OpensslDir)crypto\evp\m_dss.c">
      <Filter>Source Files\evp</Filter>
    </ClCompile>
    <ClCompile Include="$(OpensslDir)crypto\cms\cms_smime.c">
      <Filter>Source Files\cms</Filter>
    </ClCompile>
    <ClCompile Include="$(OpensslDir)crypto\cms\cms_sd.c">
      <Filter>Source Files\cms</Filter>
    </ClCompile>
    <ClCompile Include="$(OpensslDir)crypto\cms\cms_pwri.c">
      <Filter>Source Files\cms</Filter>
    </ClCompile>
    <ClCompile Include="$(OpensslDir)crypto\cms\cms_lib.c">
      <Filter>Source Files\cms</Filter>
    </ClCompile>
    <ClCompile Include="$(OpensslDir)crypto\cms\cms_kari.c">
      <Filter>Source Files\cms</Filter>
    </ClCompile>
    <ClCompile Include="$(OpensslDir)crypto\cms\cms_io.c">
      <Filter>Source Files\cms</Filter>
    </ClCompile>
    <ClCompile Include="$(OpensslDir)crypto\cms\cms_ess.c">
      <Filter>Source Files\cms</Filter>
    </ClCompile>
    <ClCompile Include="$(OpensslDir)crypto\cms\cms_err.c">
      <Filter>Source Files\cms</Filter>
    </ClCompile>
    <ClCompile Include="$(OpensslDir)crypto\cms\cms_env.c">
      <Filter>Source Files\cms</Filter>
    </ClCompile>
    <ClCompile Include="$(OpensslDir)crypto\cms\cms_enc.c">
      <Filter>Source Files\cms</Filter>
    </ClCompile>
    <ClCompile Include="$(OpensslDir)crypto\cms\cms_dd.c">
      <Filter>Source Files\cms</Filter>
    </ClCompile>
    <ClCompile Include="$(OpensslDir)crypto\cms\cms_cd.c">
      <Filter>Source Files\cms</Filter>
    </ClCompile>
    <ClCompile Include="$(OpensslDir)crypto\cms\cms_att.c">
      <Filter>Source Files\cms</Filter>
    </ClCompile>
    <ClCompile Include="$(OpensslDir)crypto\cms\cms_asn1.c">
      <Filter>Source Files\cms</Filter>
    </ClCompile>
    <ClCompile Include="$(OpensslDir)crypto\evp\e_aes.c">
      <Filter>Source Files\evp</Filter>
    </ClCompile>
    <ClCompile Include="$(OpensslDir)crypto\evp\e_aes_cbc_hmac_sha1.c">
      <Filter>Source Files\evp</Filter>
    </ClCompile>
    <ClCompile Include="$(OpensslDir)crypto\evp\e_aes_cbc_hmac_sha256.c">
      <Filter>Source Files\evp</Filter>
    </ClCompile>
    <ClCompile Include="$(OpensslDir)crypto\evp\e_bf.c">
      <Filter>Source Files\evp</Filter>
    </ClCompile>
    <ClCompile Include="$(OpensslDir)crypto\evp\e_cast.c">
      <Filter>Source Files\evp</Filter>
    </ClCompile>
    <ClCompile Include="$(OpensslDir)crypto\evp\e_des.c">
      <Filter>Source Files\evp</Filter>
    </ClCompile>
    <ClCompile Include="$(OpensslDir)crypto\evp\e_des3.c">
      <Filter>Source Files\evp</Filter>
    </ClCompile>
    <ClCompile Include="$(OpensslDir)crypto\evp\e_idea.c">
      <Filter>Source Files\evp</Filter>
    </ClCompile>
    <ClCompile Include="$(OpensslDir)crypto\evp\e_null.c">
      <Filter>Source Files\evp</Filter>
    </ClCompile>
    <ClCompile Include="$(OpensslDir)crypto\evp\e_old.c">
      <Filter>Source Files\evp</Filter>
    </ClCompile>
    <ClCompile Include="$(OpensslDir)crypto\evp\e_rc2.c">
      <Filter>Source Files\evp</Filter>
    </ClCompile>
    <ClCompile Include="$(OpensslDir)crypto\evp\e_rc4.c">
      <Filter>Source Files\evp</Filter>
    </ClCompile>
    <ClCompile Include="$(OpensslDir)crypto\evp\e_rc4_hmac_md5.c">
      <Filter>Source Files\evp</Filter>
    </ClCompile>
    <ClCompile Include="$(OpensslDir)crypto\evp\e_rc5.c">
      <Filter>Source Files\evp</Filter>
    </ClCompile>
    <ClCompile Include="$(OpensslDir)crypto\evp\e_seed.c">
      <Filter>Source Files\evp</Filter>
    </ClCompile>
    <ClCompile Include="$(OpensslDir)crypto\evp\e_xcbc_d.c">
      <Filter>Source Files\evp</Filter>
    </ClCompile>
    <ClCompile Include="$(OpensslDir)crypto\dso\dso_beos.c">
      <Filter>Source Files\dso</Filter>
    </ClCompile>
    <ClCompile Include="$(OpensslDir)crypto\dso\dso_dl.c">
      <Filter>Source Files\dso</Filter>
    </ClCompile>
    <ClCompile Include="$(OpensslDir)crypto\dso\dso_dlfcn.c">
      <Filter>Source Files\dso</Filter>
    </ClCompile>
    <ClCompile Include="$(OpensslDir)crypto\dso\dso_err.c">
      <Filter>Source Files\dso</Filter>
    </ClCompile>
    <ClCompile Include="$(OpensslDir)crypto\dso\dso_lib.c">
      <Filter>Source Files\dso</Filter>
    </ClCompile>
    <ClCompile Include="$(OpensslDir)crypto\dso\dso_null.c">
      <Filter>Source Files\dso</Filter>
    </ClCompile>
    <ClCompile Include="$(OpensslDir)crypto\dso\dso_openssl.c">
      <Filter>Source Files\dso</Filter>
    </ClCompile>
    <ClCompile Include="$(OpensslDir)crypto\dso\dso_vms.c">
      <Filter>Source Files\dso</Filter>
    </ClCompile>
    <ClCompile Include="$(OpensslDir)crypto\dso\dso_win32.c">
      <Filter>Source Files\dso</Filter>
    </ClCompile>
    <ClCompile Include="$(OpensslDir)crypto\ec\eck_prn.c">
      <Filter>Source Files\ec</Filter>
    </ClCompile>
    <ClCompile Include="$(OpensslDir)crypto\ec\ecp_mont.c">
      <Filter>Source Files\ec</Filter>
    </ClCompile>
    <ClCompile Include="$(OpensslDir)crypto\ec\ecp_nist.c">
      <Filter>Source Files\ec</Filter>
    </ClCompile>
    <ClCompile Include="$(OpensslDir)crypto\ec\ecp_nistp224.c">
      <Filter>Source Files\ec</Filter>
    </ClCompile>
    <ClCompile Include="$(OpensslDir)crypto\ec\ecp_nistp256.c">
      <Filter>Source Files\ec</Filter>
    </ClCompile>
    <ClCompile Include="$(OpensslDir)crypto\ec\ecp_nistp521.c">
      <Filter>Source Files\ec</Filter>
    </ClCompile>
    <ClCompile Include="$(OpensslDir)crypto\ec\ecp_nistputil.c">
      <Filter>Source Files\ec</Filter>
    </ClCompile>
    <ClCompile Include="$(OpensslDir)crypto\ec\ecp_nistz256.c">
      <Filter>Source Files\ec</Filter>
    </ClCompile>
    <ClCompile Include="$(OpensslDir)crypto\ec\ecp_nistz256_table.c">
      <Filter>Source Files\ec</Filter>
    </ClCompile>
    <ClCompile Include="$(OpensslDir)crypto\ec\ecp_oct.c">
      <Filter>Source Files\ec</Filter>
    </ClCompile>
    <ClCompile Include="$(OpensslDir)crypto\ec\ecp_smpl.c">
      <Filter>Source Files\ec</Filter>
    </ClCompile>
    <ClCompile Include="$(OpensslDir)crypto\engine\eng_table.c">
      <Filter>Source Files\engine</Filter>
    </ClCompile>
    <ClCompile Include="$(OpensslDir)crypto\engine\eng_pkey.c">
      <Filter>Source Files\engine</Filter>
    </ClCompile>
    <ClCompile Include="$(OpensslDir)crypto\engine\eng_list.c">
      <Filter>Source Files\engine</Filter>
    </ClCompile>
    <ClCompile Include="$(OpensslDir)crypto\engine\eng_lib.c">
      <Filter>Source Files\engine</Filter>
    </ClCompile>
    <ClCompile Include="$(OpensslDir)crypto\engine\eng_init.c">
      <Filter>Source Files\engine</Filter>
    </ClCompile>
    <ClCompile Include="$(OpensslDir)crypto\engine\eng_ctrl.c">
      <Filter>Source Files\engine</Filter>
    </ClCompile>
    <ClCompile Include="$(OpensslDir)crypto\ec\ec2_smpl.c">
      <Filter>Source Files\ec</Filter>
    </ClCompile>
    <ClCompile Include="$(OpensslDir)crypto\ec\ec2_oct.c">
      <Filter>Source Files\ec</Filter>
    </ClCompile>
    <ClCompile Include="$(OpensslDir)crypto\ec\ec2_mult.c">
      <Filter>Source Files\ec</Filter>
    </ClCompile>
    <ClCompile Include="$(OpensslDir)crypto\ec\ec_print.c">
      <Filter>Source Files\ec</Filter>
    </ClCompile>
    <ClCompile Include="$(OpensslDir)crypto\ec\ec_pmeth.c">
      <Filter>Source Files\ec</Filter>
    </ClCompile>
    <ClCompile Include="$(OpensslDir)crypto\ec\ec_oct.c">
      <Filter>Source Files\ec</Filter>
    </ClCompile>
    <ClCompile Include="$(OpensslDir)crypto\ec\ec_mult.c">
      <Filter>Source Files\ec</Filter>
    </ClCompile>
    <ClCompile Include="$(OpensslDir)crypto\ec\ec_lib.c">
      <Filter>Source Files\ec</Filter>
    </ClCompile>
    <ClCompile Include="$(OpensslDir)crypto\ec\ec_key.c">
      <Filter>Source Files\ec</Filter>
    </ClCompile>
    <ClCompile Include="$(OpensslDir)crypto\ec\ec_err.c">
      <Filter>Source Files\ec</Filter>
    </ClCompile>
    <ClCompile Include="$(OpensslDir)crypto\ec\ec_cvt.c">
      <Filter>Source Files\ec</Filter>
    </ClCompile>
    <ClCompile Include="$(OpensslDir)crypto\ec\ec_curve.c">
      <Filter>Source Files\ec</Filter>
    </ClCompile>
    <ClCompile Include="$(OpensslDir)crypto\ec\ec_check.c">
      <Filter>Source Files\ec</Filter>
    </ClCompile>
    <ClCompile Include="$(OpensslDir)crypto\ec\ec_asn1.c">
      <Filter>Source Files\ec</Filter>
    </ClCompile>
    <ClCompile Include="$(OpensslDir)crypto\ec\ec_ameth.c">
      <Filter>Source Files\ec</Filter>
    </ClCompile>
    <ClCompile Include="$(OpensslDir)crypto\rsa\rsa_ameth.c">
      <Filter>Source Files\rsa</Filter>
    </ClCompile>
    <ClCompile Include="$(OpensslDir)crypto\rsa\rsa_asn1.c">
      <Filter>Source Files\rsa</Filter>
    </ClCompile>
    <ClCompile Include="$(OpensslDir)crypto\rsa\rsa_chk.c">
      <Filter>Source Files\rsa</Filter>
    </ClCompile>
    <ClCompile Include="$(OpensslDir)crypto\rsa\rsa_crpt.c">
      <Filter>Source Files\rsa</Filter>
    </ClCompile>
    <ClCompile Include="$(OpensslDir)crypto\rsa\rsa_depr.c">
      <Filter>Source Files\rsa</Filter>
    </ClCompile>
    <ClCompile Include="$(OpensslDir)crypto\rsa\rsa_eay.c">
      <Filter>Source Files\rsa</Filter>
    </ClCompile>
    <ClCompile Include="$(OpensslDir)crypto\rsa\rsa_err.c">
      <Filter>Source Files\rsa</Filter>
    </ClCompile>
    <ClCompile Include="$(OpensslDir)crypto\rsa\rsa_gen.c">
      <Filter>Source Files\rsa</Filter>
    </ClCompile>
    <ClCompile Include="$(OpensslDir)crypto\rsa\rsa_lib.c">
      <Filter>Source Files\rsa</Filter>
    </ClCompile>
    <ClCompile Include="$(OpensslDir)crypto\rsa\rsa_none.c">
      <Filter>Source Files\rsa</Filter>
    </ClCompile>
    <ClCompile Include="$(OpensslDir)crypto\rsa\rsa_null.c">
      <Filter>Source Files\rsa</Filter>
    </ClCompile>
    <ClCompile Include="$(OpensslDir)crypto\rsa\rsa_oaep.c">
      <Filter>Source Files\rsa</Filter>
    </ClCompile>
    <ClCompile Include="$(OpensslDir)crypto\rsa\rsa_pk1.c">
      <Filter>Source Files\rsa</Filter>
    </ClCompile>
    <ClCompile Include="$(OpensslDir)crypto\rsa\rsa_pmeth.c">
      <Filter>Source Files\rsa</Filter>
    </ClCompile>
    <ClCompile Include="$(OpensslDir)crypto\rsa\rsa_prn.c">
      <Filter>Source Files\rsa</Filter>
    </ClCompile>
    <ClCompile Include="$(OpensslDir)crypto\rsa\rsa_pss.c">
      <Filter>Source Files\rsa</Filter>
    </ClCompile>
    <ClCompile Include="$(OpensslDir)crypto\rsa\rsa_saos.c">
      <Filter>Source Files\rsa</Filter>
    </ClCompile>
    <ClCompile Include="$(OpensslDir)crypto\rsa\rsa_sign.c">
      <Filter>Source Files\rsa</Filter>
    </ClCompile>
    <ClCompile Include="$(OpensslDir)crypto\rsa\rsa_ssl.c">
      <Filter>Source Files\rsa</Filter>
    </ClCompile>
    <ClCompile Include="$(OpensslDir)crypto\rsa\rsa_x931.c">
      <Filter>Source Files\rsa</Filter>
    </ClCompile>
    <ClCompile Include="$(OpensslDir)crypto\x509v3\v3_addr.c">
      <Filter>Source Files\x509v3</Filter>
    </ClCompile>
    <ClCompile Include="$(OpensslDir)crypto\x509v3\v3_akey.c">
      <Filter>Source Files\x509v3</Filter>
    </ClCompile>
    <ClCompile Include="$(OpensslDir)crypto\x509v3\v3_akeya.c">
      <Filter>Source Files\x509v3</Filter>
    </ClCompile>
    <ClCompile Include="$(OpensslDir)crypto\x509v3\v3_alt.c">
      <Filter>Source Files\x509v3</Filter>
    </ClCompile>
    <ClCompile Include="$(OpensslDir)crypto\x509v3\v3_asid.c">
      <Filter>Source Files\x509v3</Filter>
    </ClCompile>
    <ClCompile Include="$(OpensslDir)crypto\x509v3\v3_bcons.c">
      <Filter>Source Files\x509v3</Filter>
    </ClCompile>
    <ClCompile Include="$(OpensslDir)crypto\x509v3\v3_bitst.c">
      <Filter>Source Files\x509v3</Filter>
    </ClCompile>
    <ClCompile Include="$(OpensslDir)crypto\x509v3\v3_conf.c">
      <Filter>Source Files\x509v3</Filter>
    </ClCompile>
    <ClCompile Include="$(OpensslDir)crypto\x509v3\v3_cpols.c">
      <Filter>Source Files\x509v3</Filter>
    </ClCompile>
    <ClCompile Include="$(OpensslDir)crypto\x509v3\v3_crld.c">
      <Filter>Source Files\x509v3</Filter>
    </ClCompile>
    <ClCompile Include="$(OpensslDir)crypto\x509v3\v3_enum.c">
      <Filter>Source Files\x509v3</Filter>
    </ClCompile>
    <ClCompile Include="$(OpensslDir)crypto\x509v3\v3_extku.c">
      <Filter>Source Files\x509v3</Filter>
    </ClCompile>
    <ClCompile Include="$(OpensslDir)crypto\x509v3\v3_genn.c">
      <Filter>Source Files\x509v3</Filter>
    </ClCompile>
    <ClCompile Include="$(OpensslDir)crypto\x509v3\v3_ia5.c">
      <Filter>Source Files\x509v3</Filter>
    </ClCompile>
    <ClCompile Include="$(OpensslDir)crypto\x509v3\v3_info.c">
      <Filter>Source Files\x509v3</Filter>
    </ClCompile>
    <ClCompile Include="$(OpensslDir)crypto\x509v3\v3_int.c">
      <Filter>Source Files\x509v3</Filter>
    </ClCompile>
    <ClCompile Include="$(OpensslDir)crypto\x509v3\v3_lib.c">
      <Filter>Source Files\x509v3</Filter>
    </ClCompile>
    <ClCompile Include="$(OpensslDir)crypto\x509v3\v3_ncons.c">
      <Filter>Source Files\x509v3</Filter>
    </ClCompile>
    <ClCompile Include="$(OpensslDir)crypto\x509v3\v3_ocsp.c">
      <Filter>Source Files\x509v3</Filter>
    </ClCompile>
    <ClCompile Include="$(OpensslDir)crypto\x509v3\v3_pci.c">
      <Filter>Source Files\x509v3</Filter>
    </ClCompile>
    <ClCompile Include="$(OpensslDir)crypto\x509v3\v3_pcia.c">
      <Filter>Source Files\x509v3</Filter>
    </ClCompile>
    <ClCompile Include="$(OpensslDir)crypto\x509v3\v3_pcons.c">
      <Filter>Source Files\x509v3</Filter>
    </ClCompile>
    <ClCompile Include="$(OpensslDir)crypto\x509v3\v3_pku.c">
      <Filter>Source Files\x509v3</Filter>
    </ClCompile>
    <ClCompile Include="$(OpensslDir)crypto\x509v3\v3_pmaps.c">
      <Filter>Source Files\x509v3</Filter>
    </ClCompile>
    <ClCompile Include="$(OpensslDir)crypto\x509v3\v3_prn.c">
      <Filter>Source Files\x509v3</Filter>
    </ClCompile>
    <ClCompile Include="$(OpensslDir)crypto\x509v3\v3_purp.c">
      <Filter>Source Files\x509v3</Filter>
    </ClCompile>
    <ClCompile Include="$(OpensslDir)crypto\x509v3\v3_scts.c">
      <Filter>Source Files\x509v3</Filter>
    </ClCompile>
    <ClCompile Include="$(OpensslDir)crypto\x509v3\v3_skey.c">
      <Filter>Source Files\x509v3</Filter>
    </ClCompile>
    <ClCompile Include="$(OpensslDir)crypto\x509v3\v3_sxnet.c">
      <Filter>Source Files\x509v3</Filter>
    </ClCompile>
    <ClCompile Include="$(OpensslDir)crypto\x509v3\v3_utl.c">
      <Filter>Source Files\x509v3</Filter>
    </ClCompile>
    <ClCompile Include="$(OpensslDir)crypto\x509v3\v3err.c">
      <Filter>Source Files\x509v3</Filter>
    </ClCompile>
    <ClCompile Include="$(OpensslDir)crypto\ui\ui_compat.c">
      <Filter>Source Files\ui</Filter>
    </ClCompile>
    <ClCompile Include="$(OpensslDir)crypto\ui\ui_err.c">
      <Filter>Source Files\ui</Filter>
    </ClCompile>
    <ClCompile Include="$(OpensslDir)crypto\ui\ui_lib.c">
      <Filter>Source Files\ui</Filter>
    </ClCompile>
    <ClCompile Include="$(OpensslDir)crypto\ui\ui_util.c">
      <Filter>Source Files\ui</Filter>
    </ClCompile>
    <ClCompile Include="$(OpensslDir)crypto\ecdh\ech_ossl.c">
      <Filter>Source Files\ecdh</Filter>
    </ClCompile>
    <ClCompile Include="$(OpensslDir)crypto\ecdh\ech_lib.c">
      <Filter>Source Files\ecdh</Filter>
    </ClCompile>
    <ClCompile Include="$(OpensslDir)crypto\ecdh\ech_key.c">
      <Filter>Source Files\ecdh</Filter>
    </ClCompile>
    <ClCompile Include="$(OpensslDir)crypto\ecdh\ech_kdf.c">
      <Filter>Source Files\ecdh</Filter>
    </ClCompile>
    <ClCompile Include="$(OpensslDir)crypto\ecdh\ech_err.c">
      <Filter>Source Files\ecdh</Filter>
    </ClCompile>
    <ClCompile Include="ui_openssl.c">
      <Filter>Source Files\ui</Filter>
    </ClCompile>
  </ItemGroup>
  <ItemGroup>
    <ClInclude Include="$(OpensslDir)crypto\aes\aes.h">
      <Filter>Header Files</Filter>
    </ClInclude>
    <ClInclude Include="$(OpensslDir)crypto\aes\aes_locl.h">
      <Filter>Header Files</Filter>
    </ClInclude>
    <ClInclude Include="$(OpensslDir)crypto\asn1\asn1.h">
      <Filter>Header Files</Filter>
    </ClInclude>
    <ClInclude Include="$(OpensslDir)crypto\asn1\asn1t.h">
      <Filter>Header Files</Filter>
    </ClInclude>
    <ClInclude Include="$(OpensslDir)crypto\asn1\asn1_locl.h">
      <Filter>Header Files</Filter>
    </ClInclude>
    <ClInclude Include="$(OpensslDir)crypto\asn1\asn1_mac.h">
      <Filter>Header Files</Filter>
    </ClInclude>
    <ClInclude Include="$(OpensslDir)crypto\asn1\charmap.h">
      <Filter>Header Files</Filter>
    </ClInclude>
    <ClInclude Include="$(OpensslDir)crypto\bf\bf_locl.h">
      <Filter>Header Files</Filter>
    </ClInclude>
    <ClInclude Include="$(OpensslDir)crypto\bf\bf_pi.h">
      <Filter>Header Files</Filter>
    </ClInclude>
    <ClInclude Include="$(OpensslDir)crypto\bf\blowfish.h">
      <Filter>Header Files</Filter>
    </ClInclude>
    <ClInclude Include="$(OpensslDir)crypto\bio\bio.h">
      <Filter>Header Files</Filter>
    </ClInclude>
    <ClInclude Include="$(OpensslDir)crypto\bio\bio_lcl.h">
      <Filter>Header Files</Filter>
    </ClInclude>
    <ClInclude Include="$(OpensslDir)crypto\bn\bn.h">
      <Filter>Header Files</Filter>
    </ClInclude>
    <ClInclude Include="$(OpensslDir)crypto\bn\bn_lcl.h">
      <Filter>Header Files</Filter>
    </ClInclude>
    <ClInclude Include="$(OpensslDir)crypto\bn\bn_prime.h">
      <Filter>Header Files</Filter>
    </ClInclude>
    <ClInclude Include="$(OpensslDir)crypto\bn\rsaz_exp.h">
      <Filter>Header Files</Filter>
    </ClInclude>
    <ClInclude Include="$(OpensslDir)crypto\buffer\buffer.h">
      <Filter>Header Files</Filter>
    </ClInclude>
    <ClInclude Include="$(OpensslDir)crypto\cast\cast.h">
      <Filter>Header Files</Filter>
    </ClInclude>
    <ClInclude Include="$(OpensslDir)crypto\cast\cast_lcl.h">
      <Filter>Header Files</Filter>
    </ClInclude>
    <ClInclude Include="$(OpensslDir)crypto\cast\cast_s.h">
      <Filter>Header Files</Filter>
    </ClInclude>
    <ClInclude Include="$(OpensslDir)crypto\cms\cms.h">
      <Filter>Header Files</Filter>
    </ClInclude>
    <ClInclude Include="$(OpensslDir)crypto\cms\cms_lcl.h">
      <Filter>Header Files</Filter>
    </ClInclude>
    <ClInclude Include="$(OpensslDir)crypto\comp\comp.h">
      <Filter>Header Files</Filter>
    </ClInclude>
    <ClInclude Include="$(OpensslDir)crypto\conf\conf.h">
      <Filter>Header Files</Filter>
    </ClInclude>
    <ClInclude Include="$(OpensslDir)crypto\conf\conf_api.h">
      <Filter>Header Files</Filter>
    </ClInclude>
    <ClInclude Include="$(OpensslDir)crypto\conf\conf_def.h">
      <Filter>Header Files</Filter>
    </ClInclude>
    <ClInclude Include="$(OpensslDir)crypto\cryptlib.h">
      <Filter>Header Files</Filter>
    </ClInclude>
    <ClInclude Include="$(OpensslDir)crypto\des\des.h">
      <Filter>Header Files</Filter>
    </ClInclude>
    <ClInclude Include="$(OpensslDir)crypto\des\des_locl.h">
      <Filter>Header Files</Filter>
    </ClInclude>
    <ClInclude Include="$(OpensslDir)crypto\des\des_old.h">
      <Filter>Header Files</Filter>
    </ClInclude>
    <ClInclude Include="$(OpensslDir)crypto\des\des_ver.h">
      <Filter>Header Files</Filter>
    </ClInclude>
    <ClInclude Include="$(OpensslDir)crypto\des\rpc_des.h">
      <Filter>Header Files</Filter>
    </ClInclude>
    <ClInclude Include="$(OpensslDir)crypto\dh\dh.h">
      <Filter>Header Files</Filter>
    </ClInclude>
    <ClInclude Include="$(OpensslDir)crypto\dso\dso.h">
      <Filter>Header Files</Filter>
    </ClInclude>
    <ClInclude Include="$(OpensslDir)crypto\ecdh\ecdh.h">
      <Filter>Header Files</Filter>
    </ClInclude>
    <ClInclude Include="$(OpensslDir)crypto\ecdh\ech_locl.h">
      <Filter>Header Files</Filter>
    </ClInclude>
    <ClInclude Include="$(OpensslDir)crypto\ecdsa\ecdsa.h">
      <Filter>Header Files</Filter>
    </ClInclude>
    <ClInclude Include="$(OpensslDir)crypto\ecdsa\ecs_locl.h">
      <Filter>Header Files</Filter>
    </ClInclude>
    <ClInclude Include="$(OpensslDir)crypto\ec\ec.h">
      <Filter>Header Files</Filter>
    </ClInclude>
    <ClInclude Include="$(OpensslDir)crypto\ec\ec_lcl.h">
      <Filter>Header Files</Filter>
    </ClInclude>
    <ClInclude Include="$(OpensslDir)crypto\err\err.h">
      <Filter>Header Files</Filter>
    </ClInclude>
    <ClInclude Include="$(OpensslDir)crypto\evp\evp.h">
      <Filter>Header Files</Filter>
    </ClInclude>
    <ClInclude Include="$(OpensslDir)crypto\evp\evp_locl.h">
      <Filter>Header Files</Filter>
    </ClInclude>
    <ClInclude Include="$(OpensslDir)crypto\hmac\hmac.h">
      <Filter>Header Files</Filter>
    </ClInclude>
    <ClInclude Include="$(OpensslDir)crypto\lhash\lhash.h">
      <Filter>Header Files</Filter>
    </ClInclude>
    <ClInclude Include="$(OpensslDir)crypto\md4\md4.h">
      <Filter>Header Files</Filter>
    </ClInclude>
    <ClInclude Include="$(OpensslDir)crypto\md4\md4_locl.h">
      <Filter>Header Files</Filter>
    </ClInclude>
    <ClInclude Include="$(OpensslDir)crypto\md5\md5.h">
      <Filter>Header Files</Filter>
    </ClInclude>
    <ClInclude Include="$(OpensslDir)crypto\md5\md5_locl.h">
      <Filter>Header Files</Filter>
    </ClInclude>
    <ClInclude Include="$(OpensslDir)crypto\mdc2\mdc2.h">
      <Filter>Header Files</Filter>
    </ClInclude>
    <ClInclude Include="$(OpensslDir)crypto\modes\modes.h">
      <Filter>Header Files</Filter>
    </ClInclude>
    <ClInclude Include="$(OpensslDir)crypto\modes\modes_lcl.h">
      <Filter>Header Files</Filter>
    </ClInclude>
    <ClInclude Include="$(OpensslDir)crypto\objects\objects.h">
      <Filter>Header Files</Filter>
    </ClInclude>
    <ClInclude Include="$(OpensslDir)crypto\objects\obj_dat.h">
      <Filter>Header Files</Filter>
    </ClInclude>
    <ClInclude Include="$(OpensslDir)crypto\objects\obj_mac.h">
      <Filter>Header Files</Filter>
    </ClInclude>
    <ClInclude Include="$(OpensslDir)crypto\objects\obj_xref.h">
      <Filter>Header Files</Filter>
    </ClInclude>
    <ClInclude Include="$(OpensslDir)crypto\ocsp\ocsp.h">
      <Filter>Header Files</Filter>
    </ClInclude>
    <ClInclude Include="$(OpensslDir)crypto\o_dir.h">
      <Filter>Header Files</Filter>
    </ClInclude>
    <ClInclude Include="$(OpensslDir)crypto\o_time.h">
      <Filter>Header Files</Filter>
    </ClInclude>
    <ClInclude Include="$(OpensslDir)crypto\pem\pem.h">
      <Filter>Header Files</Filter>
    </ClInclude>
    <ClInclude Include="$(OpensslDir)crypto\pem\pem2.h">
      <Filter>Header Files</Filter>
    </ClInclude>
    <ClInclude Include="$(OpensslDir)crypto\pkcs12\pkcs12.h">
      <Filter>Header Files</Filter>
    </ClInclude>
    <ClInclude Include="$(OpensslDir)crypto\pkcs7\pkcs7.h">
      <Filter>Header Files</Filter>
    </ClInclude>
    <ClInclude Include="$(OpensslDir)crypto\pqueue\pqueue.h">
      <Filter>Header Files</Filter>
    </ClInclude>
    <ClInclude Include="$(OpensslDir)crypto\rc2\rc2_locl.h">
      <Filter>Header Files</Filter>
    </ClInclude>
    <ClInclude Include="$(OpensslDir)crypto\rc4\rc4.h">
      <Filter>Header Files</Filter>
    </ClInclude>
    <ClInclude Include="$(OpensslDir)crypto\rc4\rc4_locl.h">
      <Filter>Header Files</Filter>
    </ClInclude>
    <ClInclude Include="$(OpensslDir)crypto\ripemd\ripemd.h">
      <Filter>Header Files</Filter>
    </ClInclude>
    <ClInclude Include="$(OpensslDir)crypto\ripemd\rmdconst.h">
      <Filter>Header Files</Filter>
    </ClInclude>
    <ClInclude Include="$(OpensslDir)crypto\ripemd\rmd_locl.h">
      <Filter>Header Files</Filter>
    </ClInclude>
    <ClInclude Include="$(OpensslDir)crypto\rsa\rsa.h">
      <Filter>Header Files</Filter>
    </ClInclude>
    <ClInclude Include="$(OpensslDir)crypto\rsa\rsa_locl.h">
      <Filter>Header Files</Filter>
    </ClInclude>
    <ClInclude Include="$(OpensslDir)crypto\seed\seed.h">
      <Filter>Header Files</Filter>
    </ClInclude>
    <ClInclude Include="$(OpensslDir)crypto\seed\seed_locl.h">
      <Filter>Header Files</Filter>
    </ClInclude>
    <ClInclude Include="$(OpensslDir)crypto\sha\sha.h">
      <Filter>Header Files</Filter>
    </ClInclude>
    <ClInclude Include="$(OpensslDir)crypto\sha\sha_locl.h">
      <Filter>Header Files</Filter>
    </ClInclude>
    <ClInclude Include="$(OpensslDir)crypto\srp\srp.h">
      <Filter>Header Files</Filter>
    </ClInclude>
    <ClInclude Include="$(OpensslDir)crypto\srp\srp_grps.h">
      <Filter>Header Files</Filter>
    </ClInclude>
    <ClInclude Include="$(OpensslDir)crypto\srp\srp_lcl.h">
      <Filter>Header Files</Filter>
    </ClInclude>
    <ClInclude Include="$(OpensslDir)crypto\stack\stack.h">
      <Filter>Header Files</Filter>
    </ClInclude>
    <ClInclude Include="$(OpensslDir)crypto\txt_db\txt_db.h">
      <Filter>Header Files</Filter>
    </ClInclude>
    <ClInclude Include="$(OpensslDir)crypto\ui\ui.h">
      <Filter>Header Files</Filter>
    </ClInclude>
    <ClInclude Include="$(OpensslDir)crypto\ui\ui_compat.h">
      <Filter>Header Files</Filter>
    </ClInclude>
    <ClInclude Include="$(OpensslDir)crypto\ui\ui_locl.h">
      <Filter>Header Files</Filter>
    </ClInclude>
    <ClInclude Include="$(OpensslDir)crypto\whrlpool\whrlpool.h">
      <Filter>Header Files</Filter>
    </ClInclude>
    <ClInclude Include="$(OpensslDir)crypto\whrlpool\wp_locl.h">
      <Filter>Header Files</Filter>
    </ClInclude>
    <ClInclude Include="$(OpensslDir)crypto\x509v3\ext_dat.h">
      <Filter>Header Files</Filter>
    </ClInclude>
    <ClInclude Include="$(OpensslDir)crypto\x509v3\pcy_int.h">
      <Filter>Header Files</Filter>
    </ClInclude>
    <ClInclude Include="$(OpensslDir)crypto\x509v3\x509v3.h">
      <Filter>Header Files</Filter>
    </ClInclude>
    <ClInclude Include="$(OpensslDir)crypto\x509\vpm_int.h">
      <Filter>Header Files</Filter>
    </ClInclude>
    <ClInclude Include="$(OpensslDir)crypto\x509\x509.h">
      <Filter>Header Files</Filter>
    </ClInclude>
    <ClInclude Include="$(OpensslDir)crypto\x509\x509_vfy.h">
      <Filter>Header Files</Filter>
    </ClInclude>
  </ItemGroup>
  <ItemGroup>
    <None Include="$(OpensslDir)crypto\ec\Makefile" />
    <None Include="$(OpensslDir)crypto\evp\Makefile" />
    <None Include="packages.config" />
  </ItemGroup>
  <ItemGroup>
    <Text Include="$(OpensslDir)crypto\evp\evptests.txt" />
  </ItemGroup>
</Project>