<?xml version="1.0" encoding="utf-8"?>
<Project ToolsVersion="4.0" xmlns="http://schemas.microsoft.com/developer/msbuild/2003">
  <ItemGroup>
    <Filter Include="Generated Files">
      <UniqueIdentifier>{d6bcc5f3-1d8c-4075-a6d6-4eb70719ec47}</UniqueIdentifier>
    </Filter>
    <Filter Include="Source Files">
      <UniqueIdentifier>{83b531df-6cdf-437c-9097-60c4d7a5753d}</UniqueIdentifier>
      <Extensions>cpp;c;edl;def;</Extensions>
    </Filter>
    <Filter Include="Header Files">
      <UniqueIdentifier>{b3972ae7-4530-4053-95bf-8613b2cee28b}</UniqueIdentifier>
      <Extensions>h;hpp;</Extensions>
    </Filter>
    <Filter Include="Resource Files">
      <UniqueIdentifier>{568e4245-8d0c-41f9-b1d2-32951c9a1a96}</UniqueIdentifier>
      <Extensions>rc;xml;pem;</Extensions>
    </Filter>
  </ItemGroup>
  <ItemGroup>
    <ClInclude Include="Manifest.h">
      <Filter>Header Files</Filter>
    </ClInclude>
    <ClInclude Include="RequestedComponentInfo.h">
      <Filter>Header Files</Filter>
    </ClInclude>
    <ClInclude Include="TeepTamEcallHandler.h">
      <Filter>Header Files</Filter>
    </ClInclude>
    <ClInclude Include="TeepTamLib.h">
      <Filter>Header Files</Filter>
    </ClInclude>
    <ClInclude Include="win32\dirent.h">
      <Filter>Header Files</Filter>
    </ClInclude>
  </ItemGroup>
  <ItemGroup>
    <ClCompile Include="LegacyTeepJson.cpp">
      <Filter>Source Files</Filter>
    </ClCompile>
    <ClCompile Include="Manifest.cpp">
      <Filter>Source Files</Filter>
    </ClCompile>
    <ClCompile Include="RequestedComponentInfo.cpp">
      <Filter>Source Files</Filter>
    </ClCompile>
    <ClCompile Include="TeepTamMessageHandler.cpp">
      <Filter>Source Files</Filter>
    </ClCompile>
    <ClCompile Include="TeepTam.cpp">
      <Filter>Source Files</Filter>
    </ClCompile>
    <ClCompile Include="win32\dirent.c">
      <Filter>Source Files</Filter>
    </ClCompile>
  </ItemGroup>
  <ItemGroup>
    <None Include="packages.config" />
  </ItemGroup>
</Project>