<?xml version="1.0" encoding="utf-8"?>
<Project ToolsVersion="4.0" xmlns="http://schemas.microsoft.com/developer/msbuild/2003">
  <ItemGroup>
    <Filter Include="Generated Files">
      <UniqueIdentifier>{54369847-ce41-4197-8db8-6e7da31c6618}</UniqueIdentifier>
    </Filter>
    <Filter Include="Source Files">
      <UniqueIdentifier>{7a291021-163f-4507-b3a3-446ed4504bc0}</UniqueIdentifier>
      <Extensions>cpp;c;edl;def;</Extensions>
    </Filter>
    <Filter Include="Header Files">
      <UniqueIdentifier>{1d9c71be-f01f-4c4d-acef-b6af6da09269}</UniqueIdentifier>
      <Extensions>h;hpp;</Extensions>
    </Filter>
    <Filter Include="Resource Files">
      <UniqueIdentifier>{f8bc9f91-2329-49eb-ba29-3a10e150c685}</UniqueIdentifier>
      <Extensions>rc;xml;pem;</Extensions>
    </Filter>
  </ItemGroup>
  <ItemGroup>
    <ClCompile Include="..\external\jansson\src\dump.c">
      <Filter>Source Files</Filter>
    </ClCompile>
    <ClCompile Include="..\external\jansson\src\error.c">
      <Filter>Source Files</Filter>
    </ClCompile>
    <ClCompile Include="..\external\jansson\src\hashtable.c">
      <Filter>Source Files</Filter>
    </ClCompile>
    <ClCompile Include="..\external\jansson\src\hashtable_seed.c">
      <Filter>Source Files</Filter>
    </ClCompile>
    <ClCompile Include="..\external\jansson\src\load.c">
      <Filter>Source Files</Filter>
    </ClCompile>
    <ClCompile Include="..\external\jansson\src\memory.c">
      <Filter>Source Files</Filter>
    </ClCompile>
    <ClCompile Include="..\external\jansson\src\pack_unpack.c">
      <Filter>Source Files</Filter>
    </ClCompile>
    <ClCompile Include="..\external\jansson\src\strbuffer.c">
      <Filter>Source Files</Filter>
    </ClCompile>
    <ClCompile Include="..\external\jansson\src\strconv.c">
      <Filter>Source Files</Filter>
    </ClCompile>
    <ClCompile Include="..\external\jansson\src\utf.c">
      <Filter>Source Files</Filter>
    </ClCompile>
    <ClCompile Include="..\external\jansson\src\value.c">
      <Filter>Source Files</Filter>
    </ClCompile>
    <ClCompile Include="JsonAuto.cpp">
      <Filter>Source Files</Filter>
    </ClCompile>
  </ItemGroup>
  <ItemGroup>
    <ClInclude Include="..\external\jansson\src\hashtable.h">
      <Filter>Header Files</Filter>
    </ClInclude>
    <ClInclude Include="..\external\jansson\src\jansson_private.h">
      <Filter>Header Files</Filter>
    </ClInclude>
    <ClInclude Include="..\external\jansson\src\lookup3.h">
      <Filter>Header Files</Filter>
    </ClInclude>
    <ClInclude Include="..\external\jansson\src\strbuffer.h">
      <Filter>Header Files</Filter>
    </ClInclude>
    <ClInclude Include="..\external\jansson\src\utf.h">
      <Filter>Header Files</Filter>
    </ClInclude>
    <ClInclude Include="JsonAuto.h">
      <Filter>Header Files</Filter>
    </ClInclude>
    <ClInclude Include="jansson_config.h">
      <Filter>Header Files</Filter>
    </ClInclude>
    <ClInclude Include="..\external\jansson\include\jansson.h">
      <Filter>Header Files</Filter>
    </ClInclude>
  </ItemGroup>
  <ItemGroup>
    <None Include="packages.config" />
  </ItemGroup>
</Project>