<?xml version="1.0" encoding="utf-8"?>
<Project ToolsVersion="4.0" xmlns="http://schemas.microsoft.com/developer/msbuild/2003">
  <ItemGroup>
    <Filter Include="Generated Files">
      <UniqueIdentifier>{42189407-091d-48ed-ad10-3c0ce104ce65}</UniqueIdentifier>
    </Filter>
    <Filter Include="Source Files">
      <UniqueIdentifier>{e2da2d5e-372f-4988-aa67-6d19777c98c6}</UniqueIdentifier>
      <Extensions>cpp;c;edl;def;</Extensions>
    </Filter>
    <Filter Include="Header Files">
      <UniqueIdentifier>{be8c0049-e996-4693-9f31-700899aa921d}</UniqueIdentifier>
      <Extensions>h;hpp;</Extensions>
    </Filter>
    <Filter Include="Resource Files">
      <UniqueIdentifier>{745369ba-12d6-4614-88ef-ed614905c612}</UniqueIdentifier>
      <Extensions>rc;xml;pem;</Extensions>
    </Filter>
  </ItemGroup>
  <ItemGroup>
    <ClCompile Include="..\external\jose\lib\b64.c">
      <Filter>Source Files</Filter>
    </ClCompile>
    <ClCompile Include="..\external\jose\lib\cfg.c">
      <Filter>Source Files</Filter>
    </ClCompile>
    <ClCompile Include="..\external\jose\lib\hooks.c">
      <Filter>Source Files</Filter>
    </ClCompile>
    <ClCompile Include="..\external\jose\lib\hsh.c">
      <Filter>Source Files</Filter>
    </ClCompile>
    <ClCompile Include="..\external\jose\lib\io.c">
      <Filter>Source Files</Filter>
    </ClCompile>
    <ClCompile Include="..\external\jose\lib\jwe.c">
      <Filter>Source Files</Filter>
    </ClCompile>
    <ClCompile Include="..\external\jose\lib\jwk.c">
      <Filter>Source Files</Filter>
    </ClCompile>
    <ClCompile Include="..\external\jose\lib\jws.c">
      <Filter>Source Files</Filter>
    </ClCompile>
    <ClCompile Include="..\external\jose\lib\misc.c">
      <Filter>Source Files</Filter>
    </ClCompile>
  </ItemGroup>
  <ItemGroup>
    <ClInclude Include="..\external\jose\lib\hooks.h">
      <Filter>Header Files</Filter>
    </ClInclude>
    <ClInclude Include="..\external\jose\lib\hsh.h">
      <Filter>Header Files</Filter>
    </ClInclude>
    <ClInclude Include="..\external\jose\lib\misc.h">
      <Filter>Header Files</Filter>
    </ClInclude>
  </ItemGroup>
</Project>