<?xml version="1.0" encoding="utf-8"?>
<Project ToolsVersion="4.0" xmlns="http://schemas.microsoft.com/developer/msbuild/2003">
  <ItemGroup>
    <Filter Include="Generated Files">
      <UniqueIdentifier>{7550ed59-9437-4121-b078-09a06629eb1b}</UniqueIdentifier>
    </Filter>
    <Filter Include="Source Files">
      <UniqueIdentifier>{922ef366-3892-4bfd-b998-7842e2723a03}</UniqueIdentifier>
      <Extensions>cpp;c;edl;def;</Extensions>
    </Filter>
    <Filter Include="Header Files">
      <UniqueIdentifier>{edd01a9f-2437-4c0a-b77d-ee5b127e62d6}</UniqueIdentifier>
      <Extensions>h;hpp;</Extensions>
    </Filter>
    <Filter Include="Resource Files">
      <UniqueIdentifier>{b597fa06-8064-4703-8bbe-1d72af87d992}</UniqueIdentifier>
      <Extensions>rc;xml;pem;</Extensions>
    </Filter>
  </ItemGroup>
  <ItemGroup>
    <ClCompile Include="..\external\jose\lib\openssl\ec.c">
      <Filter>Source Files</Filter>
    </ClCompile>
    <ClCompile Include="..\external\jose\lib\openssl\misc.c">
      <Filter>Source Files</Filter>
    </ClCompile>
    <ClCompile Include="..\external\jose\lib\openssl\oct.c">
      <Filter>Source Files</Filter>
    </ClCompile>
    <ClCompile Include="..\external\jose\lib\openssl\rsa.c">
      <Filter>Source Files</Filter>
    </ClCompile>
    <ClCompile Include="..\external\jose\lib\openssl\compat.c">
      <Filter>Source Files</Filter>
    </ClCompile>
    <ClCompile Include="..\external\jose\lib\openssl\jwk.c">
      <Filter>Source Files</Filter>
    </ClCompile>
    <ClCompile Include="..\external\jose\lib\openssl\aesgcmkw.c">
      <Filter>Source Files</Filter>
    </ClCompile>
    <ClCompile Include="..\external\jose\lib\openssl\ecdh.c">
      <Filter>Source Files</Filter>
    </ClCompile>
    <ClCompile Include="..\external\jose\lib\openssl\ecdhes.c">
      <Filter>Source Files</Filter>
    </ClCompile>
    <ClCompile Include="..\external\jose\lib\openssl\ecdsa.c">
      <Filter>Source Files</Filter>
    </ClCompile>
    <ClCompile Include="..\external\jose\lib\openssl\ecmr.c">
      <Filter>Source Files</Filter>
    </ClCompile>
    <ClCompile Include="..\external\jose\lib\openssl\hmac.c">
      <Filter>Source Files</Filter>
    </ClCompile>
    <ClCompile Include="..\external\jose\lib\openssl\pbes2.c">
      <Filter>Source Files</Filter>
    </ClCompile>
    <ClCompile Include="..\external\jose\lib\openssl\rsaes.c">
      <Filter>Source Files</Filter>
    </ClCompile>
    <ClCompile Include="..\external\jose\lib\openssl\rsassa.c">
      <Filter>Source Files</Filter>
    </ClCompile>
    <ClCompile Include="..\external\jose\lib\openssl\aescbch.c">
      <Filter>Source Files</Filter>
    </ClCompile>
    <ClCompile Include="..\external\jose\lib\openssl\hash.c">
      <Filter>Source Files</Filter>
    </ClCompile>
    <ClCompile Include="..\external\jose\lib\openssl\aeskw.c">
      <Filter>Source Files</Filter>
    </ClCompile>
  </ItemGroup>
</Project>